// !$*UTF8*$!
{
	archiveVersion = 1;
	classes = {
	};
	objectVersion = 55;
	objects = {

/* Begin PBXBuildFile section */
		00E8EB050F62171772539BD0 /* Exceptions.swift in Resources */ = {isa = PBXBuildFile; fileRef = A809D094838ED71B8EF5B465 /* Exceptions.swift */; };
		013091D280279D54B73DFB17 /* PhotoData.swift in Sources */ = {isa = PBXBuildFile; fileRef = 1A9A02E68CC52B05094E82DF /* PhotoData.swift */; };
		0350E53932E42E694989AB60 /* Shared.swift in Resources */ = {isa = PBXBuildFile; fileRef = 632266C13B1A17FC36023A1F /* Shared.swift */; };
		038AFF79D73DCF17FB828278 /* SocketIO.framework in Frameworks */ = {isa = PBXBuildFile; fileRef = 7C84A6BF19B8DC74F46E9CFF /* SocketIO.framework */; platformFilter = ios; };
		03D6EBE7671527B3CECFB8C4 /* PopupView.swift in Sources */ = {isa = PBXBuildFile; fileRef = 18AF06D8BF8698ED73B820B7 /* PopupView.swift */; };
		08D44B3FC36F92F952E2A996 /* String+.swift in Sources */ = {isa = PBXBuildFile; fileRef = FD25BEEA956D0720F8E72CAE /* String+.swift */; };
		0B1EE9BA735D1B2D9984D5E0 /* TuistBundle+Shared.swift in Sources */ = {isa = PBXBuildFile; fileRef = F20E4931F5B812FD456DE28F /* TuistBundle+Shared.swift */; };
		0B95DF67EF7694BC02C7834B /* NewVideoRegister.xcassets in Resources */ = {isa = PBXBuildFile; fileRef = 94F5A0873CDCB6213CD51E38 /* NewVideoRegister.xcassets */; };
		0BF975470059B61703EFEFF7 /* AttachmentInput.h in Resources */ = {isa = PBXBuildFile; fileRef = 812269338206BC1B9046EA10 /* AttachmentInput.h */; };
		0D882C9BA741B1C83117E009 /* ResizeControl.swift in Resources */ = {isa = PBXBuildFile; fileRef = 33680896C60C37B0CD54B033 /* ResizeControl.swift */; };
		0F6349AED00A6691C9305132 /* UserDefault.swift in Resources */ = {isa = PBXBuildFile; fileRef = 85582FC66E62EEB4E4F29CCC /* UserDefault.swift */; };
		174030ED4A597492BAF36ADA /* NewVideoRecordViewController.swift in Resources */ = {isa = PBXBuildFile; fileRef = 1D2793867C345099D0CD2FB9 /* NewVideoRecordViewController.swift */; };
		1AB46D55AEAC944E4F8A5CE4 /* AttachmentInputUtil.swift in Resources */ = {isa = PBXBuildFile; fileRef = 679CD5B795638FE50F914F56 /* AttachmentInputUtil.swift */; };
		1C50E886ED5DC4B13DBBC2C9 /* NewABStartIndicator.swift in Sources */ = {isa = PBXBuildFile; fileRef = 9994284B121C9093FE1A1E7C /* NewABStartIndicator.swift */; };
		1E2D80604147EFDE9DD53EB5 /* ImagePickerAuthorization.swift in Sources */ = {isa = PBXBuildFile; fileRef = 6880E4CCCEE5513C70D68753 /* ImagePickerAuthorization.swift */; };
		228931D260D16FAC4237F049 /* Alamofire.framework in Frameworks */ = {isa = PBXBuildFile; fileRef = 1D6C1E19155EA3A2433B4EB8 /* Alamofire.framework */; platformFilter = ios; };
		229F6CD947880BC296090E41 /* Date+.swift in Sources */ = {isa = PBXBuildFile; fileRef = A0DFE756D6B893CBFB9693F9 /* Date+.swift */; };
		23C13A7F37B1252E91F2CB97 /* RemoveVideoPopupView.swift in Sources */ = {isa = PBXBuildFile; fileRef = A22E95AD78CB6569793EBEF6 /* RemoveVideoPopupView.swift */; };
		246C33569D7668065BB501F8 /* ImageAssets.xcassets in Resources */ = {isa = PBXBuildFile; fileRef = 1B89B3397BF677B95FA8DF68 /* ImageAssets.xcassets */; };
		246E4EB4E0478E1F482BA166 /* UI+.swift in Resources */ = {isa = PBXBuildFile; fileRef = EAED1DC348554D913BAF78BB /* UI+.swift */; };
		27522768CA7878D71A6E1B8D /* UIImage+Crop.swift in Resources */ = {isa = PBXBuildFile; fileRef = 9E8B1E9FBC7A5016205AD829 /* UIImage+Crop.swift */; };
		28ABD8809DD06DF65E85EB6E /* UIImage+Crop.swift in Sources */ = {isa = PBXBuildFile; fileRef = 9E8B1E9FBC7A5016205AD829 /* UIImage+Crop.swift */; };
		2A2F28FD1AB4E41AB797210D /* Color+.swift in Sources */ = {isa = PBXBuildFile; fileRef = 9D09D8D27B1E99202C72171D /* Color+.swift */; };
		2B2F602BE88D3F4022B9877C /* PhotoAlbumView.xib in Resources */ = {isa = PBXBuildFile; fileRef = 1FDAF71FBFB40DC4F2C32EDF /* PhotoAlbumView.xib */; };
		2D5DB954372A1B2EF9DE275E /* PLAlbum.swift in Resources */ = {isa = PBXBuildFile; fileRef = 501B224B76D067FB267C51E7 /* PLAlbum.swift */; };
		2DA4F9F5C658A3153F90E6F6 /* AttachmentInputViewLogic.swift in Sources */ = {isa = PBXBuildFile; fileRef = 42C25A9D91876340385CB65E /* AttachmentInputViewLogic.swift */; };
		2E4A5813A3FDB83F983C24BB /* JSON+.swift in Resources */ = {isa = PBXBuildFile; fileRef = 72AFC2A79C4E35CD6CDCA6C7 /* JSON+.swift */; };
		2F3D95368FF2D43B541956D8 /* Logger.swift in Resources */ = {isa = PBXBuildFile; fileRef = 248A1F7184C986F18BE3022C /* Logger.swift */; };
		3166C4031C48045E4C4A540F /* PhotoCropEditorBorder@2x.png in Resources */ = {isa = PBXBuildFile; fileRef = 744932987D702D60AA5ED621 /* PhotoCropEditorBorder@2x.png */; };
		31BC2911132F6F6AA68AFC51 /* AttachmentInputPhotoStatus.swift in Resources */ = {isa = PBXBuildFile; fileRef = B6EC5D5DF213A623B69FD162 /* AttachmentInputPhotoStatus.swift */; };
		3201DAE883C7E03A4D855E93 /* NextLevel.framework in Frameworks */ = {isa = PBXBuildFile; fileRef = E73B4E2B0BE194A3989B37B9 /* NextLevel.framework */; platformFilter = ios; };
		336442CB6D828FC3069C2A36 /* ImageCell.swift in Resources */ = {isa = PBXBuildFile; fileRef = DE82FD89AFFCD9E8EE2FD1D3 /* ImageCell.swift */; };
		3449EBEEC15A68C977937CC0 /* String+.swift in Resources */ = {isa = PBXBuildFile; fileRef = FD25BEEA956D0720F8E72CAE /* String+.swift */; };
		3462B3C735CB2D993E7811DE /* AuthorizationManager.swift in Sources */ = {isa = PBXBuildFile; fileRef = 518811AFB98D2F464A52C674 /* AuthorizationManager.swift */; };
		34B8B0EE899E04865328D364 /* ImagePickerCell.xib in Resources */ = {isa = PBXBuildFile; fileRef = D45B723E4CB16F0D527D3F74 /* ImagePickerCell.xib */; };
		37522D68DE37C1CF4081B47F /* PopupInfoModel.swift in Sources */ = {isa = PBXBuildFile; fileRef = DECF4F0396728A646DFA3DAE /* PopupInfoModel.swift */; };
		3974F7741D03A79B05081704 /* NewSwipeViewController.swift in Resources */ = {isa = PBXBuildFile; fileRef = 5A495FA1C2A686040D0FF83B /* NewSwipeViewController.swift */; };
		39F4C5F3781418EE293A329A /* CropViewController.h in Resources */ = {isa = PBXBuildFile; fileRef = 070DEE3377D6D5E1D4DFCB85 /* CropViewController.h */; };
		44E6FE36996B32FE9B9E9069 /* GalleryPopupView.swift in Resources */ = {isa = PBXBuildFile; fileRef = E7DB78568A7189FD59622E36 /* GalleryPopupView.swift */; };
		451B47463EC5CFEEC18B1B5A /* ImagePickerCell.swift in Resources */ = {isa = PBXBuildFile; fileRef = ECB3E3C5DE02B26ACBE41D34 /* ImagePickerCell.swift */; };
		4548A6F1651CE8E0F2DDF282 /* PLAlbumCell.xib in Resources */ = {isa = PBXBuildFile; fileRef = BD7176388390CD1F0BE13CB3 /* PLAlbumCell.xib */; };
		46E0728434A337A9736B0847 /* ResizeControl.swift in Sources */ = {isa = PBXBuildFile; fileRef = 33680896C60C37B0CD54B033 /* ResizeControl.swift */; };
		46F37E1AEAEE5B767623E01B /* PopupInfoModel.swift in Resources */ = {isa = PBXBuildFile; fileRef = DECF4F0396728A646DFA3DAE /* PopupInfoModel.swift */; };
		474D60C957F07EA718D0B242 /* DeviceManager.swift in Sources */ = {isa = PBXBuildFile; fileRef = EDF39C1C3A98771472789573 /* DeviceManager.swift */; };
		4805385942B76DAB4820D840 /* Alert.swift in Resources */ = {isa = PBXBuildFile; fileRef = 5B09EBD0D5460A6D3E4E6EA3 /* Alert.swift */; };
		4988E14259DFEDE49DABCAF7 /* UI+.swift in Sources */ = {isa = PBXBuildFile; fileRef = EAED1DC348554D913BAF78BB /* UI+.swift */; };
		4C4D86FB0A71ED10959ECFE8 /* ShadowView.swift in Resources */ = {isa = PBXBuildFile; fileRef = 29F497AA9E08CD68FF8EAA79 /* ShadowView.swift */; };
		4EF7B321C88B99758A43C428 /* SwiftyJSON.framework in Frameworks */ = {isa = PBXBuildFile; fileRef = DB168EC01214353236604721 /* SwiftyJSON.framework */; platformFilter = ios; };
		4F3B0577BE68E8175019DA36 /* Extensions.swift in Resources */ = {isa = PBXBuildFile; fileRef = 0D7821E24CA075E5C7EA76D1 /* Extensions.swift */; };
		50E1BCFE0C4B4F207C4EA699 /* NewSwipeViewController.swift in Sources */ = {isa = PBXBuildFile; fileRef = 5A495FA1C2A686040D0FF83B /* NewSwipeViewController.swift */; };
		50EE075D63F4B458CA399E3E /* PhotoViewModel.swift in Sources */ = {isa = PBXBuildFile; fileRef = B67782E7B14173C00A4468B9 /* PhotoViewModel.swift */; };
		531B9A7B13E1ECC52BDB8FA2 /* RemoveVideoPopupView.xib in Resources */ = {isa = PBXBuildFile; fileRef = B9BFAC243986F58ADAC6F7D7 /* RemoveVideoPopupView.xib */; };
		53292EC15E4E1CDD85B581FF /* PhotoCropEditorBorder.png in Resources */ = {isa = PBXBuildFile; fileRef = 5C68B586DB1F96CF78A52112 /* PhotoCropEditorBorder.png */; };
		53EB805A3069063115406533 /* NewABVideoHelper.swift in Resources */ = {isa = PBXBuildFile; fileRef = 2E363BB38103965233A21BD4 /* NewABVideoHelper.swift */; };
		55E6C02DBCC91B1CDEA43F66 /* RxSwift.framework in Frameworks */ = {isa = PBXBuildFile; fileRef = A5C01088FF08297F798F7D16 /* RxSwift.framework */; platformFilter = ios; };
		5783F9F9D87DC9AC5D0FCFB9 /* ResourceManager.swift in Resources */ = {isa = PBXBuildFile; fileRef = 514DB1004298263696A9AC77 /* ResourceManager.swift */; };
		597089C6E1DA16A7130696C2 /* PopupView.swift in Resources */ = {isa = PBXBuildFile; fileRef = 18AF06D8BF8698ED73B820B7 /* PopupView.swift */; };
		59D1B858773F00621FFED0B5 /* AttachmentInputError.swift in Resources */ = {isa = PBXBuildFile; fileRef = 6EA15F51BE952C454C2C88B6 /* AttachmentInputError.swift */; };
		5B3F8186F816AC35F773851A /* Shared.swift in Sources */ = {isa = PBXBuildFile; fileRef = 632266C13B1A17FC36023A1F /* Shared.swift */; };
		5B6A088C174CE286FBB5D155 /* Then.framework in Frameworks */ = {isa = PBXBuildFile; fileRef = FBCD53E2BB563C812B8ACDAF /* Then.framework */; platformFilter = ios; };
		5D96E5E96137FE838917FF0B /* Lottie.framework in Frameworks */ = {isa = PBXBuildFile; fileRef = 43F834D1104A582E5DFFC416 /* Lottie.framework */; platformFilter = ios; };
		5E0CF54578EE4C409ADE8521 /* ImagePickerCell.swift in Sources */ = {isa = PBXBuildFile; fileRef = ECB3E3C5DE02B26ACBE41D34 /* ImagePickerCell.swift */; };
		5F6E278634485802145E6DBA /* Moya.framework in Frameworks */ = {isa = PBXBuildFile; fileRef = EE2F03213EB531F252879845 /* Moya.framework */; platformFilter = ios; };
		618AA0A44F74D473DBA1D2FF /* ShadowView.swift in Sources */ = {isa = PBXBuildFile; fileRef = 29F497AA9E08CD68FF8EAA79 /* ShadowView.swift */; };
		61ED4F43CB1BD62CD9289068 /* Logger.swift in Sources */ = {isa = PBXBuildFile; fileRef = 248A1F7184C986F18BE3022C /* Logger.swift */; };
		62465041C8EAAAE275855B6F /* UploadingView.swift in Resources */ = {isa = PBXBuildFile; fileRef = DD79C0A1DD9B664548338C07 /* UploadingView.swift */; };
		654333365C7B9885A75ED6CC /* AttachmentInputConfiguration.swift in Sources */ = {isa = PBXBuildFile; fileRef = 814E63DF98E3B7FAE7F3B239 /* AttachmentInputConfiguration.swift */; };
		66E2B456D634DBC1024F52DA /* NewABBorder.swift in Sources */ = {isa = PBXBuildFile; fileRef = 76699718625020C73F7C166A /* NewABBorder.swift */; };
		67B5B32595D48B4E4134909C /* AttachmentInputPhoto.swift in Sources */ = {isa = PBXBuildFile; fileRef = 33C7F03B0F573606D17AD3A9 /* AttachmentInputPhoto.swift */; };
		68050351AB1BB7A880D36EAB /* CropViewController.swift in Resources */ = {isa = PBXBuildFile; fileRef = 8E77BD711753DFE538ED322E /* CropViewController.swift */; };
		682374AA6CCF2C8648430DB8 /* CropRectView.swift in Sources */ = {isa = PBXBuildFile; fileRef = 06BAD629B8B42FED95B7BE34 /* CropRectView.swift */; };
		688B33CF116BB4C61D257F79 /* MainButton.swift in Resources */ = {isa = PBXBuildFile; fileRef = F68D993A1D98B8641483C5D3 /* MainButton.swift */; };
		68A0AA214229D49F462836A0 /* Color+.swift in Resources */ = {isa = PBXBuildFile; fileRef = 9D09D8D27B1E99202C72171D /* Color+.swift */; };
		6B3F1D90B51987D65C5E8167 /* Toast.swift in Resources */ = {isa = PBXBuildFile; fileRef = F91F9E063DC8FC5FF7043CC0 /* Toast.swift */; };
		6E2EEA5317CB5D74B0779CB0 /* NewABTimeView.swift in Sources */ = {isa = PBXBuildFile; fileRef = 84A277AE2DE44D4578810AD9 /* NewABTimeView.swift */; };
		6F148EE6ADE039430DEF4020 /* CropViewController.swift in Sources */ = {isa = PBXBuildFile; fileRef = 8E77BD711753DFE538ED322E /* CropViewController.swift */; };
		708EBAB299C0B8E1517EE9D0 /* ObservableTypeExtension.swift in Resources */ = {isa = PBXBuildFile; fileRef = D7AEDCF886EAEF8EAFAE7CA4 /* ObservableTypeExtension.swift */; };
		71B4FF0BEBDD4193B4020EEC /* NewSwipeContentViewController.swift in Resources */ = {isa = PBXBuildFile; fileRef = CB6D1A71834EEDD226435195 /* NewSwipeContentViewController.swift */; };
		750B8FF508BC4CBE70184C26 /* PLAlbum.swift in Sources */ = {isa = PBXBuildFile; fileRef = 501B224B76D067FB267C51E7 /* PLAlbum.swift */; };
		75E28CB6CC57FFE64B5166E5 /* ImagePickerAuthorization.swift in Resources */ = {isa = PBXBuildFile; fileRef = 6880E4CCCEE5513C70D68753 /* ImagePickerAuthorization.swift */; };
		76AD0072431567AE9C3ED8E2 /* RxDataSources.framework in Frameworks */ = {isa = PBXBuildFile; fileRef = BD9541ECB8BC48AFC5CB0EAA /* RxDataSources.framework */; platformFilter = ios; };
		796BCBA0AE8C6ECF77248766 /* Font+.swift in Sources */ = {isa = PBXBuildFile; fileRef = 72D3C7EC4134C1BCFD114736 /* Font+.swift */; };
		79FB23B1E4730D773DBA31B7 /* AttachmentInput.swift in Resources */ = {isa = PBXBuildFile; fileRef = 81E3EA70F47A89337741BC39 /* AttachmentInput.swift */; };
		7B4BA93740356FD4FBB9992D /* ImageCell.swift in Sources */ = {isa = PBXBuildFile; fileRef = DE82FD89AFFCD9E8EE2FD1D3 /* ImageCell.swift */; };
		809DFE7F3FACC8142C8F7712 /* Array+.swift in Resources */ = {isa = PBXBuildFile; fileRef = F1026F74626EEAC3686FF227 /* Array+.swift */; };
		80F022FAFB18717FFD2EEE4C /* CropView.swift in Resources */ = {isa = PBXBuildFile; fileRef = 9E093E2FFC634954AF4F0AEC /* CropView.swift */; };
		810420268D8BA1AA10C31B7F /* NewImageCropViewController.swift in Resources */ = {isa = PBXBuildFile; fileRef = 65BCD673958BAB6ADBF53E62 /* NewImageCropViewController.swift */; };
		829A9CA002433410776DCE7A /* NewImageCropViewController.swift in Sources */ = {isa = PBXBuildFile; fileRef = 65BCD673958BAB6ADBF53E62 /* NewImageCropViewController.swift */; };
		83DF50FDC41EDCCA5A47FCBF /* PLAlbumCell.swift in Resources */ = {isa = PBXBuildFile; fileRef = 6990F58DCDEF82AEE3F7BAC7 /* PLAlbumCell.swift */; };
		85233595A5582638A8195F40 /* RemoveVideoPopupView.swift in Resources */ = {isa = PBXBuildFile; fileRef = A22E95AD78CB6569793EBEF6 /* RemoveVideoPopupView.swift */; };
		854BCF8796B89CEE6F7D33B9 /* NewABThumbnailsManager.swift in Resources */ = {isa = PBXBuildFile; fileRef = CAA3F04B5E2C94DB99CA9A58 /* NewABThumbnailsManager.swift */; };
		86842827EC387A5B73C89C42 /* CustomView.swift in Sources */ = {isa = PBXBuildFile; fileRef = 3665603AFFC9C4B15EAF7A1E /* CustomView.swift */; };
		8C4D0C6FF87FECBBDB5F6D65 /* CropRectView.swift in Resources */ = {isa = PBXBuildFile; fileRef = 06BAD629B8B42FED95B7BE34 /* CropRectView.swift */; };
		8CD5CDED0E13867118F10083 /* TuistAssets+Shared.swift in Sources */ = {isa = PBXBuildFile; fileRef = 3EF38E7CFC5349E6817462B2 /* TuistAssets+Shared.swift */; };
		8E11179B8072423FB985B3B5 /* MainButton.swift in Sources */ = {isa = PBXBuildFile; fileRef = F68D993A1D98B8641483C5D3 /* MainButton.swift */; };
		8ED5267A67A3138F90DFB484 /* CropView.swift in Sources */ = {isa = PBXBuildFile; fileRef = 9E093E2FFC634954AF4F0AEC /* CropView.swift */; };
		933AABAC0494D69BF35E1194 /* Alert.swift in Sources */ = {isa = PBXBuildFile; fileRef = 5B09EBD0D5460A6D3E4E6EA3 /* Alert.swift */; };
		933B569D0AE7E44E544F4A83 /* NewVideoRecordViewController.swift in Sources */ = {isa = PBXBuildFile; fileRef = 1D2793867C345099D0CD2FB9 /* NewVideoRecordViewController.swift */; };
		9592644DDABBAA7DCC5A02ED /* PLAlbumCell.swift in Sources */ = {isa = PBXBuildFile; fileRef = 6990F58DCDEF82AEE3F7BAC7 /* PLAlbumCell.swift */; };
		96BE3B5424865EE3168B193C /* PLAlbumManager.swift in Sources */ = {isa = PBXBuildFile; fileRef = 3531BED8503CD1CF23C224BF /* PLAlbumManager.swift */; };
		973CE2E433523329B3EAC6DD /* AttachmentInput.swift in Sources */ = {isa = PBXBuildFile; fileRef = 81E3EA70F47A89337741BC39 /* AttachmentInput.swift */; };
		9828227A623774CFAC450F06 /* AttachmentInputView.swift in Resources */ = {isa = PBXBuildFile; fileRef = 5A0034F467F3EE2F7A264683 /* AttachmentInputView.swift */; };
		9999FA769BAE3A0E9C963F31 /* RxGesture.framework in Frameworks */ = {isa = PBXBuildFile; fileRef = 4A1C9DC33CA132CE6CA8936E /* RxGesture.framework */; platformFilter = ios; };
		9AC49494EAB6352A24EA3BBE /* AttachmentInputViewLogic.swift in Resources */ = {isa = PBXBuildFile; fileRef = 42C25A9D91876340385CB65E /* AttachmentInputViewLogic.swift */; };
		9B1AC4443CE23F36B18A6D10 /* AuthorizationManager.swift in Resources */ = {isa = PBXBuildFile; fileRef = 518811AFB98D2F464A52C674 /* AuthorizationManager.swift */; };
		9BDBE6450B8CADCAF1F5F4C2 /* Date+.swift in Resources */ = {isa = PBXBuildFile; fileRef = A0DFE756D6B893CBFB9693F9 /* Date+.swift */; };
		9E1839B17CF2C21F81CD940B /* ResourceManager.swift in Sources */ = {isa = PBXBuildFile; fileRef = 514DB1004298263696A9AC77 /* ResourceManager.swift */; };
		9E83D755732946CD427777AB /* AttachmentInputDelegate.swift in Resources */ = {isa = PBXBuildFile; fileRef = 68A105665B40072139A64132 /* AttachmentInputDelegate.swift */; };
		9FA83AEE185C167ED64404DD /* PhotoAlbumCell.xib in Resources */ = {isa = PBXBuildFile; fileRef = 5F810F921E4F8D4271FC32A2 /* PhotoAlbumCell.xib */; };
		A61532D7611B7F9334C19048 /* NewABVideoRangeSlider.swift in Sources */ = {isa = PBXBuildFile; fileRef = 76D9DCF0A62799AE6B7A12D3 /* NewABVideoRangeSlider.swift */; };
		A84F2BD41BF1B62885D5444F /* NewImageCrop.storyboard in Resources */ = {isa = PBXBuildFile; fileRef = DA270EC5006C5597713B29F3 /* NewImageCrop.storyboard */; };
		A984DB949C46A24B96136298 /* Font+.swift in Resources */ = {isa = PBXBuildFile; fileRef = 72D3C7EC4134C1BCFD114736 /* Font+.swift */; };
		AB4B2CF1754056DF3EB58718 /* UploadingView.swift in Sources */ = {isa = PBXBuildFile; fileRef = DD79C0A1DD9B664548338C07 /* UploadingView.swift */; };
		AE45A92F7AB1F32CEFD53B72 /* CustomView.swift in Resources */ = {isa = PBXBuildFile; fileRef = 3665603AFFC9C4B15EAF7A1E /* CustomView.swift */; };
		B26F03FD75989DA2546DCBCB /* ObservableTypeExtension.swift in Sources */ = {isa = PBXBuildFile; fileRef = D7AEDCF886EAEF8EAFAE7CA4 /* ObservableTypeExtension.swift */; };
		B4B9DFFD2DDCD94E7F8794B7 /* UserDefault.swift in Sources */ = {isa = PBXBuildFile; fileRef = 85582FC66E62EEB4E4F29CCC /* UserDefault.swift */; };
		B5C8B4BECCCA6270B3F78844 /* GalleryPopupView.swift in Sources */ = {isa = PBXBuildFile; fileRef = E7DB78568A7189FD59622E36 /* GalleryPopupView.swift */; };
		B5D66093C62B9EFCB6E64502 /* Exceptions.swift in Sources */ = {isa = PBXBuildFile; fileRef = A809D094838ED71B8EF5B465 /* Exceptions.swift */; };
		B821855B2A30730800127F9E /* video_loding.json in Resources */ = {isa = PBXBuildFile; fileRef = B821855A2A30730800127F9E /* video_loding.json */; };
		B92509F53680A5C93CD7CB69 /* AttachmentInputConfiguration.swift in Resources */ = {isa = PBXBuildFile; fileRef = 814E63DF98E3B7FAE7F3B239 /* AttachmentInputConfiguration.swift */; };
		BA4F88F0E6047FE4C23FA769 /* PhotoAlbumView.swift in Resources */ = {isa = PBXBuildFile; fileRef = BB97D38E3F178B41B4386726 /* PhotoAlbumView.swift */; };
		BB5D91280B8BE82223F48649 /* NewVideoRegister.storyboard in Resources */ = {isa = PBXBuildFile; fileRef = B67C1CA18F9600964AD4F792 /* NewVideoRegister.storyboard */; };
		BC071823327888FB68AFB284 /* RxCocoa.framework in Frameworks */ = {isa = PBXBuildFile; fileRef = 0C5B1D7EFC8F52FEEC9AF7DD /* RxCocoa.framework */; platformFilter = ios; };
		BC1CEBEB6EE0895DF4869F6A /* PLAlbumManager.swift in Resources */ = {isa = PBXBuildFile; fileRef = 3531BED8503CD1CF23C224BF /* PLAlbumManager.swift */; };
		BC65F2C5639BFE1291CCA707 /* AttachmentInputError.swift in Sources */ = {isa = PBXBuildFile; fileRef = 6EA15F51BE952C454C2C88B6 /* AttachmentInputError.swift */; };
		BFF258461E5EF5B20A3BE0B8 /* NewImageEditorViewController.swift in Sources */ = {isa = PBXBuildFile; fileRef = B36CFF9F7AFAC9F3E660F95D /* NewImageEditorViewController.swift */; };
		C07BDEBF2570F02DBA8DAC22 /* NewABStartIndicator.swift in Resources */ = {isa = PBXBuildFile; fileRef = 9994284B121C9093FE1A1E7C /* NewABStartIndicator.swift */; };
		C2CC9FB9CD21DF920910EEB7 /* PhotoAlbumView.swift in Sources */ = {isa = PBXBuildFile; fileRef = BB97D38E3F178B41B4386726 /* PhotoAlbumView.swift */; };
		C3F249E20BF427F148658533 /* PhotoAlbumCell.swift in Sources */ = {isa = PBXBuildFile; fileRef = ADCDFE676E1B437DA454F73A /* PhotoAlbumCell.swift */; };
		C4A722C647AC1319FC6ED86F /* Array+.swift in Sources */ = {isa = PBXBuildFile; fileRef = F1026F74626EEAC3686FF227 /* Array+.swift */; };
		C5483A492488DDB608BDBD97 /* PhotoMain.storyboard in Resources */ = {isa = PBXBuildFile; fileRef = 28899334E1C1083F774EB93A /* PhotoMain.storyboard */; };
		C5DE4E380FA25962CA83C17F /* NewImageEditorViewController.swift in Resources */ = {isa = PBXBuildFile; fileRef = B36CFF9F7AFAC9F3E660F95D /* NewImageEditorViewController.swift */; };
		CAAFF760F8AD446A084FAADA /* AttachmentInputPhoto.swift in Resources */ = {isa = PBXBuildFile; fileRef = 33C7F03B0F573606D17AD3A9 /* AttachmentInputPhoto.swift */; };
		CB6C6F9A44CD3771DA2CE103 /* AttachmentInputDelegate.swift in Sources */ = {isa = PBXBuildFile; fileRef = 68A105665B40072139A64132 /* AttachmentInputDelegate.swift */; };
		CFE5CBB8AAD898B787A44C8C /* Toast.swift in Sources */ = {isa = PBXBuildFile; fileRef = F91F9E063DC8FC5FF7043CC0 /* Toast.swift */; };
		D36205C6B5D2B93367830A94 /* NewABTimeView.swift in Resources */ = {isa = PBXBuildFile; fileRef = 84A277AE2DE44D4578810AD9 /* NewABTimeView.swift */; };
		D4964F0A9DE75C94C92F94FB /* NewABEndIndicator.swift in Resources */ = {isa = PBXBuildFile; fileRef = 680DAC242AFB8DF656A9AA8D /* NewABEndIndicator.swift */; };
		D569806A56D3506F01AA1E83 /* PopupListView.swift in Sources */ = {isa = PBXBuildFile; fileRef = A1002DF3BEE4158AAA27AFAE /* PopupListView.swift */; };
		D5AEED3D216C35C2FE98549B /* PhotoAlbumCell.swift in Resources */ = {isa = PBXBuildFile; fileRef = ADCDFE676E1B437DA454F73A /* PhotoAlbumCell.swift */; };
		D84B1FEE02CFD04B9D0F0BBA /* JSON+.swift in Sources */ = {isa = PBXBuildFile; fileRef = 72AFC2A79C4E35CD6CDCA6C7 /* JSON+.swift */; };
		D8C70E674E1B3A5F29F18A60 /* NewVideoEditorController.swift in Resources */ = {isa = PBXBuildFile; fileRef = 75FD2D1F89A8EE503E80C261 /* NewVideoEditorController.swift */; };
		DA567BBFBF764F75143DE9C2 /* NewABEndIndicator.swift in Sources */ = {isa = PBXBuildFile; fileRef = 680DAC242AFB8DF656A9AA8D /* NewABEndIndicator.swift */; };
		DBEB95902E0ADE384000A621 /* AppSetting.swift in Sources */ = {isa = PBXBuildFile; fileRef = B6318C1579BFE6D4922B35DE /* AppSetting.swift */; };
		DC65CB5BCB0A02B00F10662B /* BehaviorSubjectExtension.swift in Sources */ = {isa = PBXBuildFile; fileRef = B7F5C400DAE651EA227E3901 /* BehaviorSubjectExtension.swift */; };
		DD798C4DCDF41457E5EE8A2E /* AppSetting.swift in Resources */ = {isa = PBXBuildFile; fileRef = B6318C1579BFE6D4922B35DE /* AppSetting.swift */; };
		DD9D96A4C0A6FAE2FDCAAA2A /* PhotoCropEditorBorder@3x.png in Resources */ = {isa = PBXBuildFile; fileRef = 4EC13897CC3C291600F289F3 /* PhotoCropEditorBorder@3x.png */; };
		DEE58D5F0FD5BBF77974D58C /* NewABVideoHelper.swift in Sources */ = {isa = PBXBuildFile; fileRef = 2E363BB38103965233A21BD4 /* NewABVideoHelper.swift */; };
		DEF034A4A81E82A2994B7AA0 /* DeviceManager.swift in Resources */ = {isa = PBXBuildFile; fileRef = EDF39C1C3A98771472789573 /* DeviceManager.swift */; };
		DF31EF4A558F74EEF9F6D1A1 /* PhotoData.swift in Resources */ = {isa = PBXBuildFile; fileRef = 1A9A02E68CC52B05094E82DF /* PhotoData.swift */; };
		DFC00410EC82BB629E716ECA /* PhotoViewController.swift in Resources */ = {isa = PBXBuildFile; fileRef = 85307674F2FFA8947528F845 /* PhotoViewController.swift */; };
		E11685B20E3AEFF5D001A0BC /* Toast.framework in Frameworks */ = {isa = PBXBuildFile; fileRef = 2EAF6DAF50DEE15728CEA91F /* Toast.framework */; platformFilter = ios; };
		E5E8F08BB368B59EF11093FB /* Extensions.swift in Sources */ = {isa = PBXBuildFile; fileRef = 0D7821E24CA075E5C7EA76D1 /* Extensions.swift */; };
		E749694802FAF4AB1B98035C /* NewABVideoRangeSlider.swift in Resources */ = {isa = PBXBuildFile; fileRef = 76D9DCF0A62799AE6B7A12D3 /* NewABVideoRangeSlider.swift */; };
		E838187EC329721CDE305614 /* NewABBorder.swift in Resources */ = {isa = PBXBuildFile; fileRef = 76699718625020C73F7C166A /* NewABBorder.swift */; };
		E94DE3CEEFB62CE479D00E3C /* PopupListView.swift in Resources */ = {isa = PBXBuildFile; fileRef = A1002DF3BEE4158AAA27AFAE /* PopupListView.swift */; };
		EA7D59D7B3F52F16B3532CE5 /* PhotoViewController.swift in Sources */ = {isa = PBXBuildFile; fileRef = 85307674F2FFA8947528F845 /* PhotoViewController.swift */; };
		EF54DD161D87B479491C37EC /* NewABThumbnailsManager.swift in Sources */ = {isa = PBXBuildFile; fileRef = CAA3F04B5E2C94DB99CA9A58 /* NewABThumbnailsManager.swift */; };
		F2CCEF1E2A8E7B08E3498110 /* PhotoViewModel.swift in Resources */ = {isa = PBXBuildFile; fileRef = B67782E7B14173C00A4468B9 /* PhotoViewModel.swift */; };
		F31FDCADA4A7A308768226F0 /* NewSwipeContentViewController.swift in Sources */ = {isa = PBXBuildFile; fileRef = CB6D1A71834EEDD226435195 /* NewSwipeContentViewController.swift */; };
		F33EA0C399A4306C713EE16D /* AttachmentInputPhotoStatus.swift in Sources */ = {isa = PBXBuildFile; fileRef = B6EC5D5DF213A623B69FD162 /* AttachmentInputPhotoStatus.swift */; };
		F37FF61D2BC0A854D6FFE6BB /* SweeterSwift.framework in Frameworks */ = {isa = PBXBuildFile; fileRef = 42F1A044474E6F357C47F835 /* SweeterSwift.framework */; platformFilter = ios; };
		F46043743C2ABB9182265251 /* AttachmentInputView.swift in Sources */ = {isa = PBXBuildFile; fileRef = 5A0034F467F3EE2F7A264683 /* AttachmentInputView.swift */; };
		F47F701E26589F867F6771D6 /* SnapKit.framework in Frameworks */ = {isa = PBXBuildFile; fileRef = 49D8CAD4A1E3478C7DC7DFFB /* SnapKit.framework */; platformFilter = ios; };
		F504783DE023C618035328D6 /* NewVideoEditorController.swift in Sources */ = {isa = PBXBuildFile; fileRef = 75FD2D1F89A8EE503E80C261 /* NewVideoEditorController.swift */; };
		F55C8E78DE759E3A48887847 /* AttachmentInputView.xib in Resources */ = {isa = PBXBuildFile; fileRef = B4158668A05D21FE5E021FB8 /* AttachmentInputView.xib */; };
		F9A34A07AC69736A9EE2FF31 /* NewABProgressIndicator.swift in Resources */ = {isa = PBXBuildFile; fileRef = 9916AF267D8830D6A5A1BCA8 /* NewABProgressIndicator.swift */; };
		FCB1A64F163FCA6587EFCA45 /* NewABProgressIndicator.swift in Sources */ = {isa = PBXBuildFile; fileRef = 9916AF267D8830D6A5A1BCA8 /* NewABProgressIndicator.swift */; };
		FD12B1415DE605BB0BCA249D /* AttachmentInputUtil.swift in Sources */ = {isa = PBXBuildFile; fileRef = 679CD5B795638FE50F914F56 /* AttachmentInputUtil.swift */; };
		FD709EACC54148028F8CAF2A /* BehaviorSubjectExtension.swift in Resources */ = {isa = PBXBuildFile; fileRef = B7F5C400DAE651EA227E3901 /* BehaviorSubjectExtension.swift */; };
/* End PBXBuildFile section */

/* Begin PBXCopyFilesBuildPhase section */
		3AA9FA2CC2DEAF59F76A9966 /* Embed Frameworks */ = {
			isa = PBXCopyFilesBuildPhase;
			buildActionMask = 2147483647;
			dstPath = "";
			dstSubfolderSpec = 10;
			files = (
			);
			name = "Embed Frameworks";
			runOnlyForDeploymentPostprocessing = 0;
		};
/* End PBXCopyFilesBuildPhase section */

/* Begin PBXFileReference section */
		06BAD629B8B42FED95B7BE34 /* CropRectView.swift */ = {isa = PBXFileReference; lastKnownFileType = sourcecode.swift; path = CropRectView.swift; sourceTree = "<group>"; };
		070DEE3377D6D5E1D4DFCB85 /* CropViewController.h */ = {isa = PBXFileReference; lastKnownFileType = sourcecode.c.h; path = CropViewController.h; sourceTree = "<group>"; };
		080C58231FCEDC083F899294 /* Shared.framework */ = {isa = PBXFileReference; explicitFileType = wrapper.framework; includeInIndex = 0; path = Shared.framework; sourceTree = BUILT_PRODUCTS_DIR; };
		0C5B1D7EFC8F52FEEC9AF7DD /* RxCocoa.framework */ = {isa = PBXFileReference; explicitFileType = wrapper.framework; includeInIndex = 0; path = RxCocoa.framework; sourceTree = BUILT_PRODUCTS_DIR; };
		0D7821E24CA075E5C7EA76D1 /* Extensions.swift */ = {isa = PBXFileReference; lastKnownFileType = sourcecode.swift; path = Extensions.swift; sourceTree = "<group>"; };
		18AF06D8BF8698ED73B820B7 /* PopupView.swift */ = {isa = PBXFileReference; lastKnownFileType = sourcecode.swift; path = PopupView.swift; sourceTree = "<group>"; };
		1A9A02E68CC52B05094E82DF /* PhotoData.swift */ = {isa = PBXFileReference; lastKnownFileType = sourcecode.swift; path = PhotoData.swift; sourceTree = "<group>"; };
		1B89B3397BF677B95FA8DF68 /* ImageAssets.xcassets */ = {isa = PBXFileReference; lastKnownFileType = folder.assetcatalog; path = ImageAssets.xcassets; sourceTree = "<group>"; };
		1D2793867C345099D0CD2FB9 /* NewVideoRecordViewController.swift */ = {isa = PBXFileReference; lastKnownFileType = sourcecode.swift; path = NewVideoRecordViewController.swift; sourceTree = "<group>"; };
		1D6C1E19155EA3A2433B4EB8 /* Alamofire.framework */ = {isa = PBXFileReference; explicitFileType = wrapper.framework; includeInIndex = 0; path = Alamofire.framework; sourceTree = BUILT_PRODUCTS_DIR; };
		1FDAF71FBFB40DC4F2C32EDF /* PhotoAlbumView.xib */ = {isa = PBXFileReference; lastKnownFileType = file.xib; path = PhotoAlbumView.xib; sourceTree = "<group>"; };
		248A1F7184C986F18BE3022C /* Logger.swift */ = {isa = PBXFileReference; lastKnownFileType = sourcecode.swift; path = Logger.swift; sourceTree = "<group>"; };
		28899334E1C1083F774EB93A /* PhotoMain.storyboard */ = {isa = PBXFileReference; lastKnownFileType = file.storyboard; path = PhotoMain.storyboard; sourceTree = "<group>"; };
		29F497AA9E08CD68FF8EAA79 /* ShadowView.swift */ = {isa = PBXFileReference; lastKnownFileType = sourcecode.swift; path = ShadowView.swift; sourceTree = "<group>"; };
		2E363BB38103965233A21BD4 /* NewABVideoHelper.swift */ = {isa = PBXFileReference; lastKnownFileType = sourcecode.swift; path = NewABVideoHelper.swift; sourceTree = "<group>"; };
		2EAF6DAF50DEE15728CEA91F /* Toast.framework */ = {isa = PBXFileReference; explicitFileType = wrapper.framework; includeInIndex = 0; path = Toast.framework; sourceTree = BUILT_PRODUCTS_DIR; };
		33680896C60C37B0CD54B033 /* ResizeControl.swift */ = {isa = PBXFileReference; lastKnownFileType = sourcecode.swift; path = ResizeControl.swift; sourceTree = "<group>"; };
		33C7F03B0F573606D17AD3A9 /* AttachmentInputPhoto.swift */ = {isa = PBXFileReference; lastKnownFileType = sourcecode.swift; path = AttachmentInputPhoto.swift; sourceTree = "<group>"; };
		3531BED8503CD1CF23C224BF /* PLAlbumManager.swift */ = {isa = PBXFileReference; lastKnownFileType = sourcecode.swift; path = PLAlbumManager.swift; sourceTree = "<group>"; };
		3665603AFFC9C4B15EAF7A1E /* CustomView.swift */ = {isa = PBXFileReference; lastKnownFileType = sourcecode.swift; path = CustomView.swift; sourceTree = "<group>"; };
		3EF38E7CFC5349E6817462B2 /* TuistAssets+Shared.swift */ = {isa = PBXFileReference; lastKnownFileType = sourcecode.swift; path = "TuistAssets+Shared.swift"; sourceTree = "<group>"; };
		42C25A9D91876340385CB65E /* AttachmentInputViewLogic.swift */ = {isa = PBXFileReference; lastKnownFileType = sourcecode.swift; path = AttachmentInputViewLogic.swift; sourceTree = "<group>"; };
		42F1A044474E6F357C47F835 /* SweeterSwift.framework */ = {isa = PBXFileReference; explicitFileType = wrapper.framework; includeInIndex = 0; path = SweeterSwift.framework; sourceTree = BUILT_PRODUCTS_DIR; };
		43F834D1104A582E5DFFC416 /* Lottie.framework */ = {isa = PBXFileReference; explicitFileType = wrapper.framework; includeInIndex = 0; path = Lottie.framework; sourceTree = BUILT_PRODUCTS_DIR; };
		49D8CAD4A1E3478C7DC7DFFB /* SnapKit.framework */ = {isa = PBXFileReference; explicitFileType = wrapper.framework; includeInIndex = 0; path = SnapKit.framework; sourceTree = BUILT_PRODUCTS_DIR; };
		4A1C9DC33CA132CE6CA8936E /* RxGesture.framework */ = {isa = PBXFileReference; explicitFileType = wrapper.framework; includeInIndex = 0; path = RxGesture.framework; sourceTree = BUILT_PRODUCTS_DIR; };
		4EC13897CC3C291600F289F3 /* PhotoCropEditorBorder@3x.png */ = {isa = PBXFileReference; lastKnownFileType = image.png; path = "PhotoCropEditorBorder@3x.png"; sourceTree = "<group>"; };
		501B224B76D067FB267C51E7 /* PLAlbum.swift */ = {isa = PBXFileReference; lastKnownFileType = sourcecode.swift; path = PLAlbum.swift; sourceTree = "<group>"; };
		514DB1004298263696A9AC77 /* ResourceManager.swift */ = {isa = PBXFileReference; lastKnownFileType = sourcecode.swift; path = ResourceManager.swift; sourceTree = "<group>"; };
		518811AFB98D2F464A52C674 /* AuthorizationManager.swift */ = {isa = PBXFileReference; lastKnownFileType = sourcecode.swift; path = AuthorizationManager.swift; sourceTree = "<group>"; };
		5A0034F467F3EE2F7A264683 /* AttachmentInputView.swift */ = {isa = PBXFileReference; lastKnownFileType = sourcecode.swift; path = AttachmentInputView.swift; sourceTree = "<group>"; };
		5A495FA1C2A686040D0FF83B /* NewSwipeViewController.swift */ = {isa = PBXFileReference; lastKnownFileType = sourcecode.swift; path = NewSwipeViewController.swift; sourceTree = "<group>"; };
		5B09EBD0D5460A6D3E4E6EA3 /* Alert.swift */ = {isa = PBXFileReference; lastKnownFileType = sourcecode.swift; path = Alert.swift; sourceTree = "<group>"; };
		5C68B586DB1F96CF78A52112 /* PhotoCropEditorBorder.png */ = {isa = PBXFileReference; lastKnownFileType = image.png; path = PhotoCropEditorBorder.png; sourceTree = "<group>"; };
		5F810F921E4F8D4271FC32A2 /* PhotoAlbumCell.xib */ = {isa = PBXFileReference; lastKnownFileType = file.xib; path = PhotoAlbumCell.xib; sourceTree = "<group>"; };
		632266C13B1A17FC36023A1F /* Shared.swift */ = {isa = PBXFileReference; lastKnownFileType = sourcecode.swift; path = Shared.swift; sourceTree = "<group>"; };
		65BCD673958BAB6ADBF53E62 /* NewImageCropViewController.swift */ = {isa = PBXFileReference; lastKnownFileType = sourcecode.swift; path = NewImageCropViewController.swift; sourceTree = "<group>"; };
		679CD5B795638FE50F914F56 /* AttachmentInputUtil.swift */ = {isa = PBXFileReference; lastKnownFileType = sourcecode.swift; path = AttachmentInputUtil.swift; sourceTree = "<group>"; };
		680DAC242AFB8DF656A9AA8D /* NewABEndIndicator.swift */ = {isa = PBXFileReference; lastKnownFileType = sourcecode.swift; path = NewABEndIndicator.swift; sourceTree = "<group>"; };
		6880E4CCCEE5513C70D68753 /* ImagePickerAuthorization.swift */ = {isa = PBXFileReference; lastKnownFileType = sourcecode.swift; path = ImagePickerAuthorization.swift; sourceTree = "<group>"; };
		68A105665B40072139A64132 /* AttachmentInputDelegate.swift */ = {isa = PBXFileReference; lastKnownFileType = sourcecode.swift; path = AttachmentInputDelegate.swift; sourceTree = "<group>"; };
		6990F58DCDEF82AEE3F7BAC7 /* PLAlbumCell.swift */ = {isa = PBXFileReference; lastKnownFileType = sourcecode.swift; path = PLAlbumCell.swift; sourceTree = "<group>"; };
		6EA15F51BE952C454C2C88B6 /* AttachmentInputError.swift */ = {isa = PBXFileReference; lastKnownFileType = sourcecode.swift; path = AttachmentInputError.swift; sourceTree = "<group>"; };
		72AFC2A79C4E35CD6CDCA6C7 /* JSON+.swift */ = {isa = PBXFileReference; lastKnownFileType = sourcecode.swift; path = "JSON+.swift"; sourceTree = "<group>"; };
		72D3C7EC4134C1BCFD114736 /* Font+.swift */ = {isa = PBXFileReference; lastKnownFileType = sourcecode.swift; path = "Font+.swift"; sourceTree = "<group>"; };
		744932987D702D60AA5ED621 /* PhotoCropEditorBorder@2x.png */ = {isa = PBXFileReference; lastKnownFileType = image.png; path = "PhotoCropEditorBorder@2x.png"; sourceTree = "<group>"; };
		75FD2D1F89A8EE503E80C261 /* NewVideoEditorController.swift */ = {isa = PBXFileReference; lastKnownFileType = sourcecode.swift; path = NewVideoEditorController.swift; sourceTree = "<group>"; };
		76699718625020C73F7C166A /* NewABBorder.swift */ = {isa = PBXFileReference; lastKnownFileType = sourcecode.swift; path = NewABBorder.swift; sourceTree = "<group>"; };
		76D9DCF0A62799AE6B7A12D3 /* NewABVideoRangeSlider.swift */ = {isa = PBXFileReference; lastKnownFileType = sourcecode.swift; path = NewABVideoRangeSlider.swift; sourceTree = "<group>"; };
		7C84A6BF19B8DC74F46E9CFF /* SocketIO.framework */ = {isa = PBXFileReference; explicitFileType = wrapper.framework; includeInIndex = 0; path = SocketIO.framework; sourceTree = BUILT_PRODUCTS_DIR; };
		812269338206BC1B9046EA10 /* AttachmentInput.h */ = {isa = PBXFileReference; lastKnownFileType = sourcecode.c.h; path = AttachmentInput.h; sourceTree = "<group>"; };
		814E63DF98E3B7FAE7F3B239 /* AttachmentInputConfiguration.swift */ = {isa = PBXFileReference; lastKnownFileType = sourcecode.swift; path = AttachmentInputConfiguration.swift; sourceTree = "<group>"; };
		81E3EA70F47A89337741BC39 /* AttachmentInput.swift */ = {isa = PBXFileReference; lastKnownFileType = sourcecode.swift; path = AttachmentInput.swift; sourceTree = "<group>"; };
		84A277AE2DE44D4578810AD9 /* NewABTimeView.swift */ = {isa = PBXFileReference; lastKnownFileType = sourcecode.swift; path = NewABTimeView.swift; sourceTree = "<group>"; };
		85307674F2FFA8947528F845 /* PhotoViewController.swift */ = {isa = PBXFileReference; lastKnownFileType = sourcecode.swift; path = PhotoViewController.swift; sourceTree = "<group>"; };
		85582FC66E62EEB4E4F29CCC /* UserDefault.swift */ = {isa = PBXFileReference; lastKnownFileType = sourcecode.swift; path = UserDefault.swift; sourceTree = "<group>"; };
		8E77BD711753DFE538ED322E /* CropViewController.swift */ = {isa = PBXFileReference; lastKnownFileType = sourcecode.swift; path = CropViewController.swift; sourceTree = "<group>"; };
		94F5A0873CDCB6213CD51E38 /* NewVideoRegister.xcassets */ = {isa = PBXFileReference; lastKnownFileType = folder.assetcatalog; path = NewVideoRegister.xcassets; sourceTree = "<group>"; };
		9916AF267D8830D6A5A1BCA8 /* NewABProgressIndicator.swift */ = {isa = PBXFileReference; lastKnownFileType = sourcecode.swift; path = NewABProgressIndicator.swift; sourceTree = "<group>"; };
		9994284B121C9093FE1A1E7C /* NewABStartIndicator.swift */ = {isa = PBXFileReference; lastKnownFileType = sourcecode.swift; path = NewABStartIndicator.swift; sourceTree = "<group>"; };
		9D09D8D27B1E99202C72171D /* Color+.swift */ = {isa = PBXFileReference; lastKnownFileType = sourcecode.swift; path = "Color+.swift"; sourceTree = "<group>"; };
		9E093E2FFC634954AF4F0AEC /* CropView.swift */ = {isa = PBXFileReference; lastKnownFileType = sourcecode.swift; path = CropView.swift; sourceTree = "<group>"; };
		9E8B1E9FBC7A5016205AD829 /* UIImage+Crop.swift */ = {isa = PBXFileReference; lastKnownFileType = sourcecode.swift; path = "UIImage+Crop.swift"; sourceTree = "<group>"; };
		A0DFE756D6B893CBFB9693F9 /* Date+.swift */ = {isa = PBXFileReference; lastKnownFileType = sourcecode.swift; path = "Date+.swift"; sourceTree = "<group>"; };
		A1002DF3BEE4158AAA27AFAE /* PopupListView.swift */ = {isa = PBXFileReference; lastKnownFileType = sourcecode.swift; path = PopupListView.swift; sourceTree = "<group>"; };
		A22E95AD78CB6569793EBEF6 /* RemoveVideoPopupView.swift */ = {isa = PBXFileReference; lastKnownFileType = sourcecode.swift; path = RemoveVideoPopupView.swift; sourceTree = "<group>"; };
		A5C01088FF08297F798F7D16 /* RxSwift.framework */ = {isa = PBXFileReference; explicitFileType = wrapper.framework; includeInIndex = 0; path = RxSwift.framework; sourceTree = BUILT_PRODUCTS_DIR; };
		A809D094838ED71B8EF5B465 /* Exceptions.swift */ = {isa = PBXFileReference; lastKnownFileType = sourcecode.swift; path = Exceptions.swift; sourceTree = "<group>"; };
		ADCDFE676E1B437DA454F73A /* PhotoAlbumCell.swift */ = {isa = PBXFileReference; lastKnownFileType = sourcecode.swift; path = PhotoAlbumCell.swift; sourceTree = "<group>"; };
		B36CFF9F7AFAC9F3E660F95D /* NewImageEditorViewController.swift */ = {isa = PBXFileReference; lastKnownFileType = sourcecode.swift; path = NewImageEditorViewController.swift; sourceTree = "<group>"; };
		B4158668A05D21FE5E021FB8 /* AttachmentInputView.xib */ = {isa = PBXFileReference; lastKnownFileType = file.xib; path = AttachmentInputView.xib; sourceTree = "<group>"; };
		B6318C1579BFE6D4922B35DE /* AppSetting.swift */ = {isa = PBXFileReference; lastKnownFileType = sourcecode.swift; path = AppSetting.swift; sourceTree = "<group>"; };
		B67782E7B14173C00A4468B9 /* PhotoViewModel.swift */ = {isa = PBXFileReference; lastKnownFileType = sourcecode.swift; path = PhotoViewModel.swift; sourceTree = "<group>"; };
		B67C1CA18F9600964AD4F792 /* NewVideoRegister.storyboard */ = {isa = PBXFileReference; lastKnownFileType = file.storyboard; path = NewVideoRegister.storyboard; sourceTree = "<group>"; };
		B6EC5D5DF213A623B69FD162 /* AttachmentInputPhotoStatus.swift */ = {isa = PBXFileReference; lastKnownFileType = sourcecode.swift; path = AttachmentInputPhotoStatus.swift; sourceTree = "<group>"; };
		B7F5C400DAE651EA227E3901 /* BehaviorSubjectExtension.swift */ = {isa = PBXFileReference; lastKnownFileType = sourcecode.swift; path = BehaviorSubjectExtension.swift; sourceTree = "<group>"; };
		B821855A2A30730800127F9E /* video_loding.json */ = {isa = PBXFileReference; fileEncoding = 4; lastKnownFileType = text.json; path = video_loding.json; sourceTree = "<group>"; };
		B9BFAC243986F58ADAC6F7D7 /* RemoveVideoPopupView.xib */ = {isa = PBXFileReference; lastKnownFileType = file.xib; path = RemoveVideoPopupView.xib; sourceTree = "<group>"; };
		BB97D38E3F178B41B4386726 /* PhotoAlbumView.swift */ = {isa = PBXFileReference; lastKnownFileType = sourcecode.swift; path = PhotoAlbumView.swift; sourceTree = "<group>"; };
		BD7176388390CD1F0BE13CB3 /* PLAlbumCell.xib */ = {isa = PBXFileReference; lastKnownFileType = file.xib; path = PLAlbumCell.xib; sourceTree = "<group>"; };
		BD9541ECB8BC48AFC5CB0EAA /* RxDataSources.framework */ = {isa = PBXFileReference; explicitFileType = wrapper.framework; includeInIndex = 0; path = RxDataSources.framework; sourceTree = BUILT_PRODUCTS_DIR; };
		CAA3F04B5E2C94DB99CA9A58 /* NewABThumbnailsManager.swift */ = {isa = PBXFileReference; lastKnownFileType = sourcecode.swift; path = NewABThumbnailsManager.swift; sourceTree = "<group>"; };
		CB6D1A71834EEDD226435195 /* NewSwipeContentViewController.swift */ = {isa = PBXFileReference; lastKnownFileType = sourcecode.swift; path = NewSwipeContentViewController.swift; sourceTree = "<group>"; };
		D45B723E4CB16F0D527D3F74 /* ImagePickerCell.xib */ = {isa = PBXFileReference; lastKnownFileType = file.xib; path = ImagePickerCell.xib; sourceTree = "<group>"; };
		D72BA6AE8B9AF02B56D8FC04 /* Shared-Info.plist */ = {isa = PBXFileReference; lastKnownFileType = text.plist; path = "Shared-Info.plist"; sourceTree = "<group>"; };
		D7AEDCF886EAEF8EAFAE7CA4 /* ObservableTypeExtension.swift */ = {isa = PBXFileReference; lastKnownFileType = sourcecode.swift; path = ObservableTypeExtension.swift; sourceTree = "<group>"; };
		DA270EC5006C5597713B29F3 /* NewImageCrop.storyboard */ = {isa = PBXFileReference; lastKnownFileType = file.storyboard; path = NewImageCrop.storyboard; sourceTree = "<group>"; };
		DB168EC01214353236604721 /* SwiftyJSON.framework */ = {isa = PBXFileReference; explicitFileType = wrapper.framework; includeInIndex = 0; path = SwiftyJSON.framework; sourceTree = BUILT_PRODUCTS_DIR; };
		DD79C0A1DD9B664548338C07 /* UploadingView.swift */ = {isa = PBXFileReference; lastKnownFileType = sourcecode.swift; path = UploadingView.swift; sourceTree = "<group>"; };
		DE82FD89AFFCD9E8EE2FD1D3 /* ImageCell.swift */ = {isa = PBXFileReference; lastKnownFileType = sourcecode.swift; path = ImageCell.swift; sourceTree = "<group>"; };
		DECF4F0396728A646DFA3DAE /* PopupInfoModel.swift */ = {isa = PBXFileReference; lastKnownFileType = sourcecode.swift; path = PopupInfoModel.swift; sourceTree = "<group>"; };
		E73B4E2B0BE194A3989B37B9 /* NextLevel.framework */ = {isa = PBXFileReference; explicitFileType = wrapper.framework; includeInIndex = 0; path = NextLevel.framework; sourceTree = BUILT_PRODUCTS_DIR; };
		E7DB78568A7189FD59622E36 /* GalleryPopupView.swift */ = {isa = PBXFileReference; lastKnownFileType = sourcecode.swift; path = GalleryPopupView.swift; sourceTree = "<group>"; };
		EAED1DC348554D913BAF78BB /* UI+.swift */ = {isa = PBXFileReference; lastKnownFileType = sourcecode.swift; path = "UI+.swift"; sourceTree = "<group>"; };
		ECB3E3C5DE02B26ACBE41D34 /* ImagePickerCell.swift */ = {isa = PBXFileReference; lastKnownFileType = sourcecode.swift; path = ImagePickerCell.swift; sourceTree = "<group>"; };
		EDF39C1C3A98771472789573 /* DeviceManager.swift */ = {isa = PBXFileReference; lastKnownFileType = sourcecode.swift; path = DeviceManager.swift; sourceTree = "<group>"; };
		EE2F03213EB531F252879845 /* Moya.framework */ = {isa = PBXFileReference; explicitFileType = wrapper.framework; includeInIndex = 0; path = Moya.framework; sourceTree = BUILT_PRODUCTS_DIR; };
		F1026F74626EEAC3686FF227 /* Array+.swift */ = {isa = PBXFileReference; lastKnownFileType = sourcecode.swift; path = "Array+.swift"; sourceTree = "<group>"; };
		F20E4931F5B812FD456DE28F /* TuistBundle+Shared.swift */ = {isa = PBXFileReference; lastKnownFileType = sourcecode.swift; path = "TuistBundle+Shared.swift"; sourceTree = "<group>"; };
		F68D993A1D98B8641483C5D3 /* MainButton.swift */ = {isa = PBXFileReference; lastKnownFileType = sourcecode.swift; path = MainButton.swift; sourceTree = "<group>"; };
		F91F9E063DC8FC5FF7043CC0 /* Toast.swift */ = {isa = PBXFileReference; lastKnownFileType = sourcecode.swift; path = Toast.swift; sourceTree = "<group>"; };
		FBCD53E2BB563C812B8ACDAF /* Then.framework */ = {isa = PBXFileReference; explicitFileType = wrapper.framework; includeInIndex = 0; path = Then.framework; sourceTree = BUILT_PRODUCTS_DIR; };
		FD25BEEA956D0720F8E72CAE /* String+.swift */ = {isa = PBXFileReference; lastKnownFileType = sourcecode.swift; path = "String+.swift"; sourceTree = "<group>"; };
/* End PBXFileReference section */

/* Begin PBXFrameworksBuildPhase section */
		CA16CCCB741E47EAA9FE52A5 /* Frameworks */ = {
			isa = PBXFrameworksBuildPhase;
			buildActionMask = 2147483647;
			files = (
				228931D260D16FAC4237F049 /* Alamofire.framework in Frameworks */,
				5D96E5E96137FE838917FF0B /* Lottie.framework in Frameworks */,
				5F6E278634485802145E6DBA /* Moya.framework in Frameworks */,
				3201DAE883C7E03A4D855E93 /* NextLevel.framework in Frameworks */,
				BC071823327888FB68AFB284 /* RxCocoa.framework in Frameworks */,
				76AD0072431567AE9C3ED8E2 /* RxDataSources.framework in Frameworks */,
				9999FA769BAE3A0E9C963F31 /* RxGesture.framework in Frameworks */,
				55E6C02DBCC91B1CDEA43F66 /* RxSwift.framework in Frameworks */,
				F47F701E26589F867F6771D6 /* SnapKit.framework in Frameworks */,
				038AFF79D73DCF17FB828278 /* SocketIO.framework in Frameworks */,
				F37FF61D2BC0A854D6FFE6BB /* SweeterSwift.framework in Frameworks */,
				4EF7B321C88B99758A43C428 /* SwiftyJSON.framework in Frameworks */,
				5B6A088C174CE286FBB5D155 /* Then.framework in Frameworks */,
				E11685B20E3AEFF5D001A0BC /* Toast.framework in Frameworks */,
			);
			runOnlyForDeploymentPostprocessing = 0;
		};
/* End PBXFrameworksBuildPhase section */

/* Begin PBXGroup section */
		0B78EA20EB03CB753FD7972B /* CropViewController */ = {
			isa = PBXGroup;
			children = (
				06BAD629B8B42FED95B7BE34 /* CropRectView.swift */,
				9E093E2FFC634954AF4F0AEC /* CropView.swift */,
				070DEE3377D6D5E1D4DFCB85 /* CropViewController.h */,
				8E77BD711753DFE538ED322E /* CropViewController.swift */,
				5C68B586DB1F96CF78A52112 /* PhotoCropEditorBorder.png */,
				744932987D702D60AA5ED621 /* PhotoCropEditorBorder@2x.png */,
				4EC13897CC3C291600F289F3 /* PhotoCropEditorBorder@3x.png */,
				33680896C60C37B0CD54B033 /* ResizeControl.swift */,
				9E8B1E9FBC7A5016205AD829 /* UIImage+Crop.swift */,
			);
			path = CropViewController;
			sourceTree = "<group>";
		};
		0CCB18E2C7D3BD1A85417415 /* Util */ = {
			isa = PBXGroup;
			children = (
				3211F0E3EC304244683D7A01 /* PhotoAlbum */,
				1E8EA216DC07F8500FC0ECE3 /* AppSetting */,
				74AB96DA7DE507CD41E6BCEF /* Extentions */,
				56EAD5CED3360ADFC4CC22C0 /* Logger */,
				D6D5E4498F2F766E9434DBA9 /* Service */,
				6B9D4F706B827291EA3F0F0B /* UserDafault */,
			);
			path = Util;
			sourceTree = "<group>";
		};
		0CEF705102DCC738EDFEA95C /* RemoveVideoPopup */ = {
			isa = PBXGroup;
			children = (
				A22E95AD78CB6569793EBEF6 /* RemoveVideoPopupView.swift */,
				B9BFAC243986F58ADAC6F7D7 /* RemoveVideoPopupView.xib */,
			);
			path = RemoveVideoPopup;
			sourceTree = "<group>";
		};
		1E8EA216DC07F8500FC0ECE3 /* AppSetting */ = {
			isa = PBXGroup;
			children = (
				B6318C1579BFE6D4922B35DE /* AppSetting.swift */,
			);
			path = AppSetting;
			sourceTree = "<group>";
		};
		2A6010CF5A938B573A451E10 /* Component */ = {
			isa = PBXGroup;
			children = (
				B13ECBC6C874898393077A91 /* Alert */,
				D3FED1425F72916D98EFD0B3 /* Popup */,
				3152251C038D3E5CF17E353C /* Toast */,
				D5CE085A68F3CC05492F8505 /* View */,
			);
			path = Component;
			sourceTree = "<group>";
		};
		3152251C038D3E5CF17E353C /* Toast */ = {
			isa = PBXGroup;
			children = (
				F91F9E063DC8FC5FF7043CC0 /* Toast.swift */,
			);
			path = Toast;
			sourceTree = "<group>";
		};
		3211F0E3EC304244683D7A01 /* PhotoAlbum */ = {
			isa = PBXGroup;
			children = (
				DD79C0A1DD9B664548338C07 /* UploadingView.swift */,
				509363CCC4E365245C558985 /* ImageEditor */,
				D30A5FC2054D6E25C758F40B /* ImageView */,
				8117B76F226B064D6B924C07 /* VideoRegister */,
				5A0DF3F64572DC984465BCAC /* Resources */,
				DE82FD89AFFCD9E8EE2FD1D3 /* ImageCell.swift */,
				CB6D1A71834EEDD226435195 /* NewSwipeContentViewController.swift */,
				5A495FA1C2A686040D0FF83B /* NewSwipeViewController.swift */,
				1A9A02E68CC52B05094E82DF /* PhotoData.swift */,
				28899334E1C1083F774EB93A /* PhotoMain.storyboard */,
				85307674F2FFA8947528F845 /* PhotoViewController.swift */,
				B67782E7B14173C00A4468B9 /* PhotoViewModel.swift */,
			);
			path = PhotoAlbum;
			sourceTree = "<group>";
		};
		3C54C1673B7334EF19C38BB2 /* Derived */ = {
			isa = PBXGroup;
			children = (
				CFF3308B9DD8563D12ABFC25 /* InfoPlists */,
				CCE12D42A69525F4979C8A35 /* Sources */,
			);
			path = Derived;
			sourceTree = "<group>";
		};
		446DA1C657215077844343BF /* AttachmentInput */ = {
			isa = PBXGroup;
			children = (
				70988DCFFF358E3B8AFDE3F5 /* Logic */,
				C4739B8EE97E8D044C6DBDB2 /* View */,
				812269338206BC1B9046EA10 /* AttachmentInput.h */,
				81E3EA70F47A89337741BC39 /* AttachmentInput.swift */,
				814E63DF98E3B7FAE7F3B239 /* AttachmentInputConfiguration.swift */,
				68A105665B40072139A64132 /* AttachmentInputDelegate.swift */,
				6EA15F51BE952C454C2C88B6 /* AttachmentInputError.swift */,
			);
			path = AttachmentInput;
			sourceTree = "<group>";
		};
		509363CCC4E365245C558985 /* ImageEditor */ = {
			isa = PBXGroup;
			children = (
				0B78EA20EB03CB753FD7972B /* CropViewController */,
				DA270EC5006C5597713B29F3 /* NewImageCrop.storyboard */,
				65BCD673958BAB6ADBF53E62 /* NewImageCropViewController.swift */,
				B36CFF9F7AFAC9F3E660F95D /* NewImageEditorViewController.swift */,
			);
			path = ImageEditor;
			sourceTree = "<group>";
		};
		56EAD5CED3360ADFC4CC22C0 /* Logger */ = {
			isa = PBXGroup;
			children = (
				A809D094838ED71B8EF5B465 /* Exceptions.swift */,
				248A1F7184C986F18BE3022C /* Logger.swift */,
			);
			path = Logger;
			sourceTree = "<group>";
		};
		5A0DF3F64572DC984465BCAC /* Resources */ = {
			isa = PBXGroup;
			children = (
				B82185592A3072A300127F9E /* Lottie */,
				1B89B3397BF677B95FA8DF68 /* ImageAssets.xcassets */,
			);
			path = Resources;
			sourceTree = "<group>";
		};
		601F218E76A65FA68D1956FB /* UI */ = {
			isa = PBXGroup;
			children = (
				514DB1004298263696A9AC77 /* ResourceManager.swift */,
			);
			path = UI;
			sourceTree = "<group>";
		};
		6B9D4F706B827291EA3F0F0B /* UserDafault */ = {
			isa = PBXGroup;
			children = (
				85582FC66E62EEB4E4F29CCC /* UserDefault.swift */,
			);
			path = UserDafault;
			sourceTree = "<group>";
		};
		6EC0B98B4A7FF03886AD270E /* Project */ = {
			isa = PBXGroup;
			children = (
				3C54C1673B7334EF19C38BB2 /* Derived */,
				8DBC6BAA6C2105D09B097177 /* Sources */,
			);
			name = Project;
			sourceTree = "<group>";
		};
		6FAE638BAFCE43EDE1DE12FE /* Device */ = {
			isa = PBXGroup;
			children = (
				518811AFB98D2F464A52C674 /* AuthorizationManager.swift */,
				EDF39C1C3A98771472789573 /* DeviceManager.swift */,
			);
			path = Device;
			sourceTree = "<group>";
		};
		70988DCFFF358E3B8AFDE3F5 /* Logic */ = {
			isa = PBXGroup;
			children = (
				33C7F03B0F573606D17AD3A9 /* AttachmentInputPhoto.swift */,
				B6EC5D5DF213A623B69FD162 /* AttachmentInputPhotoStatus.swift */,
				679CD5B795638FE50F914F56 /* AttachmentInputUtil.swift */,
				42C25A9D91876340385CB65E /* AttachmentInputViewLogic.swift */,
				6880E4CCCEE5513C70D68753 /* ImagePickerAuthorization.swift */,
			);
			path = Logic;
			sourceTree = "<group>";
		};
		72723117B1BFA01E33CBB7A6 /* Products */ = {
			isa = PBXGroup;
			children = (
				1D6C1E19155EA3A2433B4EB8 /* Alamofire.framework */,
				43F834D1104A582E5DFFC416 /* Lottie.framework */,
				EE2F03213EB531F252879845 /* Moya.framework */,
				E73B4E2B0BE194A3989B37B9 /* NextLevel.framework */,
				0C5B1D7EFC8F52FEEC9AF7DD /* RxCocoa.framework */,
				BD9541ECB8BC48AFC5CB0EAA /* RxDataSources.framework */,
				4A1C9DC33CA132CE6CA8936E /* RxGesture.framework */,
				A5C01088FF08297F798F7D16 /* RxSwift.framework */,
				080C58231FCEDC083F899294 /* Shared.framework */,
				49D8CAD4A1E3478C7DC7DFFB /* SnapKit.framework */,
				7C84A6BF19B8DC74F46E9CFF /* SocketIO.framework */,
				42F1A044474E6F357C47F835 /* SweeterSwift.framework */,
				DB168EC01214353236604721 /* SwiftyJSON.framework */,
				FBCD53E2BB563C812B8ACDAF /* Then.framework */,
				2EAF6DAF50DEE15728CEA91F /* Toast.framework */,
			);
			name = Products;
			sourceTree = "<group>";
		};
		74AB96DA7DE507CD41E6BCEF /* Extentions */ = {
			isa = PBXGroup;
			children = (
				F1026F74626EEAC3686FF227 /* Array+.swift */,
				9D09D8D27B1E99202C72171D /* Color+.swift */,
				A0DFE756D6B893CBFB9693F9 /* Date+.swift */,
				0D7821E24CA075E5C7EA76D1 /* Extensions.swift */,
				72D3C7EC4134C1BCFD114736 /* Font+.swift */,
				72AFC2A79C4E35CD6CDCA6C7 /* JSON+.swift */,
				FD25BEEA956D0720F8E72CAE /* String+.swift */,
				EAED1DC348554D913BAF78BB /* UI+.swift */,
			);
			path = Extentions;
			sourceTree = "<group>";
		};
		8117B76F226B064D6B924C07 /* VideoRegister */ = {
			isa = PBXGroup;
			children = (
				BB633A35C3DF79160430D287 /* NewABVideoRangeSlider */,
				0CEF705102DCC738EDFEA95C /* RemoveVideoPopup */,
				75FD2D1F89A8EE503E80C261 /* NewVideoEditorController.swift */,
				1D2793867C345099D0CD2FB9 /* NewVideoRecordViewController.swift */,
				B67C1CA18F9600964AD4F792 /* NewVideoRegister.storyboard */,
				94F5A0873CDCB6213CD51E38 /* NewVideoRegister.xcassets */,
			);
			path = VideoRegister;
			sourceTree = "<group>";
		};
		8DBC6BAA6C2105D09B097177 /* Sources */ = {
			isa = PBXGroup;
			children = (
				2A6010CF5A938B573A451E10 /* Component */,
				6FAE638BAFCE43EDE1DE12FE /* Device */,
				0CCB18E2C7D3BD1A85417415 /* Util */,
				632266C13B1A17FC36023A1F /* Shared.swift */,
			);
			path = Sources;
			sourceTree = "<group>";
		};
		97AA831C353950CA97B75A65 /* Classes */ = {
			isa = PBXGroup;
			children = (
				76699718625020C73F7C166A /* NewABBorder.swift */,
				680DAC242AFB8DF656A9AA8D /* NewABEndIndicator.swift */,
				9916AF267D8830D6A5A1BCA8 /* NewABProgressIndicator.swift */,
				9994284B121C9093FE1A1E7C /* NewABStartIndicator.swift */,
				CAA3F04B5E2C94DB99CA9A58 /* NewABThumbnailsManager.swift */,
				84A277AE2DE44D4578810AD9 /* NewABTimeView.swift */,
				2E363BB38103965233A21BD4 /* NewABVideoHelper.swift */,
				76D9DCF0A62799AE6B7A12D3 /* NewABVideoRangeSlider.swift */,
			);
			path = Classes;
			sourceTree = "<group>";
		};
		B13ECBC6C874898393077A91 /* Alert */ = {
			isa = PBXGroup;
			children = (
				5B09EBD0D5460A6D3E4E6EA3 /* Alert.swift */,
			);
			path = Alert;
			sourceTree = "<group>";
		};
		B82185592A3072A300127F9E /* Lottie */ = {
			isa = PBXGroup;
			children = (
				B821855A2A30730800127F9E /* video_loding.json */,
			);
			path = Lottie;
			sourceTree = "<group>";
		};
		BB633A35C3DF79160430D287 /* NewABVideoRangeSlider */ = {
			isa = PBXGroup;
			children = (
				97AA831C353950CA97B75A65 /* Classes */,
			);
			path = NewABVideoRangeSlider;
			sourceTree = "<group>";
		};
		C4739B8EE97E8D044C6DBDB2 /* View */ = {
			isa = PBXGroup;
			children = (
				F6799998C52E6462CED8A748 /* SelectPopup */,
				5A0034F467F3EE2F7A264683 /* AttachmentInputView.swift */,
				B4158668A05D21FE5E021FB8 /* AttachmentInputView.xib */,
				ECB3E3C5DE02B26ACBE41D34 /* ImagePickerCell.swift */,
				D45B723E4CB16F0D527D3F74 /* ImagePickerCell.xib */,
				ADCDFE676E1B437DA454F73A /* PhotoAlbumCell.swift */,
				5F810F921E4F8D4271FC32A2 /* PhotoAlbumCell.xib */,
			);
			path = View;
			sourceTree = "<group>";
		};
		C50C9B6B58D2B644020D375D /* album */ = {
			isa = PBXGroup;
			children = (
				BB97D38E3F178B41B4386726 /* PhotoAlbumView.swift */,
				1FDAF71FBFB40DC4F2C32EDF /* PhotoAlbumView.xib */,
				501B224B76D067FB267C51E7 /* PLAlbum.swift */,
				6990F58DCDEF82AEE3F7BAC7 /* PLAlbumCell.swift */,
				BD7176388390CD1F0BE13CB3 /* PLAlbumCell.xib */,
				3531BED8503CD1CF23C224BF /* PLAlbumManager.swift */,
			);
			path = album;
			sourceTree = "<group>";
		};
		CCE12D42A69525F4979C8A35 /* Sources */ = {
			isa = PBXGroup;
			children = (
				3EF38E7CFC5349E6817462B2 /* TuistAssets+Shared.swift */,
				F20E4931F5B812FD456DE28F /* TuistBundle+Shared.swift */,
			);
			path = Sources;
			sourceTree = "<group>";
		};
		CFF3308B9DD8563D12ABFC25 /* InfoPlists */ = {
			isa = PBXGroup;
			children = (
				D72BA6AE8B9AF02B56D8FC04 /* Shared-Info.plist */,
			);
			path = InfoPlists;
			sourceTree = "<group>";
		};
		D30A5FC2054D6E25C758F40B /* ImageView */ = {
			isa = PBXGroup;
			children = (
				C50C9B6B58D2B644020D375D /* album */,
				446DA1C657215077844343BF /* AttachmentInput */,
				B7F5C400DAE651EA227E3901 /* BehaviorSubjectExtension.swift */,
				D7AEDCF886EAEF8EAFAE7CA4 /* ObservableTypeExtension.swift */,
			);
			path = ImageView;
			sourceTree = "<group>";
		};
		D3FED1425F72916D98EFD0B3 /* Popup */ = {
			isa = PBXGroup;
			children = (
				DECF4F0396728A646DFA3DAE /* PopupInfoModel.swift */,
				A1002DF3BEE4158AAA27AFAE /* PopupListView.swift */,
				18AF06D8BF8698ED73B820B7 /* PopupView.swift */,
			);
			path = Popup;
			sourceTree = "<group>";
		};
		D5CE085A68F3CC05492F8505 /* View */ = {
			isa = PBXGroup;
			children = (
				3665603AFFC9C4B15EAF7A1E /* CustomView.swift */,
				F68D993A1D98B8641483C5D3 /* MainButton.swift */,
				29F497AA9E08CD68FF8EAA79 /* ShadowView.swift */,
			);
			path = View;
			sourceTree = "<group>";
		};
		D6D5E4498F2F766E9434DBA9 /* Service */ = {
			isa = PBXGroup;
			children = (
				601F218E76A65FA68D1956FB /* UI */,
			);
			path = Service;
			sourceTree = "<group>";
		};
		DA75EE09CE53689E1DEA0A26 = {
			isa = PBXGroup;
			children = (
				6EC0B98B4A7FF03886AD270E /* Project */,
				E7E2DC04443691192563DF03 /* Frameworks */,
				72723117B1BFA01E33CBB7A6 /* Products */,
			);
			sourceTree = "<group>";
		};
		E7E2DC04443691192563DF03 /* Frameworks */ = {
			isa = PBXGroup;
			children = (
			);
			name = Frameworks;
			sourceTree = "<group>";
		};
		F6799998C52E6462CED8A748 /* SelectPopup */ = {
			isa = PBXGroup;
			children = (
				E7DB78568A7189FD59622E36 /* GalleryPopupView.swift */,
			);
			path = SelectPopup;
			sourceTree = "<group>";
		};
/* End PBXGroup section */

/* Begin PBXNativeTarget section */
		3F5E725EB25BB5E4543E24FA /* Shared */ = {
			isa = PBXNativeTarget;
			buildConfigurationList = 2117CF03C79C03B7B3B8416A /* Build configuration list for PBXNativeTarget "Shared" */;
			buildPhases = (
				AD74B58C499707A60EFE16AE /* Sources */,
				F626B9F9730D1752FF928FEA /* Resources */,
				3AA9FA2CC2DEAF59F76A9966 /* Embed Frameworks */,
				CA16CCCB741E47EAA9FE52A5 /* Frameworks */,
			);
			buildRules = (
			);
			dependencies = (
			);
			name = Shared;
			productName = Shared;
			productReference = 080C58231FCEDC083F899294 /* Shared.framework */;
			productType = "com.apple.product-type.framework";
		};
/* End PBXNativeTarget section */

/* Begin PBXProject section */
		CF2E1D8B54DADE3AB44ADA38 /* Project object */ = {
			isa = PBXProject;
			attributes = {
				ORGANIZATIONNAME = Harmony;
			};
			buildConfigurationList = D2876CF02FBF5B694E5387F4 /* Build configuration list for PBXProject "Shared" */;
			compatibilityVersion = "Xcode 13.0";
			developmentRegion = en;
			hasScannedForEncodings = 0;
			knownRegions = (
				Base,
				en,
			);
			mainGroup = DA75EE09CE53689E1DEA0A26;
			productRefGroup = 72723117B1BFA01E33CBB7A6 /* Products */;
			projectDirPath = "";
			projectRoot = "";
			targets = (
				3F5E725EB25BB5E4543E24FA /* Shared */,
			);
		};
/* End PBXProject section */

/* Begin PBXResourcesBuildPhase section */
		F626B9F9730D1752FF928FEA /* Resources */ = {
			isa = PBXResourcesBuildPhase;
			buildActionMask = 2147483647;
			files = (
				4805385942B76DAB4820D840 /* Alert.swift in Resources */,
				46F37E1AEAEE5B767623E01B /* PopupInfoModel.swift in Resources */,
				E94DE3CEEFB62CE479D00E3C /* PopupListView.swift in Resources */,
				597089C6E1DA16A7130696C2 /* PopupView.swift in Resources */,
				6B3F1D90B51987D65C5E8167 /* Toast.swift in Resources */,
				AE45A92F7AB1F32CEFD53B72 /* CustomView.swift in Resources */,
				688B33CF116BB4C61D257F79 /* MainButton.swift in Resources */,
				4C4D86FB0A71ED10959ECFE8 /* ShadowView.swift in Resources */,
				9B1AC4443CE23F36B18A6D10 /* AuthorizationManager.swift in Resources */,
				DEF034A4A81E82A2994B7AA0 /* DeviceManager.swift in Resources */,
				B821855B2A30730800127F9E /* video_loding.json in Resources */,
				336442CB6D828FC3069C2A36 /* ImageCell.swift in Resources */,
				8C4D0C6FF87FECBBDB5F6D65 /* CropRectView.swift in Resources */,
				80F022FAFB18717FFD2EEE4C /* CropView.swift in Resources */,
				39F4C5F3781418EE293A329A /* CropViewController.h in Resources */,
				68050351AB1BB7A880D36EAB /* CropViewController.swift in Resources */,
				53292EC15E4E1CDD85B581FF /* PhotoCropEditorBorder.png in Resources */,
				3166C4031C48045E4C4A540F /* PhotoCropEditorBorder@2x.png in Resources */,
				DD9D96A4C0A6FAE2FDCAAA2A /* PhotoCropEditorBorder@3x.png in Resources */,
				0D882C9BA741B1C83117E009 /* ResizeControl.swift in Resources */,
				27522768CA7878D71A6E1B8D /* UIImage+Crop.swift in Resources */,
				A84F2BD41BF1B62885D5444F /* NewImageCrop.storyboard in Resources */,
				810420268D8BA1AA10C31B7F /* NewImageCropViewController.swift in Resources */,
				C5DE4E380FA25962CA83C17F /* NewImageEditorViewController.swift in Resources */,
				0BF975470059B61703EFEFF7 /* AttachmentInput.h in Resources */,
				79FB23B1E4730D773DBA31B7 /* AttachmentInput.swift in Resources */,
				B92509F53680A5C93CD7CB69 /* AttachmentInputConfiguration.swift in Resources */,
				9E83D755732946CD427777AB /* AttachmentInputDelegate.swift in Resources */,
				59D1B858773F00621FFED0B5 /* AttachmentInputError.swift in Resources */,
				CAAFF760F8AD446A084FAADA /* AttachmentInputPhoto.swift in Resources */,
				31BC2911132F6F6AA68AFC51 /* AttachmentInputPhotoStatus.swift in Resources */,
				1AB46D55AEAC944E4F8A5CE4 /* AttachmentInputUtil.swift in Resources */,
				9AC49494EAB6352A24EA3BBE /* AttachmentInputViewLogic.swift in Resources */,
				75E28CB6CC57FFE64B5166E5 /* ImagePickerAuthorization.swift in Resources */,
				9828227A623774CFAC450F06 /* AttachmentInputView.swift in Resources */,
				F55C8E78DE759E3A48887847 /* AttachmentInputView.xib in Resources */,
				451B47463EC5CFEEC18B1B5A /* ImagePickerCell.swift in Resources */,
				34B8B0EE899E04865328D364 /* ImagePickerCell.xib in Resources */,
				D5AEED3D216C35C2FE98549B /* PhotoAlbumCell.swift in Resources */,
				9FA83AEE185C167ED64404DD /* PhotoAlbumCell.xib in Resources */,
				FD709EACC54148028F8CAF2A /* BehaviorSubjectExtension.swift in Resources */,
				708EBAB299C0B8E1517EE9D0 /* ObservableTypeExtension.swift in Resources */,
				2D5DB954372A1B2EF9DE275E /* PLAlbum.swift in Resources */,
				83DF50FDC41EDCCA5A47FCBF /* PLAlbumCell.swift in Resources */,
				4548A6F1651CE8E0F2DDF282 /* PLAlbumCell.xib in Resources */,
				BC1CEBEB6EE0895DF4869F6A /* PLAlbumManager.swift in Resources */,
				BA4F88F0E6047FE4C23FA769 /* PhotoAlbumView.swift in Resources */,
				2B2F602BE88D3F4022B9877C /* PhotoAlbumView.xib in Resources */,
				71B4FF0BEBDD4193B4020EEC /* NewSwipeContentViewController.swift in Resources */,
				3974F7741D03A79B05081704 /* NewSwipeViewController.swift in Resources */,
				E838187EC329721CDE305614 /* NewABBorder.swift in Resources */,
				D4964F0A9DE75C94C92F94FB /* NewABEndIndicator.swift in Resources */,
				F9A34A07AC69736A9EE2FF31 /* NewABProgressIndicator.swift in Resources */,
				C07BDEBF2570F02DBA8DAC22 /* NewABStartIndicator.swift in Resources */,
				854BCF8796B89CEE6F7D33B9 /* NewABThumbnailsManager.swift in Resources */,
				D36205C6B5D2B93367830A94 /* NewABTimeView.swift in Resources */,
				53EB805A3069063115406533 /* NewABVideoHelper.swift in Resources */,
				E749694802FAF4AB1B98035C /* NewABVideoRangeSlider.swift in Resources */,
				D8C70E674E1B3A5F29F18A60 /* NewVideoEditorController.swift in Resources */,
				174030ED4A597492BAF36ADA /* NewVideoRecordViewController.swift in Resources */,
				BB5D91280B8BE82223F48649 /* NewVideoRegister.storyboard in Resources */,
				0B95DF67EF7694BC02C7834B /* NewVideoRegister.xcassets in Resources */,
				85233595A5582638A8195F40 /* RemoveVideoPopupView.swift in Resources */,
				531B9A7B13E1ECC52BDB8FA2 /* RemoveVideoPopupView.xib in Resources */,
				62465041C8EAAAE275855B6F /* UploadingView.swift in Resources */,
				DF31EF4A558F74EEF9F6D1A1 /* PhotoData.swift in Resources */,
				C5483A492488DDB608BDBD97 /* PhotoMain.storyboard in Resources */,
				DFC00410EC82BB629E716ECA /* PhotoViewController.swift in Resources */,
				F2CCEF1E2A8E7B08E3498110 /* PhotoViewModel.swift in Resources */,
				246C33569D7668065BB501F8 /* ImageAssets.xcassets in Resources */,
				44E6FE36996B32FE9B9E9069 /* GalleryPopupView.swift in Resources */,
				0350E53932E42E694989AB60 /* Shared.swift in Resources */,
				DD798C4DCDF41457E5EE8A2E /* AppSetting.swift in Resources */,
				809DFE7F3FACC8142C8F7712 /* Array+.swift in Resources */,
				68A0AA214229D49F462836A0 /* Color+.swift in Resources */,
				9BDBE6450B8CADCAF1F5F4C2 /* Date+.swift in Resources */,
				4F3B0577BE68E8175019DA36 /* Extensions.swift in Resources */,
				A984DB949C46A24B96136298 /* Font+.swift in Resources */,
				2E4A5813A3FDB83F983C24BB /* JSON+.swift in Resources */,
				3449EBEEC15A68C977937CC0 /* String+.swift in Resources */,
				246E4EB4E0478E1F482BA166 /* UI+.swift in Resources */,
				00E8EB050F62171772539BD0 /* Exceptions.swift in Resources */,
				2F3D95368FF2D43B541956D8 /* Logger.swift in Resources */,
				5783F9F9D87DC9AC5D0FCFB9 /* ResourceManager.swift in Resources */,
				0F6349AED00A6691C9305132 /* UserDefault.swift in Resources */,
			);
			runOnlyForDeploymentPostprocessing = 0;
		};
/* End PBXResourcesBuildPhase section */

/* Begin PBXSourcesBuildPhase section */
		AD74B58C499707A60EFE16AE /* Sources */ = {
			isa = PBXSourcesBuildPhase;
			buildActionMask = 2147483647;
			files = (
				8CD5CDED0E13867118F10083 /* TuistAssets+Shared.swift in Sources */,
				0B1EE9BA735D1B2D9984D5E0 /* TuistBundle+Shared.swift in Sources */,
				933AABAC0494D69BF35E1194 /* Alert.swift in Sources */,
				37522D68DE37C1CF4081B47F /* PopupInfoModel.swift in Sources */,
				D569806A56D3506F01AA1E83 /* PopupListView.swift in Sources */,
				03D6EBE7671527B3CECFB8C4 /* PopupView.swift in Sources */,
				CFE5CBB8AAD898B787A44C8C /* Toast.swift in Sources */,
				86842827EC387A5B73C89C42 /* CustomView.swift in Sources */,
				8E11179B8072423FB985B3B5 /* MainButton.swift in Sources */,
				618AA0A44F74D473DBA1D2FF /* ShadowView.swift in Sources */,
				3462B3C735CB2D993E7811DE /* AuthorizationManager.swift in Sources */,
				474D60C957F07EA718D0B242 /* DeviceManager.swift in Sources */,
				7B4BA93740356FD4FBB9992D /* ImageCell.swift in Sources */,
				682374AA6CCF2C8648430DB8 /* CropRectView.swift in Sources */,
				8ED5267A67A3138F90DFB484 /* CropView.swift in Sources */,
				6F148EE6ADE039430DEF4020 /* CropViewController.swift in Sources */,
				46E0728434A337A9736B0847 /* ResizeControl.swift in Sources */,
				28ABD8809DD06DF65E85EB6E /* UIImage+Crop.swift in Sources */,
				829A9CA002433410776DCE7A /* NewImageCropViewController.swift in Sources */,
				BFF258461E5EF5B20A3BE0B8 /* NewImageEditorViewController.swift in Sources */,
				973CE2E433523329B3EAC6DD /* AttachmentInput.swift in Sources */,
				654333365C7B9885A75ED6CC /* AttachmentInputConfiguration.swift in Sources */,
				CB6C6F9A44CD3771DA2CE103 /* AttachmentInputDelegate.swift in Sources */,
				BC65F2C5639BFE1291CCA707 /* AttachmentInputError.swift in Sources */,
				67B5B32595D48B4E4134909C /* AttachmentInputPhoto.swift in Sources */,
				F33EA0C399A4306C713EE16D /* AttachmentInputPhotoStatus.swift in Sources */,
				FD12B1415DE605BB0BCA249D /* AttachmentInputUtil.swift in Sources */,
				2DA4F9F5C658A3153F90E6F6 /* AttachmentInputViewLogic.swift in Sources */,
				1E2D80604147EFDE9DD53EB5 /* ImagePickerAuthorization.swift in Sources */,
				F46043743C2ABB9182265251 /* AttachmentInputView.swift in Sources */,
				5E0CF54578EE4C409ADE8521 /* ImagePickerCell.swift in Sources */,
				C3F249E20BF427F148658533 /* PhotoAlbumCell.swift in Sources */,
				DC65CB5BCB0A02B00F10662B /* BehaviorSubjectExtension.swift in Sources */,
				B26F03FD75989DA2546DCBCB /* ObservableTypeExtension.swift in Sources */,
				750B8FF508BC4CBE70184C26 /* PLAlbum.swift in Sources */,
				9592644DDABBAA7DCC5A02ED /* PLAlbumCell.swift in Sources */,
				96BE3B5424865EE3168B193C /* PLAlbumManager.swift in Sources */,
				C2CC9FB9CD21DF920910EEB7 /* PhotoAlbumView.swift in Sources */,
				F31FDCADA4A7A308768226F0 /* NewSwipeContentViewController.swift in Sources */,
				50E1BCFE0C4B4F207C4EA699 /* NewSwipeViewController.swift in Sources */,
				66E2B456D634DBC1024F52DA /* NewABBorder.swift in Sources */,
				DA567BBFBF764F75143DE9C2 /* NewABEndIndicator.swift in Sources */,
				FCB1A64F163FCA6587EFCA45 /* NewABProgressIndicator.swift in Sources */,
				1C50E886ED5DC4B13DBBC2C9 /* NewABStartIndicator.swift in Sources */,
				EF54DD161D87B479491C37EC /* NewABThumbnailsManager.swift in Sources */,
				6E2EEA5317CB5D74B0779CB0 /* NewABTimeView.swift in Sources */,
				DEE58D5F0FD5BBF77974D58C /* NewABVideoHelper.swift in Sources */,
				A61532D7611B7F9334C19048 /* NewABVideoRangeSlider.swift in Sources */,
				F504783DE023C618035328D6 /* NewVideoEditorController.swift in Sources */,
				933B569D0AE7E44E544F4A83 /* NewVideoRecordViewController.swift in Sources */,
				23C13A7F37B1252E91F2CB97 /* RemoveVideoPopupView.swift in Sources */,
				AB4B2CF1754056DF3EB58718 /* UploadingView.swift in Sources */,
				013091D280279D54B73DFB17 /* PhotoData.swift in Sources */,
				EA7D59D7B3F52F16B3532CE5 /* PhotoViewController.swift in Sources */,
				50EE075D63F4B458CA399E3E /* PhotoViewModel.swift in Sources */,
				B5C8B4BECCCA6270B3F78844 /* GalleryPopupView.swift in Sources */,
				5B3F8186F816AC35F773851A /* Shared.swift in Sources */,
				DBEB95902E0ADE384000A621 /* AppSetting.swift in Sources */,
				C4A722C647AC1319FC6ED86F /* Array+.swift in Sources */,
				2A2F28FD1AB4E41AB797210D /* Color+.swift in Sources */,
				229F6CD947880BC296090E41 /* Date+.swift in Sources */,
				E5E8F08BB368B59EF11093FB /* Extensions.swift in Sources */,
				796BCBA0AE8C6ECF77248766 /* Font+.swift in Sources */,
				D84B1FEE02CFD04B9D0F0BBA /* JSON+.swift in Sources */,
				08D44B3FC36F92F952E2A996 /* String+.swift in Sources */,
				4988E14259DFEDE49DABCAF7 /* UI+.swift in Sources */,
				B5D66093C62B9EFCB6E64502 /* Exceptions.swift in Sources */,
				61ED4F43CB1BD62CD9289068 /* Logger.swift in Sources */,
				9E1839B17CF2C21F81CD940B /* ResourceManager.swift in Sources */,
				B4B9DFFD2DDCD94E7F8794B7 /* UserDefault.swift in Sources */,
			);
			runOnlyForDeploymentPostprocessing = 0;
		};
/* End PBXSourcesBuildPhase section */

/* Begin XCBuildConfiguration section */
		329F7F5599946B33744B069E /* Release */ = {
			isa = XCBuildConfiguration;
			buildSettings = {
				CODE_SIGN_IDENTITY = "";
				CURRENT_PROJECT_VERSION = 1;
				DEFINES_MODULE = YES;
				DYLIB_COMPATIBILITY_VERSION = 1;
				DYLIB_CURRENT_VERSION = 1;
				DYLIB_INSTALL_NAME_BASE = "@rpath";
				INFOPLIST_FILE = "Derived/InfoPlists/Shared-Info.plist";
				INSTALL_PATH = "$(LOCAL_LIBRARY_DIR)/Frameworks";
				IPHONEOS_DEPLOYMENT_TARGET = 14.0;
				LD_RUNPATH_SEARCH_PATHS = (
					"$(inherited)",
					"@executable_path/Frameworks",
					"@loader_path/Frameworks",
				);
				PRODUCT_BUNDLE_IDENTIFIER = com.yeoboya.Harmony.Shared;
				PRODUCT_NAME = Shared;
				SDKROOT = iphoneos;
				SKIP_INSTALL = YES;
				SUPPORTS_MACCATALYST = NO;
				SWIFT_COMPILATION_MODE = wholemodule;
				SWIFT_OPTIMIZATION_LEVEL = "-Owholemodule";
				SWIFT_VERSION = 5.0;
				TARGETED_DEVICE_FAMILY = "1,2";
				VERSIONING_SYSTEM = "apple-generic";
				VERSION_INFO_PREFIX = "";
			};
			name = Release;
		};
		3B142AAA98D3EED199F0F30E /* Debug */ = {
			isa = XCBuildConfiguration;
			buildSettings = {
				CODE_SIGN_IDENTITY = "";
				CURRENT_PROJECT_VERSION = 1;
				DEFINES_MODULE = YES;
				DYLIB_COMPATIBILITY_VERSION = 1;
				DYLIB_CURRENT_VERSION = 1;
				DYLIB_INSTALL_NAME_BASE = "@rpath";
				INFOPLIST_FILE = "Derived/InfoPlists/Shared-Info.plist";
				INSTALL_PATH = "$(LOCAL_LIBRARY_DIR)/Frameworks";
				IPHONEOS_DEPLOYMENT_TARGET = 14.0;
				LD_RUNPATH_SEARCH_PATHS = (
					"$(inherited)",
					"@executable_path/Frameworks",
					"@loader_path/Frameworks",
				);
				PRODUCT_BUNDLE_IDENTIFIER = com.yeoboya.Harmony.Shared;
				PRODUCT_NAME = Shared;
				SDKROOT = iphoneos;
				SKIP_INSTALL = YES;
				SUPPORTS_MACCATALYST = NO;
				SWIFT_ACTIVE_COMPILATION_CONDITIONS = DEBUG;
				SWIFT_COMPILATION_MODE = singlefile;
				SWIFT_OPTIMIZATION_LEVEL = "-Onone";
				SWIFT_VERSION = 5.0;
				TARGETED_DEVICE_FAMILY = "1,2";
				VERSIONING_SYSTEM = "apple-generic";
				VERSION_INFO_PREFIX = "";
			};
			name = Debug;
		};
		D7A3C293A18A829F33CF4960 /* Release */ = {
			isa = XCBuildConfiguration;
			buildSettings = {
				ALWAYS_SEARCH_USER_PATHS = NO;
				CLANG_ANALYZER_LOCALIZABILITY_NONLOCALIZED = YES;
				CLANG_ANALYZER_NONNULL = YES;
				CLANG_ANALYZER_NUMBER_OBJECT_CONVERSION = YES_AGGRESSIVE;
				CLANG_CXX_LANGUAGE_STANDARD = "gnu++14";
				CLANG_CXX_LIBRARY = "libc++";
				CLANG_ENABLE_MODULES = YES;
				CLANG_ENABLE_OBJC_ARC = YES;
				CLANG_ENABLE_OBJC_WEAK = YES;
				CLANG_WARN_BLOCK_CAPTURE_AUTORELEASING = YES;
				CLANG_WARN_BOOL_CONVERSION = YES;
				CLANG_WARN_COMMA = YES;
				CLANG_WARN_CONSTANT_CONVERSION = YES;
				CLANG_WARN_DEPRECATED_OBJC_IMPLEMENTATIONS = YES;
				CLANG_WARN_DIRECT_OBJC_ISA_USAGE = YES_ERROR;
				CLANG_WARN_DOCUMENTATION_COMMENTS = YES;
				CLANG_WARN_EMPTY_BODY = YES;
				CLANG_WARN_ENUM_CONVERSION = YES;
				CLANG_WARN_INFINITE_RECURSION = YES;
				CLANG_WARN_INT_CONVERSION = YES;
				CLANG_WARN_NON_LITERAL_NULL_CONVERSION = YES;
				CLANG_WARN_OBJC_IMPLICIT_RETAIN_SELF = YES;
				CLANG_WARN_OBJC_LITERAL_CONVERSION = YES;
				CLANG_WARN_OBJC_ROOT_CLASS = YES_ERROR;
				CLANG_WARN_QUOTED_INCLUDE_IN_FRAMEWORK_HEADER = YES;
				CLANG_WARN_RANGE_LOOP_ANALYSIS = YES;
				CLANG_WARN_STRICT_PROTOTYPES = YES;
				CLANG_WARN_SUSPICIOUS_MOVE = YES;
				CLANG_WARN_UNGUARDED_AVAILABILITY = YES_AGGRESSIVE;
				CLANG_WARN_UNREACHABLE_CODE = YES;
				CLANG_WARN__DUPLICATE_METHOD_MATCH = YES;
				COPY_PHASE_STRIP = NO;
				DEAD_CODE_STRIPPING = YES;
				DEBUG_INFORMATION_FORMAT = "dwarf-with-dsym";
				ENABLE_NS_ASSERTIONS = NO;
				ENABLE_STRICT_OBJC_MSGSEND = YES;
				GCC_C_LANGUAGE_STANDARD = gnu11;
				GCC_NO_COMMON_BLOCKS = YES;
				GCC_WARN_64_TO_32_BIT_CONVERSION = YES;
				GCC_WARN_ABOUT_RETURN_TYPE = YES_ERROR;
				GCC_WARN_UNDECLARED_SELECTOR = YES;
				GCC_WARN_UNINITIALIZED_AUTOS = YES_AGGRESSIVE;
				GCC_WARN_UNUSED_FUNCTION = YES;
				GCC_WARN_UNUSED_VARIABLE = YES;
				MTL_ENABLE_DEBUG_INFO = NO;
				PRODUCT_NAME = "$(TARGET_NAME)";
				SDKROOT = iphoneos;
				VALIDATE_PRODUCT = YES;
			};
			name = Release;
		};
		FA09E0D1BF44993C2C215471 /* Debug */ = {
			isa = XCBuildConfiguration;
			buildSettings = {
				ALWAYS_SEARCH_USER_PATHS = NO;
				CLANG_ANALYZER_LOCALIZABILITY_NONLOCALIZED = YES;
				CLANG_ANALYZER_NONNULL = YES;
				CLANG_ANALYZER_NUMBER_OBJECT_CONVERSION = YES_AGGRESSIVE;
				CLANG_CXX_LANGUAGE_STANDARD = "gnu++14";
				CLANG_CXX_LIBRARY = "libc++";
				CLANG_ENABLE_MODULES = YES;
				CLANG_ENABLE_OBJC_ARC = YES;
				CLANG_ENABLE_OBJC_WEAK = YES;
				CLANG_WARN_BLOCK_CAPTURE_AUTORELEASING = YES;
				CLANG_WARN_BOOL_CONVERSION = YES;
				CLANG_WARN_COMMA = YES;
				CLANG_WARN_CONSTANT_CONVERSION = YES;
				CLANG_WARN_DEPRECATED_OBJC_IMPLEMENTATIONS = YES;
				CLANG_WARN_DIRECT_OBJC_ISA_USAGE = YES_ERROR;
				CLANG_WARN_DOCUMENTATION_COMMENTS = YES;
				CLANG_WARN_EMPTY_BODY = YES;
				CLANG_WARN_ENUM_CONVERSION = YES;
				CLANG_WARN_INFINITE_RECURSION = YES;
				CLANG_WARN_INT_CONVERSION = YES;
				CLANG_WARN_NON_LITERAL_NULL_CONVERSION = YES;
				CLANG_WARN_OBJC_IMPLICIT_RETAIN_SELF = YES;
				CLANG_WARN_OBJC_LITERAL_CONVERSION = YES;
				CLANG_WARN_OBJC_ROOT_CLASS = YES_ERROR;
				CLANG_WARN_QUOTED_INCLUDE_IN_FRAMEWORK_HEADER = YES;
				CLANG_WARN_RANGE_LOOP_ANALYSIS = YES;
				CLANG_WARN_STRICT_PROTOTYPES = YES;
				CLANG_WARN_SUSPICIOUS_MOVE = YES;
				CLANG_WARN_UNGUARDED_AVAILABILITY = YES_AGGRESSIVE;
				CLANG_WARN_UNREACHABLE_CODE = YES;
				CLANG_WARN__DUPLICATE_METHOD_MATCH = YES;
				COPY_PHASE_STRIP = NO;
				DEAD_CODE_STRIPPING = YES;
				DEBUG_INFORMATION_FORMAT = dwarf;
				ENABLE_STRICT_OBJC_MSGSEND = YES;
				ENABLE_TESTABILITY = YES;
				GCC_C_LANGUAGE_STANDARD = gnu11;
				GCC_DYNAMIC_NO_PIC = NO;
				GCC_NO_COMMON_BLOCKS = YES;
				GCC_OPTIMIZATION_LEVEL = 0;
				GCC_PREPROCESSOR_DEFINITIONS = (
					"DEBUG=1",
					"$(inherited)",
				);
				GCC_WARN_64_TO_32_BIT_CONVERSION = YES;
				GCC_WARN_ABOUT_RETURN_TYPE = YES_ERROR;
				GCC_WARN_UNDECLARED_SELECTOR = YES;
				GCC_WARN_UNINITIALIZED_AUTOS = YES_AGGRESSIVE;
				GCC_WARN_UNUSED_FUNCTION = YES;
				GCC_WARN_UNUSED_VARIABLE = YES;
				MTL_ENABLE_DEBUG_INFO = YES;
				ONLY_ACTIVE_ARCH = YES;
				PRODUCT_NAME = "$(TARGET_NAME)";
				SDKROOT = iphoneos;
			};
			name = Debug;
		};
/* End XCBuildConfiguration section */

/* Begin XCConfigurationList section */
		2117CF03C79C03B7B3B8416A /* Build configuration list for PBXNativeTarget "Shared" */ = {
			isa = XCConfigurationList;
			buildConfigurations = (
				3B142AAA98D3EED199F0F30E /* Debug */,
				329F7F5599946B33744B069E /* Release */,
			);
			defaultConfigurationIsVisible = 0;
			defaultConfigurationName = Release;
		};
		D2876CF02FBF5B694E5387F4 /* Build configuration list for PBXProject "Shared" */ = {
			isa = XCConfigurationList;
			buildConfigurations = (
				FA09E0D1BF44993C2C215471 /* Debug */,
				D7A3C293A18A829F33CF4960 /* Release */,
			);
			defaultConfigurationIsVisible = 0;
			defaultConfigurationName = Release;
		};
/* End XCConfigurationList section */
	};
	rootObject = CF2E1D8B54DADE3AB44ADA38 /* Project object */;
}
