// !$*UTF8*$!
{
	archiveVersion = 1;
	classes = {
	};
	objectVersion = 55;
	objects = {

/* Begin PBXBuildFile section */
		038AFF79D73DCF17FB828278 /* SocketIO.framework in Frameworks */ = {isa = PBXBuildFile; fileRef = 7C84A6BF19B8DC74F46E9CFF /* SocketIO.framework */; platformFilter = ios; };
		228931D260D16FAC4237F049 /* Alamofire.framework in Frameworks */ = {isa = PBXBuildFile; fileRef = 1D6C1E19155EA3A2433B4EB8 /* Alamofire.framework */; platformFilter = ios; };
		474D60C957F07EA718D0B242 /* DeviceManager.swift in Sources */ = {isa = PBXBuildFile; fileRef = EDF39C1C3A98771472789573 /* DeviceManager.swift */; };
		492585F73B63DABF73CE3B80 /* Alert.swift in Sources */ = {isa = PBXBuildFile; fileRef = 9D1D272F8FD1FEBCCA963803 /* Alert.swift */; };
		4EF7B321C88B99758A43C428 /* SwiftyJSON.framework in Frameworks */ = {isa = PBXBuildFile; fileRef = DB168EC01214353236604721 /* SwiftyJSON.framework */; platformFilter = ios; };
		55E6C02DBCC91B1CDEA43F66 /* RxSwift.framework in Frameworks */ = {isa = PBXBuildFile; fileRef = A5C01088FF08297F798F7D16 /* RxSwift.framework */; platformFilter = ios; };
		5B3F8186F816AC35F773851A /* Shared.swift in Sources */ = {isa = PBXBuildFile; fileRef = 632266C13B1A17FC36023A1F /* Shared.swift */; };
		5B6A088C174CE286FBB5D155 /* Then.framework in Frameworks */ = {isa = PBXBuildFile; fileRef = FBCD53E2BB563C812B8ACDAF /* Then.framework */; platformFilter = ios; };
		5F6E278634485802145E6DBA /* Moya.framework in Frameworks */ = {isa = PBXBuildFile; fileRef = EE2F03213EB531F252879845 /* Moya.framework */; platformFilter = ios; };
		61ED4F43CB1BD62CD9289068 /* Logger.swift in Sources */ = {isa = PBXBuildFile; fileRef = 248A1F7184C986F18BE3022C /* Logger.swift */; };
		6653F4602A26E6D700A767AC /* ResourceManager.swift in Sources */ = {isa = PBXBuildFile; fileRef = 6653F45F2A26E6D700A767AC /* ResourceManager.swift */; };
		6653F4622A27076C00A767AC /* PopupView.swift in Sources */ = {isa = PBXBuildFile; fileRef = 6653F4612A27076C00A767AC /* PopupView.swift */; };
		6653F4642A2707F800A767AC /* Color+.swift in Sources */ = {isa = PBXBuildFile; fileRef = 6653F4632A2707F800A767AC /* Color+.swift */; };
		6653F4662A270B6A00A767AC /* Font+.swift in Sources */ = {isa = PBXBuildFile; fileRef = 6653F4652A270B6A00A767AC /* Font+.swift */; };
		6653F46A2A2713F600A767AC /* MainButton.swift in Sources */ = {isa = PBXBuildFile; fileRef = 6653F4692A2713F600A767AC /* MainButton.swift */; };
		6653F46D2A27145E00A767AC /* UI+.swift in Sources */ = {isa = PBXBuildFile; fileRef = 6653F46C2A27145E00A767AC /* UI+.swift */; };
		6653F46F2A27150500A767AC /* PopupInfoModel.swift in Sources */ = {isa = PBXBuildFile; fileRef = 6653F46E2A27150500A767AC /* PopupInfoModel.swift */; };
		6653F4712A271E5700A767AC /* CustomView.swift in Sources */ = {isa = PBXBuildFile; fileRef = 6653F4702A271E5700A767AC /* CustomView.swift */; };
		6653F4732A271F3900A767AC /* ShadowView.swift in Sources */ = {isa = PBXBuildFile; fileRef = 6653F4722A271F3900A767AC /* ShadowView.swift */; };
		6653F4752A27353A00A767AC /* String+.swift in Sources */ = {isa = PBXBuildFile; fileRef = 6653F4742A27353A00A767AC /* String+.swift */; };
		6653F4772A27363100A767AC /* Array+.swift in Sources */ = {isa = PBXBuildFile; fileRef = 6653F4762A27363100A767AC /* Array+.swift */; };
		6653F4792A27369600A767AC /* PopupListView.swift in Sources */ = {isa = PBXBuildFile; fileRef = 6653F4782A27369600A767AC /* PopupListView.swift */; };
		6653F47B2A27372400A767AC /* AuthorizationManager.swift in Sources */ = {isa = PBXBuildFile; fileRef = 6653F47A2A27372400A767AC /* AuthorizationManager.swift */; };
		6653F47D2A273AAE00A767AC /* JSON+.swift in Sources */ = {isa = PBXBuildFile; fileRef = 6653F47C2A273AAE00A767AC /* JSON+.swift */; };
		6653F47F2A273B9600A767AC /* Exceptions.swift in Sources */ = {isa = PBXBuildFile; fileRef = 6653F47E2A273B9600A767AC /* Exceptions.swift */; };
		9999FA769BAE3A0E9C963F31 /* RxGesture.framework in Frameworks */ = {isa = PBXBuildFile; fileRef = 4A1C9DC33CA132CE6CA8936E /* RxGesture.framework */; platformFilter = ios; };
		ACCF8B1C2ADC971F2E3EBD22 /* Toast.swift in Sources */ = {isa = PBXBuildFile; fileRef = 36AA072C4329C3756CAC9A7A /* Toast.swift */; };
		B4B9DFFD2DDCD94E7F8794B7 /* UserDefault.swift in Sources */ = {isa = PBXBuildFile; fileRef = 85582FC66E62EEB4E4F29CCC /* UserDefault.swift */; };
		BC071823327888FB68AFB284 /* RxCocoa.framework in Frameworks */ = {isa = PBXBuildFile; fileRef = 0C5B1D7EFC8F52FEEC9AF7DD /* RxCocoa.framework */; platformFilter = ios; };
		DBEB95902E0ADE384000A621 /* AppSetting.swift in Sources */ = {isa = PBXBuildFile; fileRef = B6318C1579BFE6D4922B35DE /* AppSetting.swift */; };
		E11685B20E3AEFF5D001A0BC /* Toast.framework in Frameworks */ = {isa = PBXBuildFile; fileRef = 2EAF6DAF50DEE15728CEA91F /* Toast.framework */; platformFilter = ios; };
		E5E8F08BB368B59EF11093FB /* Extensions.swift in Sources */ = {isa = PBXBuildFile; fileRef = 0D7821E24CA075E5C7EA76D1 /* Extensions.swift */; };
		F37FF61D2BC0A854D6FFE6BB /* SweeterSwift.framework in Frameworks */ = {isa = PBXBuildFile; fileRef = 42F1A044474E6F357C47F835 /* SweeterSwift.framework */; platformFilter = ios; };
		F47F701E26589F867F6771D6 /* SnapKit.framework in Frameworks */ = {isa = PBXBuildFile; fileRef = 49D8CAD4A1E3478C7DC7DFFB /* SnapKit.framework */; platformFilter = ios; };
/* End PBXBuildFile section */

/* Begin PBXCopyFilesBuildPhase section */
		3AA9FA2CC2DEAF59F76A9966 /* Embed Frameworks */ = {
			isa = PBXCopyFilesBuildPhase;
			buildActionMask = 2147483647;
			dstPath = "";
			dstSubfolderSpec = 10;
			files = (
			);
			name = "Embed Frameworks";
			runOnlyForDeploymentPostprocessing = 0;
		};
/* End PBXCopyFilesBuildPhase section */

/* Begin PBXFileReference section */
		080C58231FCEDC083F899294 /* Shared.framework */ = {isa = PBXFileReference; explicitFileType = wrapper.framework; includeInIndex = 0; path = Shared.framework; sourceTree = BUILT_PRODUCTS_DIR; };
		0C5B1D7EFC8F52FEEC9AF7DD /* RxCocoa.framework */ = {isa = PBXFileReference; explicitFileType = wrapper.framework; includeInIndex = 0; path = RxCocoa.framework; sourceTree = BUILT_PRODUCTS_DIR; };
		0D7821E24CA075E5C7EA76D1 /* Extensions.swift */ = {isa = PBXFileReference; lastKnownFileType = sourcecode.swift; path = Extensions.swift; sourceTree = "<group>"; };
		1D6C1E19155EA3A2433B4EB8 /* Alamofire.framework */ = {isa = PBXFileReference; explicitFileType = wrapper.framework; includeInIndex = 0; path = Alamofire.framework; sourceTree = BUILT_PRODUCTS_DIR; };
		248A1F7184C986F18BE3022C /* Logger.swift */ = {isa = PBXFileReference; lastKnownFileType = sourcecode.swift; path = Logger.swift; sourceTree = "<group>"; };
		2EAF6DAF50DEE15728CEA91F /* Toast.framework */ = {isa = PBXFileReference; explicitFileType = wrapper.framework; includeInIndex = 0; path = Toast.framework; sourceTree = BUILT_PRODUCTS_DIR; };
		36AA072C4329C3756CAC9A7A /* Toast.swift */ = {isa = PBXFileReference; lastKnownFileType = sourcecode.swift; path = Toast.swift; sourceTree = "<group>"; };
		42F1A044474E6F357C47F835 /* SweeterSwift.framework */ = {isa = PBXFileReference; explicitFileType = wrapper.framework; includeInIndex = 0; path = SweeterSwift.framework; sourceTree = BUILT_PRODUCTS_DIR; };
		49D8CAD4A1E3478C7DC7DFFB /* SnapKit.framework */ = {isa = PBXFileReference; explicitFileType = wrapper.framework; includeInIndex = 0; path = SnapKit.framework; sourceTree = BUILT_PRODUCTS_DIR; };
		4A1C9DC33CA132CE6CA8936E /* RxGesture.framework */ = {isa = PBXFileReference; explicitFileType = wrapper.framework; includeInIndex = 0; path = RxGesture.framework; sourceTree = BUILT_PRODUCTS_DIR; };
		632266C13B1A17FC36023A1F /* Shared.swift */ = {isa = PBXFileReference; lastKnownFileType = sourcecode.swift; path = Shared.swift; sourceTree = "<group>"; };
		6653F45F2A26E6D700A767AC /* ResourceManager.swift */ = {isa = PBXFileReference; lastKnownFileType = sourcecode.swift; path = ResourceManager.swift; sourceTree = "<group>"; };
		6653F4612A27076C00A767AC /* PopupView.swift */ = {isa = PBXFileReference; lastKnownFileType = sourcecode.swift; path = PopupView.swift; sourceTree = "<group>"; };
		6653F4632A2707F800A767AC /* Color+.swift */ = {isa = PBXFileReference; lastKnownFileType = sourcecode.swift; path = "Color+.swift"; sourceTree = "<group>"; };
		6653F4652A270B6A00A767AC /* Font+.swift */ = {isa = PBXFileReference; lastKnownFileType = sourcecode.swift; path = "Font+.swift"; sourceTree = "<group>"; };
		6653F4692A2713F600A767AC /* MainButton.swift */ = {isa = PBXFileReference; lastKnownFileType = sourcecode.swift; path = MainButton.swift; sourceTree = "<group>"; };
		6653F46C2A27145E00A767AC /* UI+.swift */ = {isa = PBXFileReference; lastKnownFileType = sourcecode.swift; path = "UI+.swift"; sourceTree = "<group>"; };
		6653F46E2A27150500A767AC /* PopupInfoModel.swift */ = {isa = PBXFileReference; lastKnownFileType = sourcecode.swift; path = PopupInfoModel.swift; sourceTree = "<group>"; };
		6653F4702A271E5700A767AC /* CustomView.swift */ = {isa = PBXFileReference; lastKnownFileType = sourcecode.swift; path = CustomView.swift; sourceTree = "<group>"; };
		6653F4722A271F3900A767AC /* ShadowView.swift */ = {isa = PBXFileReference; lastKnownFileType = sourcecode.swift; path = ShadowView.swift; sourceTree = "<group>"; };
		6653F4742A27353A00A767AC /* String+.swift */ = {isa = PBXFileReference; lastKnownFileType = sourcecode.swift; path = "String+.swift"; sourceTree = "<group>"; };
		6653F4762A27363100A767AC /* Array+.swift */ = {isa = PBXFileReference; lastKnownFileType = sourcecode.swift; path = "Array+.swift"; sourceTree = "<group>"; };
		6653F4782A27369600A767AC /* PopupListView.swift */ = {isa = PBXFileReference; lastKnownFileType = sourcecode.swift; path = PopupListView.swift; sourceTree = "<group>"; };
		6653F47A2A27372400A767AC /* AuthorizationManager.swift */ = {isa = PBXFileReference; lastKnownFileType = sourcecode.swift; path = AuthorizationManager.swift; sourceTree = "<group>"; };
		6653F47C2A273AAE00A767AC /* JSON+.swift */ = {isa = PBXFileReference; lastKnownFileType = sourcecode.swift; path = "JSON+.swift"; sourceTree = "<group>"; };
		6653F47E2A273B9600A767AC /* Exceptions.swift */ = {isa = PBXFileReference; lastKnownFileType = sourcecode.swift; path = Exceptions.swift; sourceTree = "<group>"; };
		7C84A6BF19B8DC74F46E9CFF /* SocketIO.framework */ = {isa = PBXFileReference; explicitFileType = wrapper.framework; includeInIndex = 0; path = SocketIO.framework; sourceTree = BUILT_PRODUCTS_DIR; };
		85582FC66E62EEB4E4F29CCC /* UserDefault.swift */ = {isa = PBXFileReference; lastKnownFileType = sourcecode.swift; path = UserDefault.swift; sourceTree = "<group>"; };
		9D1D272F8FD1FEBCCA963803 /* Alert.swift */ = {isa = PBXFileReference; lastKnownFileType = sourcecode.swift; path = Alert.swift; sourceTree = "<group>"; };
		A5C01088FF08297F798F7D16 /* RxSwift.framework */ = {isa = PBXFileReference; explicitFileType = wrapper.framework; includeInIndex = 0; path = RxSwift.framework; sourceTree = BUILT_PRODUCTS_DIR; };
		B6318C1579BFE6D4922B35DE /* AppSetting.swift */ = {isa = PBXFileReference; lastKnownFileType = sourcecode.swift; path = AppSetting.swift; sourceTree = "<group>"; };
		D72BA6AE8B9AF02B56D8FC04 /* Shared-Info.plist */ = {isa = PBXFileReference; lastKnownFileType = text.plist; path = "Shared-Info.plist"; sourceTree = "<group>"; };
		DB168EC01214353236604721 /* SwiftyJSON.framework */ = {isa = PBXFileReference; explicitFileType = wrapper.framework; includeInIndex = 0; path = SwiftyJSON.framework; sourceTree = BUILT_PRODUCTS_DIR; };
		EDF39C1C3A98771472789573 /* DeviceManager.swift */ = {isa = PBXFileReference; lastKnownFileType = sourcecode.swift; path = DeviceManager.swift; sourceTree = "<group>"; };
		EE2F03213EB531F252879845 /* Moya.framework */ = {isa = PBXFileReference; explicitFileType = wrapper.framework; includeInIndex = 0; path = Moya.framework; sourceTree = BUILT_PRODUCTS_DIR; };
		FBCD53E2BB563C812B8ACDAF /* Then.framework */ = {isa = PBXFileReference; explicitFileType = wrapper.framework; includeInIndex = 0; path = Then.framework; sourceTree = BUILT_PRODUCTS_DIR; };
/* End PBXFileReference section */

/* Begin PBXFrameworksBuildPhase section */
		CA16CCCB741E47EAA9FE52A5 /* Frameworks */ = {
			isa = PBXFrameworksBuildPhase;
			buildActionMask = 2147483647;
			files = (
				228931D260D16FAC4237F049 /* Alamofire.framework in Frameworks */,
				5F6E278634485802145E6DBA /* Moya.framework in Frameworks */,
				BC071823327888FB68AFB284 /* RxCocoa.framework in Frameworks */,
				9999FA769BAE3A0E9C963F31 /* RxGesture.framework in Frameworks */,
				55E6C02DBCC91B1CDEA43F66 /* RxSwift.framework in Frameworks */,
				F47F701E26589F867F6771D6 /* SnapKit.framework in Frameworks */,
				038AFF79D73DCF17FB828278 /* SocketIO.framework in Frameworks */,
				F37FF61D2BC0A854D6FFE6BB /* SweeterSwift.framework in Frameworks */,
				4EF7B321C88B99758A43C428 /* SwiftyJSON.framework in Frameworks */,
				5B6A088C174CE286FBB5D155 /* Then.framework in Frameworks */,
				E11685B20E3AEFF5D001A0BC /* Toast.framework in Frameworks */,
			);
			runOnlyForDeploymentPostprocessing = 0;
		};
/* End PBXFrameworksBuildPhase section */

/* Begin PBXGroup section */
		0AEB248A6F267B432C62E210 /* Alert */ = {
			isa = PBXGroup;
			children = (
				9D1D272F8FD1FEBCCA963803 /* Alert.swift */,
			);
			path = Alert;
			sourceTree = "<group>";
		};
		0CCB18E2C7D3BD1A85417415 /* Util */ = {
			isa = PBXGroup;
			children = (
				6653F45D2A26E6C200A767AC /* Service */,
				0AEB248A6F267B432C62E210 /* Alert */,
				1E8EA216DC07F8500FC0ECE3 /* AppSetting */,
				74AB96DA7DE507CD41E6BCEF /* Extentions */,
				56EAD5CED3360ADFC4CC22C0 /* Logger */,
				2959BA40A3BD488C540DB4B4 /* Toast */,
				6B9D4F706B827291EA3F0F0B /* UserDafault */,
			);
			path = Util;
			sourceTree = "<group>";
		};
		1E8EA216DC07F8500FC0ECE3 /* AppSetting */ = {
			isa = PBXGroup;
			children = (
				B6318C1579BFE6D4922B35DE /* AppSetting.swift */,
			);
			path = AppSetting;
			sourceTree = "<group>";
		};
		2959BA40A3BD488C540DB4B4 /* Toast */ = {
			isa = PBXGroup;
			children = (
				36AA072C4329C3756CAC9A7A /* Toast.swift */,
			);
			path = Toast;
			sourceTree = "<group>";
		};
		3C54C1673B7334EF19C38BB2 /* Derived */ = {
			isa = PBXGroup;
			children = (
				CFF3308B9DD8563D12ABFC25 /* InfoPlists */,
			);
			path = Derived;
			sourceTree = "<group>";
		};
		56EAD5CED3360ADFC4CC22C0 /* Logger */ = {
			isa = PBXGroup;
			children = (
				248A1F7184C986F18BE3022C /* Logger.swift */,
				6653F47E2A273B9600A767AC /* Exceptions.swift */,
			);
			path = Logger;
			sourceTree = "<group>";
		};
		6653F45D2A26E6C200A767AC /* Service */ = {
			isa = PBXGroup;
			children = (
				6653F45E2A26E6CA00A767AC /* UI */,
			);
			path = Service;
			sourceTree = "<group>";
		};
		6653F45E2A26E6CA00A767AC /* UI */ = {
			isa = PBXGroup;
			children = (
				6653F45F2A26E6D700A767AC /* ResourceManager.swift */,
			);
			path = UI;
			sourceTree = "<group>";
		};
		6653F4672A2713CB00A767AC /* Component */ = {
			isa = PBXGroup;
			children = (
				6653F46B2A27140600A767AC /* Popup */,
				6653F4682A2713EA00A767AC /* View */,
			);
			path = Component;
			sourceTree = "<group>";
		};
		6653F4682A2713EA00A767AC /* View */ = {
			isa = PBXGroup;
			children = (
				6653F4692A2713F600A767AC /* MainButton.swift */,
				6653F4702A271E5700A767AC /* CustomView.swift */,
				6653F4722A271F3900A767AC /* ShadowView.swift */,
			);
			path = View;
			sourceTree = "<group>";
		};
		6653F46B2A27140600A767AC /* Popup */ = {
			isa = PBXGroup;
			children = (
				6653F4612A27076C00A767AC /* PopupView.swift */,
				6653F4782A27369600A767AC /* PopupListView.swift */,
				6653F46E2A27150500A767AC /* PopupInfoModel.swift */,
			);
			path = Popup;
			sourceTree = "<group>";
		};
		6B9D4F706B827291EA3F0F0B /* UserDafault */ = {
			isa = PBXGroup;
			children = (
				85582FC66E62EEB4E4F29CCC /* UserDefault.swift */,
			);
			path = UserDafault;
			sourceTree = "<group>";
		};
		6EC0B98B4A7FF03886AD270E /* Project */ = {
			isa = PBXGroup;
			children = (
				3C54C1673B7334EF19C38BB2 /* Derived */,
				8DBC6BAA6C2105D09B097177 /* Sources */,
			);
			name = Project;
			sourceTree = "<group>";
		};
		6FAE638BAFCE43EDE1DE12FE /* Device */ = {
			isa = PBXGroup;
			children = (
				EDF39C1C3A98771472789573 /* DeviceManager.swift */,
				6653F47A2A27372400A767AC /* AuthorizationManager.swift */,
			);
			path = Device;
			sourceTree = "<group>";
		};
		72723117B1BFA01E33CBB7A6 /* Products */ = {
			isa = PBXGroup;
			children = (
				1D6C1E19155EA3A2433B4EB8 /* Alamofire.framework */,
				EE2F03213EB531F252879845 /* Moya.framework */,
				0C5B1D7EFC8F52FEEC9AF7DD /* RxCocoa.framework */,
				4A1C9DC33CA132CE6CA8936E /* RxGesture.framework */,
				A5C01088FF08297F798F7D16 /* RxSwift.framework */,
				080C58231FCEDC083F899294 /* Shared.framework */,
				49D8CAD4A1E3478C7DC7DFFB /* SnapKit.framework */,
				7C84A6BF19B8DC74F46E9CFF /* SocketIO.framework */,
				42F1A044474E6F357C47F835 /* SweeterSwift.framework */,
				DB168EC01214353236604721 /* SwiftyJSON.framework */,
				FBCD53E2BB563C812B8ACDAF /* Then.framework */,
				2EAF6DAF50DEE15728CEA91F /* Toast.framework */,
			);
			name = Products;
			sourceTree = "<group>";
		};
		74AB96DA7DE507CD41E6BCEF /* Extentions */ = {
			isa = PBXGroup;
			children = (
				0D7821E24CA075E5C7EA76D1 /* Extensions.swift */,
				6653F4762A27363100A767AC /* Array+.swift */,
				6653F4632A2707F800A767AC /* Color+.swift */,
				6653F4652A270B6A00A767AC /* Font+.swift */,
				6653F46C2A27145E00A767AC /* UI+.swift */,
				6653F4742A27353A00A767AC /* String+.swift */,
				6653F47C2A273AAE00A767AC /* JSON+.swift */,
			);
			path = Extentions;
			sourceTree = "<group>";
		};
		8DBC6BAA6C2105D09B097177 /* Sources */ = {
			isa = PBXGroup;
			children = (
				6653F4672A2713CB00A767AC /* Component */,
				6FAE638BAFCE43EDE1DE12FE /* Device */,
				0CCB18E2C7D3BD1A85417415 /* Util */,
				632266C13B1A17FC36023A1F /* Shared.swift */,
			);
			path = Sources;
			sourceTree = "<group>";
		};
		CFF3308B9DD8563D12ABFC25 /* InfoPlists */ = {
			isa = PBXGroup;
			children = (
				D72BA6AE8B9AF02B56D8FC04 /* Shared-Info.plist */,
			);
			path = InfoPlists;
			sourceTree = "<group>";
		};
		DA75EE09CE53689E1DEA0A26 = {
			isa = PBXGroup;
			children = (
				6EC0B98B4A7FF03886AD270E /* Project */,
				E7E2DC04443691192563DF03 /* Frameworks */,
				72723117B1BFA01E33CBB7A6 /* Products */,
			);
			sourceTree = "<group>";
		};
		E7E2DC04443691192563DF03 /* Frameworks */ = {
			isa = PBXGroup;
			children = (
			);
			name = Frameworks;
			sourceTree = "<group>";
		};
/* End PBXGroup section */

/* Begin PBXNativeTarget section */
		3F5E725EB25BB5E4543E24FA /* Shared */ = {
			isa = PBXNativeTarget;
			buildConfigurationList = 2117CF03C79C03B7B3B8416A /* Build configuration list for PBXNativeTarget "Shared" */;
			buildPhases = (
				AD74B58C499707A60EFE16AE /* Sources */,
				F626B9F9730D1752FF928FEA /* Resources */,
				3AA9FA2CC2DEAF59F76A9966 /* Embed Frameworks */,
				CA16CCCB741E47EAA9FE52A5 /* Frameworks */,
			);
			buildRules = (
			);
			dependencies = (
			);
			name = Shared;
			productName = Shared;
			productReference = 080C58231FCEDC083F899294 /* Shared.framework */;
			productType = "com.apple.product-type.framework";
		};
/* End PBXNativeTarget section */

/* Begin PBXProject section */
		CF2E1D8B54DADE3AB44ADA38 /* Project object */ = {
			isa = PBXProject;
			attributes = {
				ORGANIZATIONNAME = Harmony;
			};
			buildConfigurationList = D2876CF02FBF5B694E5387F4 /* Build configuration list for PBXProject "Shared" */;
			compatibilityVersion = "Xcode 13.0";
			developmentRegion = en;
			hasScannedForEncodings = 0;
			knownRegions = (
				Base,
				en,
			);
			mainGroup = DA75EE09CE53689E1DEA0A26;
			productRefGroup = 72723117B1BFA01E33CBB7A6 /* Products */;
			projectDirPath = "";
			projectRoot = "";
			targets = (
				3F5E725EB25BB5E4543E24FA /* Shared */,
			);
		};
/* End PBXProject section */

/* Begin PBXResourcesBuildPhase section */
		F626B9F9730D1752FF928FEA /* Resources */ = {
			isa = PBXResourcesBuildPhase;
			buildActionMask = 2147483647;
			files = (
			);
			runOnlyForDeploymentPostprocessing = 0;
		};
/* End PBXResourcesBuildPhase section */

/* Begin PBXSourcesBuildPhase section */
		AD74B58C499707A60EFE16AE /* Sources */ = {
			isa = PBXSourcesBuildPhase;
			buildActionMask = 2147483647;
			files = (
				6653F4662A270B6A00A767AC /* Font+.swift in Sources */,
				6653F4712A271E5700A767AC /* CustomView.swift in Sources */,
				6653F47B2A27372400A767AC /* AuthorizationManager.swift in Sources */,
				6653F46F2A27150500A767AC /* PopupInfoModel.swift in Sources */,
				474D60C957F07EA718D0B242 /* DeviceManager.swift in Sources */,
				5B3F8186F816AC35F773851A /* Shared.swift in Sources */,
				492585F73B63DABF73CE3B80 /* Alert.swift in Sources */,
				6653F47D2A273AAE00A767AC /* JSON+.swift in Sources */,
				6653F4772A27363100A767AC /* Array+.swift in Sources */,
				6653F4622A27076C00A767AC /* PopupView.swift in Sources */,
				6653F46D2A27145E00A767AC /* UI+.swift in Sources */,
				DBEB95902E0ADE384000A621 /* AppSetting.swift in Sources */,
				E5E8F08BB368B59EF11093FB /* Extensions.swift in Sources */,
				6653F4752A27353A00A767AC /* String+.swift in Sources */,
				61ED4F43CB1BD62CD9289068 /* Logger.swift in Sources */,
				ACCF8B1C2ADC971F2E3EBD22 /* Toast.swift in Sources */,
				6653F4642A2707F800A767AC /* Color+.swift in Sources */,
				6653F4602A26E6D700A767AC /* ResourceManager.swift in Sources */,
				6653F46A2A2713F600A767AC /* MainButton.swift in Sources */,
				6653F4792A27369600A767AC /* PopupListView.swift in Sources */,
				6653F47F2A273B9600A767AC /* Exceptions.swift in Sources */,
				6653F4732A271F3900A767AC /* ShadowView.swift in Sources */,
				B4B9DFFD2DDCD94E7F8794B7 /* UserDefault.swift in Sources */,
			);
			runOnlyForDeploymentPostprocessing = 0;
		};
/* End PBXSourcesBuildPhase section */

/* Begin XCBuildConfiguration section */
		329F7F5599946B33744B069E /* Release */ = {
			isa = XCBuildConfiguration;
			buildSettings = {
				CODE_SIGN_IDENTITY = "";
				CURRENT_PROJECT_VERSION = 1;
				DEFINES_MODULE = YES;
				DYLIB_COMPATIBILITY_VERSION = 1;
				DYLIB_CURRENT_VERSION = 1;
				DYLIB_INSTALL_NAME_BASE = "@rpath";
				INFOPLIST_FILE = "Derived/InfoPlists/Shared-Info.plist";
				INSTALL_PATH = "$(LOCAL_LIBRARY_DIR)/Frameworks";
				IPHONEOS_DEPLOYMENT_TARGET = 14.0;
				LD_RUNPATH_SEARCH_PATHS = (
					"$(inherited)",
					"@executable_path/Frameworks",
					"@loader_path/Frameworks",
				);
				PRODUCT_BUNDLE_IDENTIFIER = com.yeoboya.Harmony.Shared;
				PRODUCT_NAME = Shared;
				SDKROOT = iphoneos;
				SKIP_INSTALL = YES;
				SUPPORTS_MACCATALYST = NO;
				SUPPORTS_MAC_DESIGNED_FOR_IPHONE_IPAD = YES;
				SWIFT_COMPILATION_MODE = wholemodule;
				SWIFT_OPTIMIZATION_LEVEL = "-Owholemodule";
				SWIFT_VERSION = 5.0;
				TARGETED_DEVICE_FAMILY = "1,2";
				VERSIONING_SYSTEM = "apple-generic";
				VERSION_INFO_PREFIX = "";
			};
			name = Release;
		};
		3B142AAA98D3EED199F0F30E /* Debug */ = {
			isa = XCBuildConfiguration;
			buildSettings = {
				CODE_SIGN_IDENTITY = "";
				CURRENT_PROJECT_VERSION = 1;
				DEFINES_MODULE = YES;
				DYLIB_COMPATIBILITY_VERSION = 1;
				DYLIB_CURRENT_VERSION = 1;
				DYLIB_INSTALL_NAME_BASE = "@rpath";
				INFOPLIST_FILE = "Derived/InfoPlists/Shared-Info.plist";
				INSTALL_PATH = "$(LOCAL_LIBRARY_DIR)/Frameworks";
				IPHONEOS_DEPLOYMENT_TARGET = 14.0;
				LD_RUNPATH_SEARCH_PATHS = (
					"$(inherited)",
					"@executable_path/Frameworks",
					"@loader_path/Frameworks",
				);
				PRODUCT_BUNDLE_IDENTIFIER = com.yeoboya.Harmony.Shared;
				PRODUCT_NAME = Shared;
				SDKROOT = iphoneos;
				SKIP_INSTALL = YES;
				SUPPORTS_MACCATALYST = NO;
				SUPPORTS_MAC_DESIGNED_FOR_IPHONE_IPAD = YES;
				SWIFT_ACTIVE_COMPILATION_CONDITIONS = DEBUG;
				SWIFT_COMPILATION_MODE = singlefile;
				SWIFT_OPTIMIZATION_LEVEL = "-Onone";
				SWIFT_VERSION = 5.0;
				TARGETED_DEVICE_FAMILY = "1,2";
				VERSIONING_SYSTEM = "apple-generic";
				VERSION_INFO_PREFIX = "";
			};
			name = Debug;
		};
		D7A3C293A18A829F33CF4960 /* Release */ = {
			isa = XCBuildConfiguration;
			buildSettings = {
				ALWAYS_SEARCH_USER_PATHS = NO;
				CLANG_ANALYZER_LOCALIZABILITY_NONLOCALIZED = YES;
				CLANG_ANALYZER_NONNULL = YES;
				CLANG_ANALYZER_NUMBER_OBJECT_CONVERSION = YES_AGGRESSIVE;
				CLANG_CXX_LANGUAGE_STANDARD = "gnu++14";
				CLANG_CXX_LIBRARY = "libc++";
				CLANG_ENABLE_MODULES = YES;
				CLANG_ENABLE_OBJC_ARC = YES;
				CLANG_ENABLE_OBJC_WEAK = YES;
				CLANG_WARN_BLOCK_CAPTURE_AUTORELEASING = YES;
				CLANG_WARN_BOOL_CONVERSION = YES;
				CLANG_WARN_COMMA = YES;
				CLANG_WARN_CONSTANT_CONVERSION = YES;
				CLANG_WARN_DEPRECATED_OBJC_IMPLEMENTATIONS = YES;
				CLANG_WARN_DIRECT_OBJC_ISA_USAGE = YES_ERROR;
				CLANG_WARN_DOCUMENTATION_COMMENTS = YES;
				CLANG_WARN_EMPTY_BODY = YES;
				CLANG_WARN_ENUM_CONVERSION = YES;
				CLANG_WARN_INFINITE_RECURSION = YES;
				CLANG_WARN_INT_CONVERSION = YES;
				CLANG_WARN_NON_LITERAL_NULL_CONVERSION = YES;
				CLANG_WARN_OBJC_IMPLICIT_RETAIN_SELF = YES;
				CLANG_WARN_OBJC_LITERAL_CONVERSION = YES;
				CLANG_WARN_OBJC_ROOT_CLASS = YES_ERROR;
				CLANG_WARN_QUOTED_INCLUDE_IN_FRAMEWORK_HEADER = YES;
				CLANG_WARN_RANGE_LOOP_ANALYSIS = YES;
				CLANG_WARN_STRICT_PROTOTYPES = YES;
				CLANG_WARN_SUSPICIOUS_MOVE = YES;
				CLANG_WARN_UNGUARDED_AVAILABILITY = YES_AGGRESSIVE;
				CLANG_WARN_UNREACHABLE_CODE = YES;
				CLANG_WARN__DUPLICATE_METHOD_MATCH = YES;
				COPY_PHASE_STRIP = NO;
				DEAD_CODE_STRIPPING = YES;
				DEBUG_INFORMATION_FORMAT = "dwarf-with-dsym";
				ENABLE_NS_ASSERTIONS = NO;
				ENABLE_STRICT_OBJC_MSGSEND = YES;
				GCC_C_LANGUAGE_STANDARD = gnu11;
				GCC_NO_COMMON_BLOCKS = YES;
				GCC_WARN_64_TO_32_BIT_CONVERSION = YES;
				GCC_WARN_ABOUT_RETURN_TYPE = YES_ERROR;
				GCC_WARN_UNDECLARED_SELECTOR = YES;
				GCC_WARN_UNINITIALIZED_AUTOS = YES_AGGRESSIVE;
				GCC_WARN_UNUSED_FUNCTION = YES;
				GCC_WARN_UNUSED_VARIABLE = YES;
				MTL_ENABLE_DEBUG_INFO = NO;
				PRODUCT_NAME = "$(TARGET_NAME)";
				SDKROOT = iphoneos;
				VALIDATE_PRODUCT = YES;
			};
			name = Release;
		};
		FA09E0D1BF44993C2C215471 /* Debug */ = {
			isa = XCBuildConfiguration;
			buildSettings = {
				ALWAYS_SEARCH_USER_PATHS = NO;
				CLANG_ANALYZER_LOCALIZABILITY_NONLOCALIZED = YES;
				CLANG_ANALYZER_NONNULL = YES;
				CLANG_ANALYZER_NUMBER_OBJECT_CONVERSION = YES_AGGRESSIVE;
				CLANG_CXX_LANGUAGE_STANDARD = "gnu++14";
				CLANG_CXX_LIBRARY = "libc++";
				CLANG_ENABLE_MODULES = YES;
				CLANG_ENABLE_OBJC_ARC = YES;
				CLANG_ENABLE_OBJC_WEAK = YES;
				CLANG_WARN_BLOCK_CAPTURE_AUTORELEASING = YES;
				CLANG_WARN_BOOL_CONVERSION = YES;
				CLANG_WARN_COMMA = YES;
				CLANG_WARN_CONSTANT_CONVERSION = YES;
				CLANG_WARN_DEPRECATED_OBJC_IMPLEMENTATIONS = YES;
				CLANG_WARN_DIRECT_OBJC_ISA_USAGE = YES_ERROR;
				CLANG_WARN_DOCUMENTATION_COMMENTS = YES;
				CLANG_WARN_EMPTY_BODY = YES;
				CLANG_WARN_ENUM_CONVERSION = YES;
				CLANG_WARN_INFINITE_RECURSION = YES;
				CLANG_WARN_INT_CONVERSION = YES;
				CLANG_WARN_NON_LITERAL_NULL_CONVERSION = YES;
				CLANG_WARN_OBJC_IMPLICIT_RETAIN_SELF = YES;
				CLANG_WARN_OBJC_LITERAL_CONVERSION = YES;
				CLANG_WARN_OBJC_ROOT_CLASS = YES_ERROR;
				CLANG_WARN_QUOTED_INCLUDE_IN_FRAMEWORK_HEADER = YES;
				CLANG_WARN_RANGE_LOOP_ANALYSIS = YES;
				CLANG_WARN_STRICT_PROTOTYPES = YES;
				CLANG_WARN_SUSPICIOUS_MOVE = YES;
				CLANG_WARN_UNGUARDED_AVAILABILITY = YES_AGGRESSIVE;
				CLANG_WARN_UNREACHABLE_CODE = YES;
				CLANG_WARN__DUPLICATE_METHOD_MATCH = YES;
				COPY_PHASE_STRIP = NO;
				DEAD_CODE_STRIPPING = YES;
				DEBUG_INFORMATION_FORMAT = dwarf;
				ENABLE_STRICT_OBJC_MSGSEND = YES;
				ENABLE_TESTABILITY = YES;
				GCC_C_LANGUAGE_STANDARD = gnu11;
				GCC_DYNAMIC_NO_PIC = NO;
				GCC_NO_COMMON_BLOCKS = YES;
				GCC_OPTIMIZATION_LEVEL = 0;
				GCC_PREPROCESSOR_DEFINITIONS = (
					"DEBUG=1",
					"$(inherited)",
				);
				GCC_WARN_64_TO_32_BIT_CONVERSION = YES;
				GCC_WARN_ABOUT_RETURN_TYPE = YES_ERROR;
				GCC_WARN_UNDECLARED_SELECTOR = YES;
				GCC_WARN_UNINITIALIZED_AUTOS = YES_AGGRESSIVE;
				GCC_WARN_UNUSED_FUNCTION = YES;
				GCC_WARN_UNUSED_VARIABLE = YES;
				MTL_ENABLE_DEBUG_INFO = YES;
				ONLY_ACTIVE_ARCH = YES;
				PRODUCT_NAME = "$(TARGET_NAME)";
				SDKROOT = iphoneos;
			};
			name = Debug;
		};
/* End XCBuildConfiguration section */

/* Begin XCConfigurationList section */
		2117CF03C79C03B7B3B8416A /* Build configuration list for PBXNativeTarget "Shared" */ = {
			isa = XCConfigurationList;
			buildConfigurations = (
				3B142AAA98D3EED199F0F30E /* Debug */,
				329F7F5599946B33744B069E /* Release */,
			);
			defaultConfigurationIsVisible = 0;
			defaultConfigurationName = Release;
		};
		D2876CF02FBF5B694E5387F4 /* Build configuration list for PBXProject "Shared" */ = {
			isa = XCConfigurationList;
			buildConfigurations = (
				FA09E0D1BF44993C2C215471 /* Debug */,
				D7A3C293A18A829F33CF4960 /* Release */,
			);
			defaultConfigurationIsVisible = 0;
			defaultConfigurationName = Release;
		};
/* End XCConfigurationList section */
	};
	rootObject = CF2E1D8B54DADE3AB44ADA38 /* Project object */;
}
