// !$*UTF8*$!
{
	archiveVersion = 1;
	classes = {
	};
	objectVersion = 50;
	objects = {

/* Begin PBXBuildFile section */
		00E8EB050F62171772539BD0 /* Exceptions.swift in Resources */ = {isa = PBXBuildFile; fileRef = A809D094838ED71B8EF5B465 /* Exceptions.swift */; };
		0350E53932E42E694989AB60 /* Shared.swift in Resources */ = {isa = PBXBuildFile; fileRef = 632266C13B1A17FC36023A1F /* Shared.swift */; };
		038AFF79D73DCF17FB828278 /* SocketIO.framework in Frameworks */ = {isa = PBXBuildFile; fileRef = 7C84A6BF19B8DC74F46E9CFF /* SocketIO.framework */; platformFilter = ios; };
		03D6EBE7671527B3CECFB8C4 /* PopupView.swift in Sources */ = {isa = PBXBuildFile; fileRef = 18AF06D8BF8698ED73B820B7 /* PopupView.swift */; };
		08D44B3FC36F92F952E2A996 /* String+.swift in Sources */ = {isa = PBXBuildFile; fileRef = FD25BEEA956D0720F8E72CAE /* String+.swift */; };
		0B1EE9BA735D1B2D9984D5E0 /* TuistBundle+Shared.swift in Sources */ = {isa = PBXBuildFile; fileRef = F20E4931F5B812FD456DE28F /* TuistBundle+Shared.swift */; };
		0F6349AED00A6691C9305132 /* UserDefault.swift in Resources */ = {isa = PBXBuildFile; fileRef = 85582FC66E62EEB4E4F29CCC /* UserDefault.swift */; };
		228931D260D16FAC4237F049 /* Alamofire.framework in Frameworks */ = {isa = PBXBuildFile; fileRef = 1D6C1E19155EA3A2433B4EB8 /* Alamofire.framework */; platformFilter = ios; };
		246E4EB4E0478E1F482BA166 /* UI+.swift in Resources */ = {isa = PBXBuildFile; fileRef = EAED1DC348554D913BAF78BB /* UI+.swift */; };
		2A2F28FD1AB4E41AB797210D /* Color+.swift in Sources */ = {isa = PBXBuildFile; fileRef = 9D09D8D27B1E99202C72171D /* Color+.swift */; };
		2E4A5813A3FDB83F983C24BB /* JSON+.swift in Resources */ = {isa = PBXBuildFile; fileRef = 72AFC2A79C4E35CD6CDCA6C7 /* JSON+.swift */; };
		2F3D95368FF2D43B541956D8 /* Logger.swift in Resources */ = {isa = PBXBuildFile; fileRef = 248A1F7184C986F18BE3022C /* Logger.swift */; };
		3449EBEEC15A68C977937CC0 /* String+.swift in Resources */ = {isa = PBXBuildFile; fileRef = FD25BEEA956D0720F8E72CAE /* String+.swift */; };
		3462B3C735CB2D993E7811DE /* AuthorizationManager.swift in Sources */ = {isa = PBXBuildFile; fileRef = 518811AFB98D2F464A52C674 /* AuthorizationManager.swift */; };
		37522D68DE37C1CF4081B47F /* PopupInfoModel.swift in Sources */ = {isa = PBXBuildFile; fileRef = DECF4F0396728A646DFA3DAE /* PopupInfoModel.swift */; };
		46F37E1AEAEE5B767623E01B /* PopupInfoModel.swift in Resources */ = {isa = PBXBuildFile; fileRef = DECF4F0396728A646DFA3DAE /* PopupInfoModel.swift */; };
		474D60C957F07EA718D0B242 /* DeviceManager.swift in Sources */ = {isa = PBXBuildFile; fileRef = EDF39C1C3A98771472789573 /* DeviceManager.swift */; };
		492585F73B63DABF73CE3B80 /* Alert.swift in Sources */ = {isa = PBXBuildFile; fileRef = 9D1D272F8FD1FEBCCA963803 /* Alert.swift */; };
		4988E14259DFEDE49DABCAF7 /* UI+.swift in Sources */ = {isa = PBXBuildFile; fileRef = EAED1DC348554D913BAF78BB /* UI+.swift */; };
		4C4D86FB0A71ED10959ECFE8 /* ShadowView.swift in Resources */ = {isa = PBXBuildFile; fileRef = 29F497AA9E08CD68FF8EAA79 /* ShadowView.swift */; };
		4EF7B321C88B99758A43C428 /* SwiftyJSON.framework in Frameworks */ = {isa = PBXBuildFile; fileRef = DB168EC01214353236604721 /* SwiftyJSON.framework */; platformFilter = ios; };
		4F3B0577BE68E8175019DA36 /* Extensions.swift in Resources */ = {isa = PBXBuildFile; fileRef = 0D7821E24CA075E5C7EA76D1 /* Extensions.swift */; };
		55E6C02DBCC91B1CDEA43F66 /* RxSwift.framework in Frameworks */ = {isa = PBXBuildFile; fileRef = A5C01088FF08297F798F7D16 /* RxSwift.framework */; platformFilter = ios; };
		5783F9F9D87DC9AC5D0FCFB9 /* ResourceManager.swift in Resources */ = {isa = PBXBuildFile; fileRef = 514DB1004298263696A9AC77 /* ResourceManager.swift */; };
		597089C6E1DA16A7130696C2 /* PopupView.swift in Resources */ = {isa = PBXBuildFile; fileRef = 18AF06D8BF8698ED73B820B7 /* PopupView.swift */; };
		5B3F8186F816AC35F773851A /* Shared.swift in Sources */ = {isa = PBXBuildFile; fileRef = 632266C13B1A17FC36023A1F /* Shared.swift */; };
		5B6A088C174CE286FBB5D155 /* Then.framework in Frameworks */ = {isa = PBXBuildFile; fileRef = FBCD53E2BB563C812B8ACDAF /* Then.framework */; platformFilter = ios; };
		5F6E278634485802145E6DBA /* Moya.framework in Frameworks */ = {isa = PBXBuildFile; fileRef = EE2F03213EB531F252879845 /* Moya.framework */; platformFilter = ios; };
		618AA0A44F74D473DBA1D2FF /* ShadowView.swift in Sources */ = {isa = PBXBuildFile; fileRef = 29F497AA9E08CD68FF8EAA79 /* ShadowView.swift */; };
		61ED4F43CB1BD62CD9289068 /* Logger.swift in Sources */ = {isa = PBXBuildFile; fileRef = 248A1F7184C986F18BE3022C /* Logger.swift */; };
		688B33CF116BB4C61D257F79 /* MainButton.swift in Resources */ = {isa = PBXBuildFile; fileRef = F68D993A1D98B8641483C5D3 /* MainButton.swift */; };
		68A0AA214229D49F462836A0 /* Color+.swift in Resources */ = {isa = PBXBuildFile; fileRef = 9D09D8D27B1E99202C72171D /* Color+.swift */; };
		796BCBA0AE8C6ECF77248766 /* Font+.swift in Sources */ = {isa = PBXBuildFile; fileRef = 72D3C7EC4134C1BCFD114736 /* Font+.swift */; };
		809DFE7F3FACC8142C8F7712 /* Array+.swift in Resources */ = {isa = PBXBuildFile; fileRef = F1026F74626EEAC3686FF227 /* Array+.swift */; };
		86842827EC387A5B73C89C42 /* CustomView.swift in Sources */ = {isa = PBXBuildFile; fileRef = 3665603AFFC9C4B15EAF7A1E /* CustomView.swift */; };
		8E11179B8072423FB985B3B5 /* MainButton.swift in Sources */ = {isa = PBXBuildFile; fileRef = F68D993A1D98B8641483C5D3 /* MainButton.swift */; };
		95F538CF6335477E5EA2663D /* Alert.swift in Resources */ = {isa = PBXBuildFile; fileRef = 9D1D272F8FD1FEBCCA963803 /* Alert.swift */; };
		9999FA769BAE3A0E9C963F31 /* RxGesture.framework in Frameworks */ = {isa = PBXBuildFile; fileRef = 4A1C9DC33CA132CE6CA8936E /* RxGesture.framework */; platformFilter = ios; };
		9B1AC4443CE23F36B18A6D10 /* AuthorizationManager.swift in Resources */ = {isa = PBXBuildFile; fileRef = 518811AFB98D2F464A52C674 /* AuthorizationManager.swift */; };
		9E1839B17CF2C21F81CD940B /* ResourceManager.swift in Sources */ = {isa = PBXBuildFile; fileRef = 514DB1004298263696A9AC77 /* ResourceManager.swift */; };
		A984DB949C46A24B96136298 /* Font+.swift in Resources */ = {isa = PBXBuildFile; fileRef = 72D3C7EC4134C1BCFD114736 /* Font+.swift */; };
		ACCF8B1C2ADC971F2E3EBD22 /* Toast.swift in Sources */ = {isa = PBXBuildFile; fileRef = 36AA072C4329C3756CAC9A7A /* Toast.swift */; };
		AE45A92F7AB1F32CEFD53B72 /* CustomView.swift in Resources */ = {isa = PBXBuildFile; fileRef = 3665603AFFC9C4B15EAF7A1E /* CustomView.swift */; };
		B4B9DFFD2DDCD94E7F8794B7 /* UserDefault.swift in Sources */ = {isa = PBXBuildFile; fileRef = 85582FC66E62EEB4E4F29CCC /* UserDefault.swift */; };
		B5D66093C62B9EFCB6E64502 /* Exceptions.swift in Sources */ = {isa = PBXBuildFile; fileRef = A809D094838ED71B8EF5B465 /* Exceptions.swift */; };
		B979C5E6211003FB7A9811D4 /* Toast.swift in Resources */ = {isa = PBXBuildFile; fileRef = 36AA072C4329C3756CAC9A7A /* Toast.swift */; };
		BC071823327888FB68AFB284 /* RxCocoa.framework in Frameworks */ = {isa = PBXBuildFile; fileRef = 0C5B1D7EFC8F52FEEC9AF7DD /* RxCocoa.framework */; platformFilter = ios; };
		C4A722C647AC1319FC6ED86F /* Array+.swift in Sources */ = {isa = PBXBuildFile; fileRef = F1026F74626EEAC3686FF227 /* Array+.swift */; };
		D569806A56D3506F01AA1E83 /* PopupListView.swift in Sources */ = {isa = PBXBuildFile; fileRef = A1002DF3BEE4158AAA27AFAE /* PopupListView.swift */; };
		D84B1FEE02CFD04B9D0F0BBA /* JSON+.swift in Sources */ = {isa = PBXBuildFile; fileRef = 72AFC2A79C4E35CD6CDCA6C7 /* JSON+.swift */; };
		DBEB95902E0ADE384000A621 /* AppSetting.swift in Sources */ = {isa = PBXBuildFile; fileRef = B6318C1579BFE6D4922B35DE /* AppSetting.swift */; };
		DD798C4DCDF41457E5EE8A2E /* AppSetting.swift in Resources */ = {isa = PBXBuildFile; fileRef = B6318C1579BFE6D4922B35DE /* AppSetting.swift */; };
		DEF034A4A81E82A2994B7AA0 /* DeviceManager.swift in Resources */ = {isa = PBXBuildFile; fileRef = EDF39C1C3A98771472789573 /* DeviceManager.swift */; };
		E11685B20E3AEFF5D001A0BC /* Toast.framework in Frameworks */ = {isa = PBXBuildFile; fileRef = 2EAF6DAF50DEE15728CEA91F /* Toast.framework */; platformFilter = ios; };
		E5E8F08BB368B59EF11093FB /* Extensions.swift in Sources */ = {isa = PBXBuildFile; fileRef = 0D7821E24CA075E5C7EA76D1 /* Extensions.swift */; };
		E94DE3CEEFB62CE479D00E3C /* PopupListView.swift in Resources */ = {isa = PBXBuildFile; fileRef = A1002DF3BEE4158AAA27AFAE /* PopupListView.swift */; };
		F37FF61D2BC0A854D6FFE6BB /* SweeterSwift.framework in Frameworks */ = {isa = PBXBuildFile; fileRef = 42F1A044474E6F357C47F835 /* SweeterSwift.framework */; platformFilter = ios; };
		F47F701E26589F867F6771D6 /* SnapKit.framework in Frameworks */ = {isa = PBXBuildFile; fileRef = 49D8CAD4A1E3478C7DC7DFFB /* SnapKit.framework */; platformFilter = ios; };
/* End PBXBuildFile section */

/* Begin PBXCopyFilesBuildPhase section */
		3AA9FA2CC2DEAF59F76A9966 /* Embed Frameworks */ = {
			isa = PBXCopyFilesBuildPhase;
			buildActionMask = 2147483647;
			dstPath = "";
			dstSubfolderSpec = 10;
			files = (
			);
			name = "Embed Frameworks";
			runOnlyForDeploymentPostprocessing = 0;
		};
/* End PBXCopyFilesBuildPhase section */

/* Begin PBXFileReference section */
		080C58231FCEDC083F899294 /* Shared.framework */ = {isa = PBXFileReference; explicitFileType = wrapper.framework; includeInIndex = 0; path = Shared.framework; sourceTree = BUILT_PRODUCTS_DIR; };
		0C5B1D7EFC8F52FEEC9AF7DD /* RxCocoa.framework */ = {isa = PBXFileReference; explicitFileType = wrapper.framework; includeInIndex = 0; path = RxCocoa.framework; sourceTree = BUILT_PRODUCTS_DIR; };
		0D7821E24CA075E5C7EA76D1 /* Extensions.swift */ = {isa = PBXFileReference; lastKnownFileType = sourcecode.swift; path = Extensions.swift; sourceTree = "<group>"; };
		18AF06D8BF8698ED73B820B7 /* PopupView.swift */ = {isa = PBXFileReference; lastKnownFileType = sourcecode.swift; path = PopupView.swift; sourceTree = "<group>"; };
		1D6C1E19155EA3A2433B4EB8 /* Alamofire.framework */ = {isa = PBXFileReference; explicitFileType = wrapper.framework; includeInIndex = 0; path = Alamofire.framework; sourceTree = BUILT_PRODUCTS_DIR; };
		248A1F7184C986F18BE3022C /* Logger.swift */ = {isa = PBXFileReference; lastKnownFileType = sourcecode.swift; path = Logger.swift; sourceTree = "<group>"; };
		29F497AA9E08CD68FF8EAA79 /* ShadowView.swift */ = {isa = PBXFileReference; lastKnownFileType = sourcecode.swift; path = ShadowView.swift; sourceTree = "<group>"; };
		2EAF6DAF50DEE15728CEA91F /* Toast.framework */ = {isa = PBXFileReference; explicitFileType = wrapper.framework; includeInIndex = 0; path = Toast.framework; sourceTree = BUILT_PRODUCTS_DIR; };
		3665603AFFC9C4B15EAF7A1E /* CustomView.swift */ = {isa = PBXFileReference; lastKnownFileType = sourcecode.swift; path = CustomView.swift; sourceTree = "<group>"; };
		36AA072C4329C3756CAC9A7A /* Toast.swift */ = {isa = PBXFileReference; lastKnownFileType = sourcecode.swift; path = Toast.swift; sourceTree = "<group>"; };
		42F1A044474E6F357C47F835 /* SweeterSwift.framework */ = {isa = PBXFileReference; explicitFileType = wrapper.framework; includeInIndex = 0; path = SweeterSwift.framework; sourceTree = BUILT_PRODUCTS_DIR; };
		49D8CAD4A1E3478C7DC7DFFB /* SnapKit.framework */ = {isa = PBXFileReference; explicitFileType = wrapper.framework; includeInIndex = 0; path = SnapKit.framework; sourceTree = BUILT_PRODUCTS_DIR; };
		4A1C9DC33CA132CE6CA8936E /* RxGesture.framework */ = {isa = PBXFileReference; explicitFileType = wrapper.framework; includeInIndex = 0; path = RxGesture.framework; sourceTree = BUILT_PRODUCTS_DIR; };
		514DB1004298263696A9AC77 /* ResourceManager.swift */ = {isa = PBXFileReference; lastKnownFileType = sourcecode.swift; path = ResourceManager.swift; sourceTree = "<group>"; };
		518811AFB98D2F464A52C674 /* AuthorizationManager.swift */ = {isa = PBXFileReference; lastKnownFileType = sourcecode.swift; path = AuthorizationManager.swift; sourceTree = "<group>"; };
		632266C13B1A17FC36023A1F /* Shared.swift */ = {isa = PBXFileReference; lastKnownFileType = sourcecode.swift; path = Shared.swift; sourceTree = "<group>"; };
		72AFC2A79C4E35CD6CDCA6C7 /* JSON+.swift */ = {isa = PBXFileReference; lastKnownFileType = sourcecode.swift; path = "JSON+.swift"; sourceTree = "<group>"; };
		72D3C7EC4134C1BCFD114736 /* Font+.swift */ = {isa = PBXFileReference; lastKnownFileType = sourcecode.swift; path = "Font+.swift"; sourceTree = "<group>"; };
		7C84A6BF19B8DC74F46E9CFF /* SocketIO.framework */ = {isa = PBXFileReference; explicitFileType = wrapper.framework; includeInIndex = 0; path = SocketIO.framework; sourceTree = BUILT_PRODUCTS_DIR; };
		85582FC66E62EEB4E4F29CCC /* UserDefault.swift */ = {isa = PBXFileReference; lastKnownFileType = sourcecode.swift; path = UserDefault.swift; sourceTree = "<group>"; };
		9D09D8D27B1E99202C72171D /* Color+.swift */ = {isa = PBXFileReference; lastKnownFileType = sourcecode.swift; path = "Color+.swift"; sourceTree = "<group>"; };
		9D1D272F8FD1FEBCCA963803 /* Alert.swift */ = {isa = PBXFileReference; lastKnownFileType = sourcecode.swift; path = Alert.swift; sourceTree = "<group>"; };
		A1002DF3BEE4158AAA27AFAE /* PopupListView.swift */ = {isa = PBXFileReference; lastKnownFileType = sourcecode.swift; path = PopupListView.swift; sourceTree = "<group>"; };
		A5C01088FF08297F798F7D16 /* RxSwift.framework */ = {isa = PBXFileReference; explicitFileType = wrapper.framework; includeInIndex = 0; path = RxSwift.framework; sourceTree = BUILT_PRODUCTS_DIR; };
		A809D094838ED71B8EF5B465 /* Exceptions.swift */ = {isa = PBXFileReference; lastKnownFileType = sourcecode.swift; path = Exceptions.swift; sourceTree = "<group>"; };
		B6318C1579BFE6D4922B35DE /* AppSetting.swift */ = {isa = PBXFileReference; lastKnownFileType = sourcecode.swift; path = AppSetting.swift; sourceTree = "<group>"; };
		D72BA6AE8B9AF02B56D8FC04 /* Shared-Info.plist */ = {isa = PBXFileReference; lastKnownFileType = text.plist; path = "Shared-Info.plist"; sourceTree = "<group>"; };
		DB168EC01214353236604721 /* SwiftyJSON.framework */ = {isa = PBXFileReference; explicitFileType = wrapper.framework; includeInIndex = 0; path = SwiftyJSON.framework; sourceTree = BUILT_PRODUCTS_DIR; };
		DECF4F0396728A646DFA3DAE /* PopupInfoModel.swift */ = {isa = PBXFileReference; lastKnownFileType = sourcecode.swift; path = PopupInfoModel.swift; sourceTree = "<group>"; };
		EAED1DC348554D913BAF78BB /* UI+.swift */ = {isa = PBXFileReference; lastKnownFileType = sourcecode.swift; path = "UI+.swift"; sourceTree = "<group>"; };
		EDF39C1C3A98771472789573 /* DeviceManager.swift */ = {isa = PBXFileReference; lastKnownFileType = sourcecode.swift; path = DeviceManager.swift; sourceTree = "<group>"; };
		EE2F03213EB531F252879845 /* Moya.framework */ = {isa = PBXFileReference; explicitFileType = wrapper.framework; includeInIndex = 0; path = Moya.framework; sourceTree = BUILT_PRODUCTS_DIR; };
		F1026F74626EEAC3686FF227 /* Array+.swift */ = {isa = PBXFileReference; lastKnownFileType = sourcecode.swift; path = "Array+.swift"; sourceTree = "<group>"; };
		F20E4931F5B812FD456DE28F /* TuistBundle+Shared.swift */ = {isa = PBXFileReference; lastKnownFileType = sourcecode.swift; path = "TuistBundle+Shared.swift"; sourceTree = "<group>"; };
		F68D993A1D98B8641483C5D3 /* MainButton.swift */ = {isa = PBXFileReference; lastKnownFileType = sourcecode.swift; path = MainButton.swift; sourceTree = "<group>"; };
		FBCD53E2BB563C812B8ACDAF /* Then.framework */ = {isa = PBXFileReference; explicitFileType = wrapper.framework; includeInIndex = 0; path = Then.framework; sourceTree = BUILT_PRODUCTS_DIR; };
		FD25BEEA956D0720F8E72CAE /* String+.swift */ = {isa = PBXFileReference; lastKnownFileType = sourcecode.swift; path = "String+.swift"; sourceTree = "<group>"; };
/* End PBXFileReference section */

/* Begin PBXFrameworksBuildPhase section */
		CA16CCCB741E47EAA9FE52A5 /* Frameworks */ = {
			isa = PBXFrameworksBuildPhase;
			buildActionMask = 2147483647;
			files = (
				228931D260D16FAC4237F049 /* Alamofire.framework in Frameworks */,
				5F6E278634485802145E6DBA /* Moya.framework in Frameworks */,
				BC071823327888FB68AFB284 /* RxCocoa.framework in Frameworks */,
				9999FA769BAE3A0E9C963F31 /* RxGesture.framework in Frameworks */,
				55E6C02DBCC91B1CDEA43F66 /* RxSwift.framework in Frameworks */,
				F47F701E26589F867F6771D6 /* SnapKit.framework in Frameworks */,
				038AFF79D73DCF17FB828278 /* SocketIO.framework in Frameworks */,
				F37FF61D2BC0A854D6FFE6BB /* SweeterSwift.framework in Frameworks */,
				4EF7B321C88B99758A43C428 /* SwiftyJSON.framework in Frameworks */,
				5B6A088C174CE286FBB5D155 /* Then.framework in Frameworks */,
				E11685B20E3AEFF5D001A0BC /* Toast.framework in Frameworks */,
			);
			runOnlyForDeploymentPostprocessing = 0;
		};
/* End PBXFrameworksBuildPhase section */

/* Begin PBXGroup section */
		0AEB248A6F267B432C62E210 /* Alert */ = {
			isa = PBXGroup;
			children = (
				9D1D272F8FD1FEBCCA963803 /* Alert.swift */,
			);
			path = Alert;
			sourceTree = "<group>";
		};
		0CCB18E2C7D3BD1A85417415 /* Util */ = {
			isa = PBXGroup;
			children = (
				0AEB248A6F267B432C62E210 /* Alert */,
				1E8EA216DC07F8500FC0ECE3 /* AppSetting */,
				74AB96DA7DE507CD41E6BCEF /* Extentions */,
				56EAD5CED3360ADFC4CC22C0 /* Logger */,
				D6D5E4498F2F766E9434DBA9 /* Service */,
				2959BA40A3BD488C540DB4B4 /* Toast */,
				6B9D4F706B827291EA3F0F0B /* UserDafault */,
			);
			path = Util;
			sourceTree = "<group>";
		};
		1E8EA216DC07F8500FC0ECE3 /* AppSetting */ = {
			isa = PBXGroup;
			children = (
				B6318C1579BFE6D4922B35DE /* AppSetting.swift */,
			);
			path = AppSetting;
			sourceTree = "<group>";
		};
		2959BA40A3BD488C540DB4B4 /* Toast */ = {
			isa = PBXGroup;
			children = (
				36AA072C4329C3756CAC9A7A /* Toast.swift */,
			);
			path = Toast;
			sourceTree = "<group>";
		};
		2A6010CF5A938B573A451E10 /* Component */ = {
			isa = PBXGroup;
			children = (
				D3FED1425F72916D98EFD0B3 /* Popup */,
				D5CE085A68F3CC05492F8505 /* View */,
			);
			path = Component;
			sourceTree = "<group>";
		};
		3C54C1673B7334EF19C38BB2 /* Derived */ = {
			isa = PBXGroup;
			children = (
				CFF3308B9DD8563D12ABFC25 /* InfoPlists */,
				CCE12D42A69525F4979C8A35 /* Sources */,
			);
			path = Derived;
			sourceTree = "<group>";
		};
		56EAD5CED3360ADFC4CC22C0 /* Logger */ = {
			isa = PBXGroup;
			children = (
				A809D094838ED71B8EF5B465 /* Exceptions.swift */,
				248A1F7184C986F18BE3022C /* Logger.swift */,
			);
			path = Logger;
			sourceTree = "<group>";
		};
		601F218E76A65FA68D1956FB /* UI */ = {
			isa = PBXGroup;
			children = (
				514DB1004298263696A9AC77 /* ResourceManager.swift */,
			);
			path = UI;
			sourceTree = "<group>";
		};
		6B9D4F706B827291EA3F0F0B /* UserDafault */ = {
			isa = PBXGroup;
			children = (
				85582FC66E62EEB4E4F29CCC /* UserDefault.swift */,
			);
			path = UserDafault;
			sourceTree = "<group>";
		};
		6EC0B98B4A7FF03886AD270E /* Project */ = {
			isa = PBXGroup;
			children = (
				3C54C1673B7334EF19C38BB2 /* Derived */,
				8DBC6BAA6C2105D09B097177 /* Sources */,
			);
			name = Project;
			sourceTree = "<group>";
		};
		6FAE638BAFCE43EDE1DE12FE /* Device */ = {
			isa = PBXGroup;
			children = (
				518811AFB98D2F464A52C674 /* AuthorizationManager.swift */,
				EDF39C1C3A98771472789573 /* DeviceManager.swift */,
			);
			path = Device;
			sourceTree = "<group>";
		};
		72723117B1BFA01E33CBB7A6 /* Products */ = {
			isa = PBXGroup;
			children = (
				1D6C1E19155EA3A2433B4EB8 /* Alamofire.framework */,
				EE2F03213EB531F252879845 /* Moya.framework */,
				0C5B1D7EFC8F52FEEC9AF7DD /* RxCocoa.framework */,
				4A1C9DC33CA132CE6CA8936E /* RxGesture.framework */,
				A5C01088FF08297F798F7D16 /* RxSwift.framework */,
				080C58231FCEDC083F899294 /* Shared.framework */,
				49D8CAD4A1E3478C7DC7DFFB /* SnapKit.framework */,
				7C84A6BF19B8DC74F46E9CFF /* SocketIO.framework */,
				42F1A044474E6F357C47F835 /* SweeterSwift.framework */,
				DB168EC01214353236604721 /* SwiftyJSON.framework */,
				FBCD53E2BB563C812B8ACDAF /* Then.framework */,
				2EAF6DAF50DEE15728CEA91F /* Toast.framework */,
			);
			name = Products;
			sourceTree = "<group>";
		};
		74AB96DA7DE507CD41E6BCEF /* Extentions */ = {
			isa = PBXGroup;
			children = (
				F1026F74626EEAC3686FF227 /* Array+.swift */,
				9D09D8D27B1E99202C72171D /* Color+.swift */,
				0D7821E24CA075E5C7EA76D1 /* Extensions.swift */,
				72D3C7EC4134C1BCFD114736 /* Font+.swift */,
				72AFC2A79C4E35CD6CDCA6C7 /* JSON+.swift */,
				FD25BEEA956D0720F8E72CAE /* String+.swift */,
				EAED1DC348554D913BAF78BB /* UI+.swift */,
			);
			path = Extentions;
			sourceTree = "<group>";
		};
		8DBC6BAA6C2105D09B097177 /* Sources */ = {
			isa = PBXGroup;
			children = (
				2A6010CF5A938B573A451E10 /* Component */,
				6FAE638BAFCE43EDE1DE12FE /* Device */,
				0CCB18E2C7D3BD1A85417415 /* Util */,
				632266C13B1A17FC36023A1F /* Shared.swift */,
			);
			path = Sources;
			sourceTree = "<group>";
		};
		CCE12D42A69525F4979C8A35 /* Sources */ = {
			isa = PBXGroup;
			children = (
				F20E4931F5B812FD456DE28F /* TuistBundle+Shared.swift */,
			);
			path = Sources;
			sourceTree = "<group>";
		};
		CFF3308B9DD8563D12ABFC25 /* InfoPlists */ = {
			isa = PBXGroup;
			children = (
				D72BA6AE8B9AF02B56D8FC04 /* Shared-Info.plist */,
			);
			path = InfoPlists;
			sourceTree = "<group>";
		};
		D3FED1425F72916D98EFD0B3 /* Popup */ = {
			isa = PBXGroup;
			children = (
				DECF4F0396728A646DFA3DAE /* PopupInfoModel.swift */,
				A1002DF3BEE4158AAA27AFAE /* PopupListView.swift */,
				18AF06D8BF8698ED73B820B7 /* PopupView.swift */,
			);
			path = Popup;
			sourceTree = "<group>";
		};
		D5CE085A68F3CC05492F8505 /* View */ = {
			isa = PBXGroup;
			children = (
				3665603AFFC9C4B15EAF7A1E /* CustomView.swift */,
				F68D993A1D98B8641483C5D3 /* MainButton.swift */,
				29F497AA9E08CD68FF8EAA79 /* ShadowView.swift */,
			);
			path = View;
			sourceTree = "<group>";
		};
		D6D5E4498F2F766E9434DBA9 /* Service */ = {
			isa = PBXGroup;
			children = (
				601F218E76A65FA68D1956FB /* UI */,
			);
			path = Service;
			sourceTree = "<group>";
		};
		DA75EE09CE53689E1DEA0A26 = {
			isa = PBXGroup;
			children = (
				6EC0B98B4A7FF03886AD270E /* Project */,
				E7E2DC04443691192563DF03 /* Frameworks */,
				72723117B1BFA01E33CBB7A6 /* Products */,
			);
			sourceTree = "<group>";
		};
		E7E2DC04443691192563DF03 /* Frameworks */ = {
			isa = PBXGroup;
			children = (
			);
			name = Frameworks;
			sourceTree = "<group>";
		};
/* End PBXGroup section */

/* Begin PBXNativeTarget section */
		3F5E725EB25BB5E4543E24FA /* Shared */ = {
			isa = PBXNativeTarget;
			buildConfigurationList = 2117CF03C79C03B7B3B8416A /* Build configuration list for PBXNativeTarget "Shared" */;
			buildPhases = (
				AD74B58C499707A60EFE16AE /* Sources */,
				F626B9F9730D1752FF928FEA /* Resources */,
				3AA9FA2CC2DEAF59F76A9966 /* Embed Frameworks */,
				CA16CCCB741E47EAA9FE52A5 /* Frameworks */,
			);
			buildRules = (
			);
			dependencies = (
			);
			name = Shared;
			productName = Shared;
			productReference = 080C58231FCEDC083F899294 /* Shared.framework */;
			productType = "com.apple.product-type.framework";
		};
/* End PBXNativeTarget section */

/* Begin PBXProject section */
		CF2E1D8B54DADE3AB44ADA38 /* Project object */ = {
			isa = PBXProject;
			attributes = {
				ORGANIZATIONNAME = Harmony;
				TargetAttributes = {
				};
			};
			buildConfigurationList = D2876CF02FBF5B694E5387F4 /* Build configuration list for PBXProject "Shared" */;
			compatibilityVersion = "Xcode 13.0";
			developmentRegion = en;
			hasScannedForEncodings = 0;
			knownRegions = (
				Base,
				en,
			);
			mainGroup = DA75EE09CE53689E1DEA0A26;
			productRefGroup = 72723117B1BFA01E33CBB7A6 /* Products */;
			projectDirPath = "";
			projectRoot = "";
			targets = (
				3F5E725EB25BB5E4543E24FA /* Shared */,
			);
		};
/* End PBXProject section */

/* Begin PBXResourcesBuildPhase section */
		F626B9F9730D1752FF928FEA /* Resources */ = {
			isa = PBXResourcesBuildPhase;
			buildActionMask = 2147483647;
			files = (
				46F37E1AEAEE5B767623E01B /* PopupInfoModel.swift in Resources */,
				E94DE3CEEFB62CE479D00E3C /* PopupListView.swift in Resources */,
				597089C6E1DA16A7130696C2 /* PopupView.swift in Resources */,
				AE45A92F7AB1F32CEFD53B72 /* CustomView.swift in Resources */,
				688B33CF116BB4C61D257F79 /* MainButton.swift in Resources */,
				4C4D86FB0A71ED10959ECFE8 /* ShadowView.swift in Resources */,
				9B1AC4443CE23F36B18A6D10 /* AuthorizationManager.swift in Resources */,
				DEF034A4A81E82A2994B7AA0 /* DeviceManager.swift in Resources */,
				0350E53932E42E694989AB60 /* Shared.swift in Resources */,
				95F538CF6335477E5EA2663D /* Alert.swift in Resources */,
				DD798C4DCDF41457E5EE8A2E /* AppSetting.swift in Resources */,
				809DFE7F3FACC8142C8F7712 /* Array+.swift in Resources */,
				68A0AA214229D49F462836A0 /* Color+.swift in Resources */,
				4F3B0577BE68E8175019DA36 /* Extensions.swift in Resources */,
				A984DB949C46A24B96136298 /* Font+.swift in Resources */,
				2E4A5813A3FDB83F983C24BB /* JSON+.swift in Resources */,
				3449EBEEC15A68C977937CC0 /* String+.swift in Resources */,
				246E4EB4E0478E1F482BA166 /* UI+.swift in Resources */,
				00E8EB050F62171772539BD0 /* Exceptions.swift in Resources */,
				2F3D95368FF2D43B541956D8 /* Logger.swift in Resources */,
				5783F9F9D87DC9AC5D0FCFB9 /* ResourceManager.swift in Resources */,
				B979C5E6211003FB7A9811D4 /* Toast.swift in Resources */,
				0F6349AED00A6691C9305132 /* UserDefault.swift in Resources */,
			);
			runOnlyForDeploymentPostprocessing = 0;
		};
/* End PBXResourcesBuildPhase section */

/* Begin PBXSourcesBuildPhase section */
		AD74B58C499707A60EFE16AE /* Sources */ = {
			isa = PBXSourcesBuildPhase;
			buildActionMask = 2147483647;
			files = (
				0B1EE9BA735D1B2D9984D5E0 /* TuistBundle+Shared.swift in Sources */,
				37522D68DE37C1CF4081B47F /* PopupInfoModel.swift in Sources */,
				D569806A56D3506F01AA1E83 /* PopupListView.swift in Sources */,
				03D6EBE7671527B3CECFB8C4 /* PopupView.swift in Sources */,
				86842827EC387A5B73C89C42 /* CustomView.swift in Sources */,
				8E11179B8072423FB985B3B5 /* MainButton.swift in Sources */,
				618AA0A44F74D473DBA1D2FF /* ShadowView.swift in Sources */,
				3462B3C735CB2D993E7811DE /* AuthorizationManager.swift in Sources */,
				474D60C957F07EA718D0B242 /* DeviceManager.swift in Sources */,
				5B3F8186F816AC35F773851A /* Shared.swift in Sources */,
				492585F73B63DABF73CE3B80 /* Alert.swift in Sources */,
				DBEB95902E0ADE384000A621 /* AppSetting.swift in Sources */,
				C4A722C647AC1319FC6ED86F /* Array+.swift in Sources */,
				2A2F28FD1AB4E41AB797210D /* Color+.swift in Sources */,
				E5E8F08BB368B59EF11093FB /* Extensions.swift in Sources */,
				796BCBA0AE8C6ECF77248766 /* Font+.swift in Sources */,
				D84B1FEE02CFD04B9D0F0BBA /* JSON+.swift in Sources */,
				08D44B3FC36F92F952E2A996 /* String+.swift in Sources */,
				4988E14259DFEDE49DABCAF7 /* UI+.swift in Sources */,
				B5D66093C62B9EFCB6E64502 /* Exceptions.swift in Sources */,
				61ED4F43CB1BD62CD9289068 /* Logger.swift in Sources */,
				9E1839B17CF2C21F81CD940B /* ResourceManager.swift in Sources */,
				ACCF8B1C2ADC971F2E3EBD22 /* Toast.swift in Sources */,
				B4B9DFFD2DDCD94E7F8794B7 /* UserDefault.swift in Sources */,
			);
			runOnlyForDeploymentPostprocessing = 0;
		};
/* End PBXSourcesBuildPhase section */

/* Begin XCBuildConfiguration section */
		329F7F5599946B33744B069E /* Release */ = {
			isa = XCBuildConfiguration;
			buildSettings = {
				CODE_SIGN_IDENTITY = "";
				CURRENT_PROJECT_VERSION = 1;
				DEFINES_MODULE = YES;
				DYLIB_COMPATIBILITY_VERSION = 1;
				DYLIB_CURRENT_VERSION = 1;
				DYLIB_INSTALL_NAME_BASE = "@rpath";
				INFOPLIST_FILE = "Derived/InfoPlists/Shared-Info.plist";
				INSTALL_PATH = "$(LOCAL_LIBRARY_DIR)/Frameworks";
				IPHONEOS_DEPLOYMENT_TARGET = 14.0;
				LD_RUNPATH_SEARCH_PATHS = (
					"$(inherited)",
					"@executable_path/Frameworks",
					"@loader_path/Frameworks",
				);
				PRODUCT_BUNDLE_IDENTIFIER = com.yeoboya.Harmony.Shared;
				PRODUCT_NAME = Shared;
				SDKROOT = iphoneos;
				SKIP_INSTALL = YES;
				SUPPORTS_MACCATALYST = NO;
				SUPPORTS_MAC_DESIGNED_FOR_IPHONE_IPAD = YES;
				SWIFT_COMPILATION_MODE = wholemodule;
				SWIFT_OPTIMIZATION_LEVEL = "-Owholemodule";
				SWIFT_VERSION = 5.0;
				TARGETED_DEVICE_FAMILY = "1,2";
				VERSIONING_SYSTEM = "apple-generic";
				VERSION_INFO_PREFIX = "";
			};
			name = Release;
		};
		3B142AAA98D3EED199F0F30E /* Debug */ = {
			isa = XCBuildConfiguration;
			buildSettings = {
				CODE_SIGN_IDENTITY = "";
				CURRENT_PROJECT_VERSION = 1;
				DEFINES_MODULE = YES;
				DYLIB_COMPATIBILITY_VERSION = 1;
				DYLIB_CURRENT_VERSION = 1;
				DYLIB_INSTALL_NAME_BASE = "@rpath";
				INFOPLIST_FILE = "Derived/InfoPlists/Shared-Info.plist";
				INSTALL_PATH = "$(LOCAL_LIBRARY_DIR)/Frameworks";
				IPHONEOS_DEPLOYMENT_TARGET = 14.0;
				LD_RUNPATH_SEARCH_PATHS = (
					"$(inherited)",
					"@executable_path/Frameworks",
					"@loader_path/Frameworks",
				);
				PRODUCT_BUNDLE_IDENTIFIER = com.yeoboya.Harmony.Shared;
				PRODUCT_NAME = Shared;
				SDKROOT = iphoneos;
				SKIP_INSTALL = YES;
				SUPPORTS_MACCATALYST = NO;
				SUPPORTS_MAC_DESIGNED_FOR_IPHONE_IPAD = YES;
				SWIFT_ACTIVE_COMPILATION_CONDITIONS = DEBUG;
				SWIFT_COMPILATION_MODE = singlefile;
				SWIFT_OPTIMIZATION_LEVEL = "-Onone";
				SWIFT_VERSION = 5.0;
				TARGETED_DEVICE_FAMILY = "1,2";
				VERSIONING_SYSTEM = "apple-generic";
				VERSION_INFO_PREFIX = "";
			};
			name = Debug;
		};
		D7A3C293A18A829F33CF4960 /* Release */ = {
			isa = XCBuildConfiguration;
			buildSettings = {
				ALWAYS_SEARCH_USER_PATHS = NO;
				CLANG_ANALYZER_LOCALIZABILITY_NONLOCALIZED = YES;
				CLANG_ANALYZER_NONNULL = YES;
				CLANG_ANALYZER_NUMBER_OBJECT_CONVERSION = YES_AGGRESSIVE;
				CLANG_CXX_LANGUAGE_STANDARD = "gnu++14";
				CLANG_CXX_LIBRARY = "libc++";
				CLANG_ENABLE_MODULES = YES;
				CLANG_ENABLE_OBJC_ARC = YES;
				CLANG_ENABLE_OBJC_WEAK = YES;
				CLANG_WARN_BLOCK_CAPTURE_AUTORELEASING = YES;
				CLANG_WARN_BOOL_CONVERSION = YES;
				CLANG_WARN_COMMA = YES;
				CLANG_WARN_CONSTANT_CONVERSION = YES;
				CLANG_WARN_DEPRECATED_OBJC_IMPLEMENTATIONS = YES;
				CLANG_WARN_DIRECT_OBJC_ISA_USAGE = YES_ERROR;
				CLANG_WARN_DOCUMENTATION_COMMENTS = YES;
				CLANG_WARN_EMPTY_BODY = YES;
				CLANG_WARN_ENUM_CONVERSION = YES;
				CLANG_WARN_INFINITE_RECURSION = YES;
				CLANG_WARN_INT_CONVERSION = YES;
				CLANG_WARN_NON_LITERAL_NULL_CONVERSION = YES;
				CLANG_WARN_OBJC_IMPLICIT_RETAIN_SELF = YES;
				CLANG_WARN_OBJC_LITERAL_CONVERSION = YES;
				CLANG_WARN_OBJC_ROOT_CLASS = YES_ERROR;
				CLANG_WARN_QUOTED_INCLUDE_IN_FRAMEWORK_HEADER = YES;
				CLANG_WARN_RANGE_LOOP_ANALYSIS = YES;
				CLANG_WARN_STRICT_PROTOTYPES = YES;
				CLANG_WARN_SUSPICIOUS_MOVE = YES;
				CLANG_WARN_UNGUARDED_AVAILABILITY = YES_AGGRESSIVE;
				CLANG_WARN_UNREACHABLE_CODE = YES;
				CLANG_WARN__DUPLICATE_METHOD_MATCH = YES;
				COPY_PHASE_STRIP = NO;
				DEAD_CODE_STRIPPING = YES;
				DEBUG_INFORMATION_FORMAT = "dwarf-with-dsym";
				ENABLE_NS_ASSERTIONS = NO;
				ENABLE_STRICT_OBJC_MSGSEND = YES;
				GCC_C_LANGUAGE_STANDARD = gnu11;
				GCC_NO_COMMON_BLOCKS = YES;
				GCC_WARN_64_TO_32_BIT_CONVERSION = YES;
				GCC_WARN_ABOUT_RETURN_TYPE = YES_ERROR;
				GCC_WARN_UNDECLARED_SELECTOR = YES;
				GCC_WARN_UNINITIALIZED_AUTOS = YES_AGGRESSIVE;
				GCC_WARN_UNUSED_FUNCTION = YES;
				GCC_WARN_UNUSED_VARIABLE = YES;
				MTL_ENABLE_DEBUG_INFO = NO;
				PRODUCT_NAME = "$(TARGET_NAME)";
				SDKROOT = iphoneos;
				VALIDATE_PRODUCT = YES;
			};
			name = Release;
		};
		FA09E0D1BF44993C2C215471 /* Debug */ = {
			isa = XCBuildConfiguration;
			buildSettings = {
				ALWAYS_SEARCH_USER_PATHS = NO;
				CLANG_ANALYZER_LOCALIZABILITY_NONLOCALIZED = YES;
				CLANG_ANALYZER_NONNULL = YES;
				CLANG_ANALYZER_NUMBER_OBJECT_CONVERSION = YES_AGGRESSIVE;
				CLANG_CXX_LANGUAGE_STANDARD = "gnu++14";
				CLANG_CXX_LIBRARY = "libc++";
				CLANG_ENABLE_MODULES = YES;
				CLANG_ENABLE_OBJC_ARC = YES;
				CLANG_ENABLE_OBJC_WEAK = YES;
				CLANG_WARN_BLOCK_CAPTURE_AUTORELEASING = YES;
				CLANG_WARN_BOOL_CONVERSION = YES;
				CLANG_WARN_COMMA = YES;
				CLANG_WARN_CONSTANT_CONVERSION = YES;
				CLANG_WARN_DEPRECATED_OBJC_IMPLEMENTATIONS = YES;
				CLANG_WARN_DIRECT_OBJC_ISA_USAGE = YES_ERROR;
				CLANG_WARN_DOCUMENTATION_COMMENTS = YES;
				CLANG_WARN_EMPTY_BODY = YES;
				CLANG_WARN_ENUM_CONVERSION = YES;
				CLANG_WARN_INFINITE_RECURSION = YES;
				CLANG_WARN_INT_CONVERSION = YES;
				CLANG_WARN_NON_LITERAL_NULL_CONVERSION = YES;
				CLANG_WARN_OBJC_IMPLICIT_RETAIN_SELF = YES;
				CLANG_WARN_OBJC_LITERAL_CONVERSION = YES;
				CLANG_WARN_OBJC_ROOT_CLASS = YES_ERROR;
				CLANG_WARN_QUOTED_INCLUDE_IN_FRAMEWORK_HEADER = YES;
				CLANG_WARN_RANGE_LOOP_ANALYSIS = YES;
				CLANG_WARN_STRICT_PROTOTYPES = YES;
				CLANG_WARN_SUSPICIOUS_MOVE = YES;
				CLANG_WARN_UNGUARDED_AVAILABILITY = YES_AGGRESSIVE;
				CLANG_WARN_UNREACHABLE_CODE = YES;
				CLANG_WARN__DUPLICATE_METHOD_MATCH = YES;
				COPY_PHASE_STRIP = NO;
				DEAD_CODE_STRIPPING = YES;
				DEBUG_INFORMATION_FORMAT = dwarf;
				ENABLE_STRICT_OBJC_MSGSEND = YES;
				ENABLE_TESTABILITY = YES;
				GCC_C_LANGUAGE_STANDARD = gnu11;
				GCC_DYNAMIC_NO_PIC = NO;
				GCC_NO_COMMON_BLOCKS = YES;
				GCC_OPTIMIZATION_LEVEL = 0;
				GCC_PREPROCESSOR_DEFINITIONS = (
					"DEBUG=1",
					"$(inherited)",
				);
				GCC_WARN_64_TO_32_BIT_CONVERSION = YES;
				GCC_WARN_ABOUT_RETURN_TYPE = YES_ERROR;
				GCC_WARN_UNDECLARED_SELECTOR = YES;
				GCC_WARN_UNINITIALIZED_AUTOS = YES_AGGRESSIVE;
				GCC_WARN_UNUSED_FUNCTION = YES;
				GCC_WARN_UNUSED_VARIABLE = YES;
				MTL_ENABLE_DEBUG_INFO = YES;
				ONLY_ACTIVE_ARCH = YES;
				PRODUCT_NAME = "$(TARGET_NAME)";
				SDKROOT = iphoneos;
			};
			name = Debug;
		};
/* End XCBuildConfiguration section */

/* Begin XCConfigurationList section */
		2117CF03C79C03B7B3B8416A /* Build configuration list for PBXNativeTarget "Shared" */ = {
			isa = XCConfigurationList;
			buildConfigurations = (
				3B142AAA98D3EED199F0F30E /* Debug */,
				329F7F5599946B33744B069E /* Release */,
			);
			defaultConfigurationIsVisible = 0;
			defaultConfigurationName = Release;
		};
		D2876CF02FBF5B694E5387F4 /* Build configuration list for PBXProject "Shared" */ = {
			isa = XCConfigurationList;
			buildConfigurations = (
				FA09E0D1BF44993C2C215471 /* Debug */,
				D7A3C293A18A829F33CF4960 /* Release */,
			);
			defaultConfigurationIsVisible = 0;
			defaultConfigurationName = Release;
		};
/* End XCConfigurationList section */
	};
	rootObject = CF2E1D8B54DADE3AB44ADA38 /* Project object */;
}
