// !$*UTF8*$!
{
	archiveVersion = 1;
	classes = {
	};
	objectVersion = 52;
	objects = {

/* Begin PBXBuildFile section */
		04C302553CCD99D1594FCACD /* WebViewManager + Response.swift in Sources */ = {isa = PBXBuildFile; fileRef = 376598C762B5DED5A6E5F455 /* WebViewManager + Response.swift */; };
		0B6AE29D196A8D3F76374E1D /* AppApi.swift in Sources */ = {isa = PBXBuildFile; fileRef = 7F1A6F226921C12CD0AAC28F /* AppApi.swift */; };
		18C28AED839E3D92939EE40F /* Google.swift in Resources */ = {isa = PBXBuildFile; fileRef = 181F5C1308F58B2ACAB53743 /* Google.swift */; };
		1C13D13570389BB23C1CE370 /* WebViewManager + Request.swift in Resources */ = {isa = PBXBuildFile; fileRef = 06CD2CE2860FF83565BBA7A6 /* WebViewManager + Request.swift */; };
		2339B12BA7A736E8C9C079E5 /* WebViewManager.swift in Sources */ = {isa = PBXBuildFile; fileRef = D7F659FB212E676C00041F5F /* WebViewManager.swift */; };
		280AE654756E01E2E90C3AB2 /* ApiService.swift in Sources */ = {isa = PBXBuildFile; fileRef = F8A0A2A1ECC76BF5CC5BB699 /* ApiService.swift */; };
		282FAF3338185DF8D1197121 /* SoketIOService.swift in Sources */ = {isa = PBXBuildFile; fileRef = 12D7878E814F9A63E222ED01 /* SoketIOService.swift */; };
		324A28CA2D075F3DE4696A1A /* WebViewManager + Request.swift in Sources */ = {isa = PBXBuildFile; fileRef = 06CD2CE2860FF83565BBA7A6 /* WebViewManager + Request.swift */; };
		359AF43AC848ABE9A9D1A92B /* Shared.framework in Frameworks */ = {isa = PBXBuildFile; fileRef = B8E481F76A48C00550F37F55 /* Shared.framework */; platformFilter = ios; };
		36CE265C1FCC12DFD5377017 /* Core.swift in Resources */ = {isa = PBXBuildFile; fileRef = 065F25FE2D4A82B35B0C83AE /* Core.swift */; };
		374FC7C2C121A715DCBF2004 /* WebViewManager + Response.swift in Resources */ = {isa = PBXBuildFile; fileRef = 376598C762B5DED5A6E5F455 /* WebViewManager + Response.swift */; };
		3839DAC6A1D67B96EA5BCB52 /* SoketIOService.swift in Resources */ = {isa = PBXBuildFile; fileRef = 12D7878E814F9A63E222ED01 /* SoketIOService.swift */; };
		3DACB1981303AAC8354DF699 /* WebViewURLRequest.swift in Sources */ = {isa = PBXBuildFile; fileRef = C2D3473AAB8BB417EFDED193 /* WebViewURLRequest.swift */; };
		4CDA0FA96CC533CEE7BD9EAB /* TuistBundle+Core.swift in Sources */ = {isa = PBXBuildFile; fileRef = C0AA284D46F06DE7F69A1C1A /* TuistBundle+Core.swift */; };
		5270A1D2F91CC6F92895AC2B /* WebViewManager.swift in Resources */ = {isa = PBXBuildFile; fileRef = D7F659FB212E676C00041F5F /* WebViewManager.swift */; };
		56D9E9BB81B27479BAC30E27 /* Core.swift in Sources */ = {isa = PBXBuildFile; fileRef = 065F25FE2D4A82B35B0C83AE /* Core.swift */; };
		61DC6B8C852CE9B0A3E7561C /* ApiService.swift in Resources */ = {isa = PBXBuildFile; fileRef = F8A0A2A1ECC76BF5CC5BB699 /* ApiService.swift */; };
		709413C3745BD97DD9CA5F20 /* BRIDGE_COMMAND.md in Resources */ = {isa = PBXBuildFile; fileRef = 18F9C8F45EA91206579AD6A6 /* BRIDGE_COMMAND.md */; };
		7A3E408F8DB60BE32372D1E0 /* Kakao.swift in Resources */ = {isa = PBXBuildFile; fileRef = 860B95EBF5ED833EC7EFA954 /* Kakao.swift */; };
		7D9DE1257F72E18DC3D35B4B /* ConnectModel.swift in Sources */ = {isa = PBXBuildFile; fileRef = 8C4D95117A6193132DEF57A5 /* ConnectModel.swift */; };
		88BF17AF6919402821DB1A33 /* AgoraIOManager.swift in Sources */ = {isa = PBXBuildFile; fileRef = 273F90AB3A1BF5EE5293E5F0 /* AgoraIOManager.swift */; };
		89D385185E28949779D02C03 /* Cookie.swift in Sources */ = {isa = PBXBuildFile; fileRef = E322316A5724CCC61D75569C /* Cookie.swift */; };
		9D651C2761CAD86FAC5171E7 /* AgoraIOManager.swift in Resources */ = {isa = PBXBuildFile; fileRef = 273F90AB3A1BF5EE5293E5F0 /* AgoraIOManager.swift */; };
		9DE9123C969CF9AA1B62A1AF /* WebViewURLRequest.swift in Resources */ = {isa = PBXBuildFile; fileRef = C2D3473AAB8BB417EFDED193 /* WebViewURLRequest.swift */; };
		9EBA0EB56C513990CF379E6F /* AppApi.swift in Resources */ = {isa = PBXBuildFile; fileRef = 7F1A6F226921C12CD0AAC28F /* AppApi.swift */; };
		A33D2A6FD5996888E55FF1A0 /* Kakao.swift in Sources */ = {isa = PBXBuildFile; fileRef = 860B95EBF5ED833EC7EFA954 /* Kakao.swift */; };
		AC1AFBD586645E966AE65D2A /* WebViewJavascriptBridge.framework in Frameworks */ = {isa = PBXBuildFile; fileRef = 9263D37C55996B0BD4ADE269 /* WebViewJavascriptBridge.framework */; };
		AC3DFB9E16B679604376F0C9 /* WebViewManager + Delegate.swift in Resources */ = {isa = PBXBuildFile; fileRef = 9E1E5C431F090EA94DF959B1 /* WebViewManager + Delegate.swift */; };
		B143696B3884DBBCD9FEB26A /* ChatGPTEndpoint.swift in Sources */ = {isa = PBXBuildFile; fileRef = 717F7AC1D3766A2A5DDA8159 /* ChatGPTEndpoint.swift */; };
		C68F07D36D2140E18663E4F3 /* WebViewManager + Delegate.swift in Sources */ = {isa = PBXBuildFile; fileRef = 9E1E5C431F090EA94DF959B1 /* WebViewManager + Delegate.swift */; };
		C7290BB8B2F8BA5BE96109EA /* Cookie.swift in Resources */ = {isa = PBXBuildFile; fileRef = E322316A5724CCC61D75569C /* Cookie.swift */; };
		F718650AC863922CF8D2B017 /* ConnectModel.swift in Resources */ = {isa = PBXBuildFile; fileRef = 8C4D95117A6193132DEF57A5 /* ConnectModel.swift */; };
		FADF6F498A3D1CACC11D89A0 /* Apple.swift in Resources */ = {isa = PBXBuildFile; fileRef = 818BB23B38A06DD701250B0F /* Apple.swift */; };
		FAF09EC92C5D03F74514203A /* ChatGPTEndpoint.swift in Resources */ = {isa = PBXBuildFile; fileRef = 717F7AC1D3766A2A5DDA8159 /* ChatGPTEndpoint.swift */; };
		FB3141AC68D8A9EF879084F8 /* Apple.swift in Sources */ = {isa = PBXBuildFile; fileRef = 818BB23B38A06DD701250B0F /* Apple.swift */; };
		FE66F07D68524AA213A16F97 /* Google.swift in Sources */ = {isa = PBXBuildFile; fileRef = 181F5C1308F58B2ACAB53743 /* Google.swift */; };
/* End PBXBuildFile section */

/* Begin PBXCopyFilesBuildPhase section */
		2A34CD9447D0001C8C98AEF5 /* Embed Frameworks */ = {
			isa = PBXCopyFilesBuildPhase;
			buildActionMask = 2147483647;
			dstPath = "";
			dstSubfolderSpec = 10;
			files = (
			);
			name = "Embed Frameworks";
			runOnlyForDeploymentPostprocessing = 0;
		};
/* End PBXCopyFilesBuildPhase section */

/* Begin PBXFileReference section */
		065F25FE2D4A82B35B0C83AE /* Core.swift */ = {isa = PBXFileReference; lastKnownFileType = sourcecode.swift; path = Core.swift; sourceTree = "<group>"; };
		06CD2CE2860FF83565BBA7A6 /* WebViewManager + Request.swift */ = {isa = PBXFileReference; lastKnownFileType = sourcecode.swift; path = "WebViewManager + Request.swift"; sourceTree = "<group>"; };
		12D7878E814F9A63E222ED01 /* SoketIOService.swift */ = {isa = PBXFileReference; lastKnownFileType = sourcecode.swift; path = SoketIOService.swift; sourceTree = "<group>"; };
		181F5C1308F58B2ACAB53743 /* Google.swift */ = {isa = PBXFileReference; lastKnownFileType = sourcecode.swift; path = Google.swift; sourceTree = "<group>"; };
		18F9C8F45EA91206579AD6A6 /* BRIDGE_COMMAND.md */ = {isa = PBXFileReference; lastKnownFileType = net.daringfireball.markdown; path = BRIDGE_COMMAND.md; sourceTree = "<group>"; };
		26BDD2D3E7FED8CDE9A52F46 /* Core-Info.plist */ = {isa = PBXFileReference; lastKnownFileType = text.plist; path = "Core-Info.plist"; sourceTree = "<group>"; };
		273F90AB3A1BF5EE5293E5F0 /* AgoraIOManager.swift */ = {isa = PBXFileReference; lastKnownFileType = sourcecode.swift; path = AgoraIOManager.swift; sourceTree = "<group>"; };
		2B0FA7F85F3573FB522F9478 /* Core.framework */ = {isa = PBXFileReference; explicitFileType = wrapper.framework; includeInIndex = 0; path = Core.framework; sourceTree = BUILT_PRODUCTS_DIR; };
		376598C762B5DED5A6E5F455 /* WebViewManager + Response.swift */ = {isa = PBXFileReference; lastKnownFileType = sourcecode.swift; path = "WebViewManager + Response.swift"; sourceTree = "<group>"; };
		717F7AC1D3766A2A5DDA8159 /* ChatGPTEndpoint.swift */ = {isa = PBXFileReference; lastKnownFileType = sourcecode.swift; path = ChatGPTEndpoint.swift; sourceTree = "<group>"; };
		7F1A6F226921C12CD0AAC28F /* AppApi.swift */ = {isa = PBXFileReference; lastKnownFileType = sourcecode.swift; path = AppApi.swift; sourceTree = "<group>"; };
		818BB23B38A06DD701250B0F /* Apple.swift */ = {isa = PBXFileReference; lastKnownFileType = sourcecode.swift; path = Apple.swift; sourceTree = "<group>"; };
		860B95EBF5ED833EC7EFA954 /* Kakao.swift */ = {isa = PBXFileReference; lastKnownFileType = sourcecode.swift; path = Kakao.swift; sourceTree = "<group>"; };
		8C4D95117A6193132DEF57A5 /* ConnectModel.swift */ = {isa = PBXFileReference; lastKnownFileType = sourcecode.swift; path = ConnectModel.swift; sourceTree = "<group>"; };
		9263D37C55996B0BD4ADE269 /* WebViewJavascriptBridge.framework */ = {isa = PBXFileReference; lastKnownFileType = wrapper.framework; path = WebViewJavascriptBridge.framework; sourceTree = "<group>"; };
		9E1E5C431F090EA94DF959B1 /* WebViewManager + Delegate.swift */ = {isa = PBXFileReference; lastKnownFileType = sourcecode.swift; path = "WebViewManager + Delegate.swift"; sourceTree = "<group>"; };
		B8E481F76A48C00550F37F55 /* Shared.framework */ = {isa = PBXFileReference; explicitFileType = wrapper.framework; includeInIndex = 0; path = Shared.framework; sourceTree = BUILT_PRODUCTS_DIR; };
		C0AA284D46F06DE7F69A1C1A /* TuistBundle+Core.swift */ = {isa = PBXFileReference; lastKnownFileType = sourcecode.swift; path = "TuistBundle+Core.swift"; sourceTree = "<group>"; };
		C2D3473AAB8BB417EFDED193 /* WebViewURLRequest.swift */ = {isa = PBXFileReference; lastKnownFileType = sourcecode.swift; path = WebViewURLRequest.swift; sourceTree = "<group>"; };
		D7F659FB212E676C00041F5F /* WebViewManager.swift */ = {isa = PBXFileReference; lastKnownFileType = sourcecode.swift; path = WebViewManager.swift; sourceTree = "<group>"; };
		E322316A5724CCC61D75569C /* Cookie.swift */ = {isa = PBXFileReference; lastKnownFileType = sourcecode.swift; path = Cookie.swift; sourceTree = "<group>"; };
		F8A0A2A1ECC76BF5CC5BB699 /* ApiService.swift */ = {isa = PBXFileReference; lastKnownFileType = sourcecode.swift; path = ApiService.swift; sourceTree = "<group>"; };
/* End PBXFileReference section */

/* Begin PBXFrameworksBuildPhase section */
		BF69E59B74296DB134C1F9E4 /* Frameworks */ = {
			isa = PBXFrameworksBuildPhase;
			buildActionMask = 2147483647;
			files = (
				359AF43AC848ABE9A9D1A92B /* Shared.framework in Frameworks */,
				AC1AFBD586645E966AE65D2A /* WebViewJavascriptBridge.framework in Frameworks */,
			);
			runOnlyForDeploymentPostprocessing = 0;
		};
/* End PBXFrameworksBuildPhase section */

/* Begin PBXGroup section */
		10E5A4CDA90EB4EDC38A4F89 /* Endpoint */ = {
			isa = PBXGroup;
			children = (
				717F7AC1D3766A2A5DDA8159 /* ChatGPTEndpoint.swift */,
			);
			path = Endpoint;
			sourceTree = "<group>";
		};
		250C62EE12DB56ECEBB473C3 /* Products */ = {
			isa = PBXGroup;
			children = (
				2B0FA7F85F3573FB522F9478 /* Core.framework */,
				B8E481F76A48C00550F37F55 /* Shared.framework */,
			);
			name = Products;
			sourceTree = "<group>";
		};
		39ACB6D6CDBC910D866B189E /* Sources */ = {
			isa = PBXGroup;
			children = (
				C0AA284D46F06DE7F69A1C1A /* TuistBundle+Core.swift */,
			);
			path = Sources;
			sourceTree = "<group>";
		};
		43ACA379AE206EBAD3F85611 /* Data */ = {
			isa = PBXGroup;
			children = (
				61B2656CB4C504E2185DBB48 /* Network */,
			);
			path = Data;
			sourceTree = "<group>";
		};
		464D7F4C006256A9C8A43223 /* Api */ = {
			isa = PBXGroup;
			children = (
				7F1A6F226921C12CD0AAC28F /* AppApi.swift */,
				C2D3473AAB8BB417EFDED193 /* WebViewURLRequest.swift */,
			);
			path = Api;
			sourceTree = "<group>";
		};
		491CF7988FA5CB2220213398 /* 4_AgoraIOService */ = {
			isa = PBXGroup;
			children = (
				273F90AB3A1BF5EE5293E5F0 /* AgoraIOManager.swift */,
			);
			path = 4_AgoraIOService;
			sourceTree = "<group>";
		};
		4B97075397CA6D3C7DEE06A1 /* InfoPlists */ = {
			isa = PBXGroup;
			children = (
				26BDD2D3E7FED8CDE9A52F46 /* Core-Info.plist */,
			);
			path = InfoPlists;
			sourceTree = "<group>";
		};
		4C4E35BAA8C59424EC4F6622 /* Frameworks */ = {
			isa = PBXGroup;
			children = (
				9263D37C55996B0BD4ADE269 /* WebViewJavascriptBridge.framework */,
			);
			path = Frameworks;
			sourceTree = "<group>";
		};
		61B2656CB4C504E2185DBB48 /* Network */ = {
			isa = PBXGroup;
			children = (
				464D7F4C006256A9C8A43223 /* Api */,
				10E5A4CDA90EB4EDC38A4F89 /* Endpoint */,
				F8A0A2A1ECC76BF5CC5BB699 /* ApiService.swift */,
			);
			path = Network;
			sourceTree = "<group>";
		};
		62824534F75515F48E8114A7 = {
			isa = PBXGroup;
			children = (
				E12816BA35F79D21E0D77318 /* Project */,
				64E34141D18153ACC8D4E5F8 /* Frameworks */,
				250C62EE12DB56ECEBB473C3 /* Products */,
			);
			sourceTree = "<group>";
		};
		64E34141D18153ACC8D4E5F8 /* Frameworks */ = {
			isa = PBXGroup;
			children = (
			);
			name = Frameworks;
			sourceTree = "<group>";
		};
		81104ECEC5CD1B0F5111557B /* Sources */ = {
			isa = PBXGroup;
			children = (
				FF6C124903FD83C048A87D7E /* 1_WebView */,
				C88EDFD36C7871AA3469CB8E /* 2_SocialLogin */,
				D38F9E5B4587A500DEDC2DDD /* 3_SoketIOService */,
				491CF7988FA5CB2220213398 /* 4_AgoraIOService */,
				43ACA379AE206EBAD3F85611 /* Data */,
				065F25FE2D4A82B35B0C83AE /* Core.swift */,
			);
			path = Sources;
			sourceTree = "<group>";
		};
		C88EDFD36C7871AA3469CB8E /* 2_SocialLogin */ = {
			isa = PBXGroup;
			children = (
				818BB23B38A06DD701250B0F /* Apple.swift */,
				181F5C1308F58B2ACAB53743 /* Google.swift */,
				860B95EBF5ED833EC7EFA954 /* Kakao.swift */,
			);
			path = 2_SocialLogin;
			sourceTree = "<group>";
		};
		D38F9E5B4587A500DEDC2DDD /* 3_SoketIOService */ = {
			isa = PBXGroup;
			children = (
				8C4D95117A6193132DEF57A5 /* ConnectModel.swift */,
				12D7878E814F9A63E222ED01 /* SoketIOService.swift */,
			);
			path = 3_SoketIOService;
			sourceTree = "<group>";
		};
		E12816BA35F79D21E0D77318 /* Project */ = {
			isa = PBXGroup;
			children = (
				F631B3543A0C26BDC2DE72DD /* Derived */,
				4C4E35BAA8C59424EC4F6622 /* Frameworks */,
				81104ECEC5CD1B0F5111557B /* Sources */,
			);
			name = Project;
			sourceTree = "<group>";
		};
		F631B3543A0C26BDC2DE72DD /* Derived */ = {
			isa = PBXGroup;
			children = (
				4B97075397CA6D3C7DEE06A1 /* InfoPlists */,
				39ACB6D6CDBC910D866B189E /* Sources */,
			);
			path = Derived;
			sourceTree = "<group>";
		};
		FF6C124903FD83C048A87D7E /* 1_WebView */ = {
			isa = PBXGroup;
			children = (
				18F9C8F45EA91206579AD6A6 /* BRIDGE_COMMAND.md */,
				E322316A5724CCC61D75569C /* Cookie.swift */,
				9E1E5C431F090EA94DF959B1 /* WebViewManager + Delegate.swift */,
				06CD2CE2860FF83565BBA7A6 /* WebViewManager + Request.swift */,
				376598C762B5DED5A6E5F455 /* WebViewManager + Response.swift */,
				D7F659FB212E676C00041F5F /* WebViewManager.swift */,
			);
			path = 1_WebView;
			sourceTree = "<group>";
		};
/* End PBXGroup section */

/* Begin PBXNativeTarget section */
		B90FCF66245CD7327BEE2CBF /* Core */ = {
			isa = PBXNativeTarget;
			buildConfigurationList = 98830250AF7B3CEC34690D43 /* Build configuration list for PBXNativeTarget "Core" */;
			buildPhases = (
				68E9A351E4B1C8B9C155F97C /* Sources */,
				3FEE3D1A9FD48DDE5D5CDD8B /* Resources */,
				2A34CD9447D0001C8C98AEF5 /* Embed Frameworks */,
				BF69E59B74296DB134C1F9E4 /* Frameworks */,
			);
			buildRules = (
			);
			dependencies = (
			);
			name = Core;
			productName = Core;
			productReference = 2B0FA7F85F3573FB522F9478 /* Core.framework */;
			productType = "com.apple.product-type.framework";
		};
/* End PBXNativeTarget section */

/* Begin PBXProject section */
		83ADD9484DDC11E75E9F182F /* Project object */ = {
			isa = PBXProject;
			attributes = {
				ORGANIZATIONNAME = Harmony;
				TargetAttributes = {
				};
			};
			buildConfigurationList = 4EBE82DE9849E8F47BAECD7B /* Build configuration list for PBXProject "Core" */;
			compatibilityVersion = "Xcode 13.0";
			developmentRegion = en;
			hasScannedForEncodings = 0;
			knownRegions = (
				Base,
				en,
			);
			mainGroup = 62824534F75515F48E8114A7;
			packageReferences = (
				E44DA51B234E5E4F99909295 /* XCRemoteSwiftPackageReference "GoogleSignIn-iOS" */,
			);
			productRefGroup = 250C62EE12DB56ECEBB473C3 /* Products */;
			projectDirPath = "";
			projectRoot = "";
			targets = (
				B90FCF66245CD7327BEE2CBF /* Core */,
			);
		};
/* End PBXProject section */

/* Begin PBXResourcesBuildPhase section */
		3FEE3D1A9FD48DDE5D5CDD8B /* Resources */ = {
			isa = PBXResourcesBuildPhase;
			buildActionMask = 2147483647;
			files = (
				709413C3745BD97DD9CA5F20 /* BRIDGE_COMMAND.md in Resources */,
				C7290BB8B2F8BA5BE96109EA /* Cookie.swift in Resources */,
				AC3DFB9E16B679604376F0C9 /* WebViewManager + Delegate.swift in Resources */,
				1C13D13570389BB23C1CE370 /* WebViewManager + Request.swift in Resources */,
				374FC7C2C121A715DCBF2004 /* WebViewManager + Response.swift in Resources */,
				5270A1D2F91CC6F92895AC2B /* WebViewManager.swift in Resources */,
				FADF6F498A3D1CACC11D89A0 /* Apple.swift in Resources */,
				18C28AED839E3D92939EE40F /* Google.swift in Resources */,
				7A3E408F8DB60BE32372D1E0 /* Kakao.swift in Resources */,
				F718650AC863922CF8D2B017 /* ConnectModel.swift in Resources */,
				3839DAC6A1D67B96EA5BCB52 /* SoketIOService.swift in Resources */,
				9D651C2761CAD86FAC5171E7 /* AgoraIOManager.swift in Resources */,
				36CE265C1FCC12DFD5377017 /* Core.swift in Resources */,
				9EBA0EB56C513990CF379E6F /* AppApi.swift in Resources */,
				9DE9123C969CF9AA1B62A1AF /* WebViewURLRequest.swift in Resources */,
				61DC6B8C852CE9B0A3E7561C /* ApiService.swift in Resources */,
				FAF09EC92C5D03F74514203A /* ChatGPTEndpoint.swift in Resources */,
			);
			runOnlyForDeploymentPostprocessing = 0;
		};
/* End PBXResourcesBuildPhase section */

/* Begin PBXSourcesBuildPhase section */
		68E9A351E4B1C8B9C155F97C /* Sources */ = {
			isa = PBXSourcesBuildPhase;
			buildActionMask = 2147483647;
			files = (
				4CDA0FA96CC533CEE7BD9EAB /* TuistBundle+Core.swift in Sources */,
				89D385185E28949779D02C03 /* Cookie.swift in Sources */,
				C68F07D36D2140E18663E4F3 /* WebViewManager + Delegate.swift in Sources */,
				324A28CA2D075F3DE4696A1A /* WebViewManager + Request.swift in Sources */,
				04C302553CCD99D1594FCACD /* WebViewManager + Response.swift in Sources */,
				2339B12BA7A736E8C9C079E5 /* WebViewManager.swift in Sources */,
				FB3141AC68D8A9EF879084F8 /* Apple.swift in Sources */,
				FE66F07D68524AA213A16F97 /* Google.swift in Sources */,
				A33D2A6FD5996888E55FF1A0 /* Kakao.swift in Sources */,
				7D9DE1257F72E18DC3D35B4B /* ConnectModel.swift in Sources */,
				282FAF3338185DF8D1197121 /* SoketIOService.swift in Sources */,
				88BF17AF6919402821DB1A33 /* AgoraIOManager.swift in Sources */,
				56D9E9BB81B27479BAC30E27 /* Core.swift in Sources */,
				0B6AE29D196A8D3F76374E1D /* AppApi.swift in Sources */,
				3DACB1981303AAC8354DF699 /* WebViewURLRequest.swift in Sources */,
				280AE654756E01E2E90C3AB2 /* ApiService.swift in Sources */,
				B143696B3884DBBCD9FEB26A /* ChatGPTEndpoint.swift in Sources */,
			);
			runOnlyForDeploymentPostprocessing = 0;
		};
/* End PBXSourcesBuildPhase section */

/* Begin XCBuildConfiguration section */
		05F3645B69532A03E3860450 /* Release */ = {
			isa = XCBuildConfiguration;
			buildSettings = {
				ALWAYS_SEARCH_USER_PATHS = NO;
				CLANG_ANALYZER_LOCALIZABILITY_NONLOCALIZED = YES;
				CLANG_ANALYZER_NONNULL = YES;
				CLANG_ANALYZER_NUMBER_OBJECT_CONVERSION = YES_AGGRESSIVE;
				CLANG_CXX_LANGUAGE_STANDARD = "gnu++14";
				CLANG_CXX_LIBRARY = "libc++";
				CLANG_ENABLE_MODULES = YES;
				CLANG_ENABLE_OBJC_ARC = YES;
				CLANG_ENABLE_OBJC_WEAK = YES;
				CLANG_WARN_BLOCK_CAPTURE_AUTORELEASING = YES;
				CLANG_WARN_BOOL_CONVERSION = YES;
				CLANG_WARN_COMMA = YES;
				CLANG_WARN_CONSTANT_CONVERSION = YES;
				CLANG_WARN_DEPRECATED_OBJC_IMPLEMENTATIONS = YES;
				CLANG_WARN_DIRECT_OBJC_ISA_USAGE = YES_ERROR;
				CLANG_WARN_DOCUMENTATION_COMMENTS = YES;
				CLANG_WARN_EMPTY_BODY = YES;
				CLANG_WARN_ENUM_CONVERSION = YES;
				CLANG_WARN_INFINITE_RECURSION = YES;
				CLANG_WARN_INT_CONVERSION = YES;
				CLANG_WARN_NON_LITERAL_NULL_CONVERSION = YES;
				CLANG_WARN_OBJC_IMPLICIT_RETAIN_SELF = YES;
				CLANG_WARN_OBJC_LITERAL_CONVERSION = YES;
				CLANG_WARN_OBJC_ROOT_CLASS = YES_ERROR;
				CLANG_WARN_QUOTED_INCLUDE_IN_FRAMEWORK_HEADER = YES;
				CLANG_WARN_RANGE_LOOP_ANALYSIS = YES;
				CLANG_WARN_STRICT_PROTOTYPES = YES;
				CLANG_WARN_SUSPICIOUS_MOVE = YES;
				CLANG_WARN_UNGUARDED_AVAILABILITY = YES_AGGRESSIVE;
				CLANG_WARN_UNREACHABLE_CODE = YES;
				CLANG_WARN__DUPLICATE_METHOD_MATCH = YES;
				COPY_PHASE_STRIP = NO;
				DEAD_CODE_STRIPPING = YES;
				DEBUG_INFORMATION_FORMAT = "dwarf-with-dsym";
				ENABLE_NS_ASSERTIONS = NO;
				ENABLE_STRICT_OBJC_MSGSEND = YES;
				GCC_C_LANGUAGE_STANDARD = gnu11;
				GCC_NO_COMMON_BLOCKS = YES;
				GCC_WARN_64_TO_32_BIT_CONVERSION = YES;
				GCC_WARN_ABOUT_RETURN_TYPE = YES_ERROR;
				GCC_WARN_UNDECLARED_SELECTOR = YES;
				GCC_WARN_UNINITIALIZED_AUTOS = YES_AGGRESSIVE;
				GCC_WARN_UNUSED_FUNCTION = YES;
				GCC_WARN_UNUSED_VARIABLE = YES;
				MTL_ENABLE_DEBUG_INFO = NO;
				PRODUCT_NAME = "$(TARGET_NAME)";
				SDKROOT = iphoneos;
				VALIDATE_PRODUCT = YES;
			};
			name = Release;
		};
		B3E6110DD65039BABE6B7C66 /* Debug */ = {
			isa = XCBuildConfiguration;
			buildSettings = {
				ALWAYS_SEARCH_USER_PATHS = NO;
				CLANG_ANALYZER_LOCALIZABILITY_NONLOCALIZED = YES;
				CLANG_ANALYZER_NONNULL = YES;
				CLANG_ANALYZER_NUMBER_OBJECT_CONVERSION = YES_AGGRESSIVE;
				CLANG_CXX_LANGUAGE_STANDARD = "gnu++14";
				CLANG_CXX_LIBRARY = "libc++";
				CLANG_ENABLE_MODULES = YES;
				CLANG_ENABLE_OBJC_ARC = YES;
				CLANG_ENABLE_OBJC_WEAK = YES;
				CLANG_WARN_BLOCK_CAPTURE_AUTORELEASING = YES;
				CLANG_WARN_BOOL_CONVERSION = YES;
				CLANG_WARN_COMMA = YES;
				CLANG_WARN_CONSTANT_CONVERSION = YES;
				CLANG_WARN_DEPRECATED_OBJC_IMPLEMENTATIONS = YES;
				CLANG_WARN_DIRECT_OBJC_ISA_USAGE = YES_ERROR;
				CLANG_WARN_DOCUMENTATION_COMMENTS = YES;
				CLANG_WARN_EMPTY_BODY = YES;
				CLANG_WARN_ENUM_CONVERSION = YES;
				CLANG_WARN_INFINITE_RECURSION = YES;
				CLANG_WARN_INT_CONVERSION = YES;
				CLANG_WARN_NON_LITERAL_NULL_CONVERSION = YES;
				CLANG_WARN_OBJC_IMPLICIT_RETAIN_SELF = YES;
				CLANG_WARN_OBJC_LITERAL_CONVERSION = YES;
				CLANG_WARN_OBJC_ROOT_CLASS = YES_ERROR;
				CLANG_WARN_QUOTED_INCLUDE_IN_FRAMEWORK_HEADER = YES;
				CLANG_WARN_RANGE_LOOP_ANALYSIS = YES;
				CLANG_WARN_STRICT_PROTOTYPES = YES;
				CLANG_WARN_SUSPICIOUS_MOVE = YES;
				CLANG_WARN_UNGUARDED_AVAILABILITY = YES_AGGRESSIVE;
				CLANG_WARN_UNREACHABLE_CODE = YES;
				CLANG_WARN__DUPLICATE_METHOD_MATCH = YES;
				COPY_PHASE_STRIP = NO;
				DEAD_CODE_STRIPPING = YES;
				DEBUG_INFORMATION_FORMAT = dwarf;
				ENABLE_STRICT_OBJC_MSGSEND = YES;
				ENABLE_TESTABILITY = YES;
				GCC_C_LANGUAGE_STANDARD = gnu11;
				GCC_DYNAMIC_NO_PIC = NO;
				GCC_NO_COMMON_BLOCKS = YES;
				GCC_OPTIMIZATION_LEVEL = 0;
				GCC_PREPROCESSOR_DEFINITIONS = (
					"DEBUG=1",
					"$(inherited)",
				);
				GCC_WARN_64_TO_32_BIT_CONVERSION = YES;
				GCC_WARN_ABOUT_RETURN_TYPE = YES_ERROR;
				GCC_WARN_UNDECLARED_SELECTOR = YES;
				GCC_WARN_UNINITIALIZED_AUTOS = YES_AGGRESSIVE;
				GCC_WARN_UNUSED_FUNCTION = YES;
				GCC_WARN_UNUSED_VARIABLE = YES;
				MTL_ENABLE_DEBUG_INFO = YES;
				ONLY_ACTIVE_ARCH = YES;
				PRODUCT_NAME = "$(TARGET_NAME)";
				SDKROOT = iphoneos;
			};
			name = Debug;
		};
		C6F0DD24793DC9075B33338B /* Debug */ = {
			isa = XCBuildConfiguration;
			buildSettings = {
				CODE_SIGN_IDENTITY = "";
				CURRENT_PROJECT_VERSION = 1;
				DEFINES_MODULE = YES;
				DYLIB_COMPATIBILITY_VERSION = 1;
				DYLIB_CURRENT_VERSION = 1;
				DYLIB_INSTALL_NAME_BASE = "@rpath";
				FRAMEWORK_SEARCH_PATHS = (
					"$(inherited)",
					"$(SRCROOT)/Frameworks",
				);
				INFOPLIST_FILE = "Derived/InfoPlists/Core-Info.plist";
				INSTALL_PATH = "$(LOCAL_LIBRARY_DIR)/Frameworks";
				IPHONEOS_DEPLOYMENT_TARGET = 14.0;
				LD_RUNPATH_SEARCH_PATHS = (
					"$(inherited)",
					"@executable_path/Frameworks",
					"@loader_path/Frameworks",
				);
				OTHER_CFLAGS = (
					"$(inherited)",
					"-fmodule-map-file=$(SRCROOT)/../../Tuist/Dependencies/SwiftPackageManager/.build/checkouts/GoogleAppMeasurement/GoogleAppMeasurementWrapper/include/GoogleAppMeasurementTarget.modulemap",
					"-fmodule-map-file=$(SRCROOT)/../../Tuist/Dependencies/SwiftPackageManager/.build/checkouts/GoogleUtilities/GoogleUtilities/AppDelegateSwizzler/Public/GoogleUtilities-AppDelegateSwizzler.modulemap",
					"-fmodule-map-file=$(SRCROOT)/../../Tuist/Dependencies/SwiftPackageManager/.build/checkouts/GoogleUtilities/GoogleUtilities/Environment/Public/GoogleUtilities-Environment.modulemap",
					"-fmodule-map-file=$(SRCROOT)/../../Tuist/Dependencies/SwiftPackageManager/.build/checkouts/GoogleUtilities/GoogleUtilities/Logger/Public/GoogleUtilities-Logger.modulemap",
					"-fmodule-map-file=$(SRCROOT)/../../Tuist/Dependencies/SwiftPackageManager/.build/checkouts/GoogleUtilities/GoogleUtilities/MethodSwizzler/Public/GoogleUtilities-MethodSwizzler.modulemap",
					"-fmodule-map-file=$(SRCROOT)/../../Tuist/Dependencies/SwiftPackageManager/.build/checkouts/GoogleUtilities/GoogleUtilities/NSData+zlib/Public/GoogleUtilities-NSData.modulemap",
					"-fmodule-map-file=$(SRCROOT)/../../Tuist/Dependencies/SwiftPackageManager/.build/checkouts/GoogleUtilities/GoogleUtilities/Network/Public/GoogleUtilities-Network.modulemap",
					"-fmodule-map-file=$(SRCROOT)/../../Tuist/Dependencies/SwiftPackageManager/.build/checkouts/GoogleUtilities/GoogleUtilities/Reachability/Public/GoogleUtilities-Reachability.modulemap",
					"-fmodule-map-file=$(SRCROOT)/../../Tuist/Dependencies/SwiftPackageManager/.build/checkouts/GoogleUtilities/GoogleUtilities/UserDefaults/Public/GoogleUtilities-UserDefaults.modulemap",
					"-fmodule-map-file=$(SRCROOT)/../../Tuist/Dependencies/SwiftPackageManager/.build/checkouts/firebase-ios-sdk/CoreOnly/Sources/module.modulemap",
					"-fmodule-map-file=$(SRCROOT)/../../Tuist/Dependencies/SwiftPackageManager/.build/checkouts/firebase-ios-sdk/Firebase/CoreDiagnostics/FIRCDLibrary/FirebaseCoreDiagnostics.modulemap",
					"-fmodule-map-file=$(SRCROOT)/../../Tuist/Dependencies/SwiftPackageManager/.build/checkouts/firebase-ios-sdk/FirebaseAnalyticsWrapper/include/FirebaseAnalyticsWrapper.modulemap",
					"-fmodule-map-file=$(SRCROOT)/../../Tuist/Dependencies/SwiftPackageManager/.build/checkouts/firebase-ios-sdk/SwiftPM-PlatformExclude/FirebaseAnalyticsWrap/include/FirebaseAnalyticsTarget.modulemap",
					"-fmodule-map-file=$(SRCROOT)/../../Tuist/Dependencies/SwiftPackageManager/.build/checkouts/firebase-ios-sdk/SwiftPM-PlatformExclude/FirebaseDynamicLinksWrap/include/FirebaseDynamicLinksTarget.modulemap",
					"-fmodule-map-file=$(SRCROOT)/../../Tuist/Dependencies/SwiftPackageManager/.build/checkouts/nanopb/spm_headers/nanopb.modulemap",
					"-fmodule-map-file=$(SRCROOT)/../../Tuist/Dependencies/SwiftPackageManager/.build/checkouts/promises/Sources/FBLPromises/include/module.modulemap",
				);
				OTHER_SWIFT_FLAGS = (
					"$(inherited)",
					"-Xcc",
					"-fmodule-map-file=$(SRCROOT)/../../Tuist/Dependencies/SwiftPackageManager/.build/checkouts/GoogleAppMeasurement/GoogleAppMeasurementWrapper/include/GoogleAppMeasurementTarget.modulemap",
					"-Xcc",
					"-fmodule-map-file=$(SRCROOT)/../../Tuist/Dependencies/SwiftPackageManager/.build/checkouts/GoogleUtilities/GoogleUtilities/AppDelegateSwizzler/Public/GoogleUtilities-AppDelegateSwizzler.modulemap",
					"-Xcc",
					"-fmodule-map-file=$(SRCROOT)/../../Tuist/Dependencies/SwiftPackageManager/.build/checkouts/GoogleUtilities/GoogleUtilities/Environment/Public/GoogleUtilities-Environment.modulemap",
					"-Xcc",
					"-fmodule-map-file=$(SRCROOT)/../../Tuist/Dependencies/SwiftPackageManager/.build/checkouts/GoogleUtilities/GoogleUtilities/Logger/Public/GoogleUtilities-Logger.modulemap",
					"-Xcc",
					"-fmodule-map-file=$(SRCROOT)/../../Tuist/Dependencies/SwiftPackageManager/.build/checkouts/GoogleUtilities/GoogleUtilities/MethodSwizzler/Public/GoogleUtilities-MethodSwizzler.modulemap",
					"-Xcc",
					"-fmodule-map-file=$(SRCROOT)/../../Tuist/Dependencies/SwiftPackageManager/.build/checkouts/GoogleUtilities/GoogleUtilities/NSData+zlib/Public/GoogleUtilities-NSData.modulemap",
					"-Xcc",
					"-fmodule-map-file=$(SRCROOT)/../../Tuist/Dependencies/SwiftPackageManager/.build/checkouts/GoogleUtilities/GoogleUtilities/Network/Public/GoogleUtilities-Network.modulemap",
					"-Xcc",
					"-fmodule-map-file=$(SRCROOT)/../../Tuist/Dependencies/SwiftPackageManager/.build/checkouts/GoogleUtilities/GoogleUtilities/Reachability/Public/GoogleUtilities-Reachability.modulemap",
					"-Xcc",
					"-fmodule-map-file=$(SRCROOT)/../../Tuist/Dependencies/SwiftPackageManager/.build/checkouts/GoogleUtilities/GoogleUtilities/UserDefaults/Public/GoogleUtilities-UserDefaults.modulemap",
					"-Xcc",
					"-fmodule-map-file=$(SRCROOT)/../../Tuist/Dependencies/SwiftPackageManager/.build/checkouts/firebase-ios-sdk/CoreOnly/Sources/module.modulemap",
					"-Xcc",
					"-fmodule-map-file=$(SRCROOT)/../../Tuist/Dependencies/SwiftPackageManager/.build/checkouts/firebase-ios-sdk/Firebase/CoreDiagnostics/FIRCDLibrary/FirebaseCoreDiagnostics.modulemap",
					"-Xcc",
					"-fmodule-map-file=$(SRCROOT)/../../Tuist/Dependencies/SwiftPackageManager/.build/checkouts/firebase-ios-sdk/FirebaseAnalyticsWrapper/include/FirebaseAnalyticsWrapper.modulemap",
					"-Xcc",
					"-fmodule-map-file=$(SRCROOT)/../../Tuist/Dependencies/SwiftPackageManager/.build/checkouts/firebase-ios-sdk/SwiftPM-PlatformExclude/FirebaseAnalyticsWrap/include/FirebaseAnalyticsTarget.modulemap",
					"-Xcc",
					"-fmodule-map-file=$(SRCROOT)/../../Tuist/Dependencies/SwiftPackageManager/.build/checkouts/firebase-ios-sdk/SwiftPM-PlatformExclude/FirebaseDynamicLinksWrap/include/FirebaseDynamicLinksTarget.modulemap",
					"-Xcc",
					"-fmodule-map-file=$(SRCROOT)/../../Tuist/Dependencies/SwiftPackageManager/.build/checkouts/nanopb/spm_headers/nanopb.modulemap",
					"-Xcc",
					"-fmodule-map-file=$(SRCROOT)/../../Tuist/Dependencies/SwiftPackageManager/.build/checkouts/promises/Sources/FBLPromises/include/module.modulemap",
				);
				PRODUCT_BUNDLE_IDENTIFIER = com.yeoboya.Harmony.Core;
				PRODUCT_NAME = Core;
				SDKROOT = iphoneos;
				SKIP_INSTALL = YES;
				SUPPORTS_MACCATALYST = NO;
				SWIFT_ACTIVE_COMPILATION_CONDITIONS = DEBUG;
				SWIFT_COMPILATION_MODE = singlefile;
				SWIFT_OPTIMIZATION_LEVEL = "-Onone";
				SWIFT_VERSION = 5.0;
				TARGETED_DEVICE_FAMILY = "1,2";
				VERSIONING_SYSTEM = "apple-generic";
				VERSION_INFO_PREFIX = "";
			};
			name = Debug;
		};
		F2BF94242B2654F7A820405E /* Release */ = {
			isa = XCBuildConfiguration;
			buildSettings = {
				CODE_SIGN_IDENTITY = "";
				CURRENT_PROJECT_VERSION = 1;
				DEFINES_MODULE = YES;
				DYLIB_COMPATIBILITY_VERSION = 1;
				DYLIB_CURRENT_VERSION = 1;
				DYLIB_INSTALL_NAME_BASE = "@rpath";
				FRAMEWORK_SEARCH_PATHS = (
					"$(inherited)",
					"$(SRCROOT)/Frameworks",
				);
				INFOPLIST_FILE = "Derived/InfoPlists/Core-Info.plist";
				INSTALL_PATH = "$(LOCAL_LIBRARY_DIR)/Frameworks";
				IPHONEOS_DEPLOYMENT_TARGET = 14.0;
				LD_RUNPATH_SEARCH_PATHS = (
					"$(inherited)",
					"@executable_path/Frameworks",
					"@loader_path/Frameworks",
				);
				OTHER_CFLAGS = (
					"$(inherited)",
					"-fmodule-map-file=$(SRCROOT)/../../Tuist/Dependencies/SwiftPackageManager/.build/checkouts/GoogleAppMeasurement/GoogleAppMeasurementWrapper/include/GoogleAppMeasurementTarget.modulemap",
					"-fmodule-map-file=$(SRCROOT)/../../Tuist/Dependencies/SwiftPackageManager/.build/checkouts/GoogleUtilities/GoogleUtilities/AppDelegateSwizzler/Public/GoogleUtilities-AppDelegateSwizzler.modulemap",
					"-fmodule-map-file=$(SRCROOT)/../../Tuist/Dependencies/SwiftPackageManager/.build/checkouts/GoogleUtilities/GoogleUtilities/Environment/Public/GoogleUtilities-Environment.modulemap",
					"-fmodule-map-file=$(SRCROOT)/../../Tuist/Dependencies/SwiftPackageManager/.build/checkouts/GoogleUtilities/GoogleUtilities/Logger/Public/GoogleUtilities-Logger.modulemap",
					"-fmodule-map-file=$(SRCROOT)/../../Tuist/Dependencies/SwiftPackageManager/.build/checkouts/GoogleUtilities/GoogleUtilities/MethodSwizzler/Public/GoogleUtilities-MethodSwizzler.modulemap",
					"-fmodule-map-file=$(SRCROOT)/../../Tuist/Dependencies/SwiftPackageManager/.build/checkouts/GoogleUtilities/GoogleUtilities/NSData+zlib/Public/GoogleUtilities-NSData.modulemap",
					"-fmodule-map-file=$(SRCROOT)/../../Tuist/Dependencies/SwiftPackageManager/.build/checkouts/GoogleUtilities/GoogleUtilities/Network/Public/GoogleUtilities-Network.modulemap",
					"-fmodule-map-file=$(SRCROOT)/../../Tuist/Dependencies/SwiftPackageManager/.build/checkouts/GoogleUtilities/GoogleUtilities/Reachability/Public/GoogleUtilities-Reachability.modulemap",
					"-fmodule-map-file=$(SRCROOT)/../../Tuist/Dependencies/SwiftPackageManager/.build/checkouts/GoogleUtilities/GoogleUtilities/UserDefaults/Public/GoogleUtilities-UserDefaults.modulemap",
					"-fmodule-map-file=$(SRCROOT)/../../Tuist/Dependencies/SwiftPackageManager/.build/checkouts/firebase-ios-sdk/CoreOnly/Sources/module.modulemap",
					"-fmodule-map-file=$(SRCROOT)/../../Tuist/Dependencies/SwiftPackageManager/.build/checkouts/firebase-ios-sdk/Firebase/CoreDiagnostics/FIRCDLibrary/FirebaseCoreDiagnostics.modulemap",
					"-fmodule-map-file=$(SRCROOT)/../../Tuist/Dependencies/SwiftPackageManager/.build/checkouts/firebase-ios-sdk/FirebaseAnalyticsWrapper/include/FirebaseAnalyticsWrapper.modulemap",
					"-fmodule-map-file=$(SRCROOT)/../../Tuist/Dependencies/SwiftPackageManager/.build/checkouts/firebase-ios-sdk/SwiftPM-PlatformExclude/FirebaseAnalyticsWrap/include/FirebaseAnalyticsTarget.modulemap",
					"-fmodule-map-file=$(SRCROOT)/../../Tuist/Dependencies/SwiftPackageManager/.build/checkouts/firebase-ios-sdk/SwiftPM-PlatformExclude/FirebaseDynamicLinksWrap/include/FirebaseDynamicLinksTarget.modulemap",
					"-fmodule-map-file=$(SRCROOT)/../../Tuist/Dependencies/SwiftPackageManager/.build/checkouts/nanopb/spm_headers/nanopb.modulemap",
					"-fmodule-map-file=$(SRCROOT)/../../Tuist/Dependencies/SwiftPackageManager/.build/checkouts/promises/Sources/FBLPromises/include/module.modulemap",
				);
				OTHER_SWIFT_FLAGS = (
					"$(inherited)",
					"-Xcc",
					"-fmodule-map-file=$(SRCROOT)/../../Tuist/Dependencies/SwiftPackageManager/.build/checkouts/GoogleAppMeasurement/GoogleAppMeasurementWrapper/include/GoogleAppMeasurementTarget.modulemap",
					"-Xcc",
					"-fmodule-map-file=$(SRCROOT)/../../Tuist/Dependencies/SwiftPackageManager/.build/checkouts/GoogleUtilities/GoogleUtilities/AppDelegateSwizzler/Public/GoogleUtilities-AppDelegateSwizzler.modulemap",
					"-Xcc",
					"-fmodule-map-file=$(SRCROOT)/../../Tuist/Dependencies/SwiftPackageManager/.build/checkouts/GoogleUtilities/GoogleUtilities/Environment/Public/GoogleUtilities-Environment.modulemap",
					"-Xcc",
					"-fmodule-map-file=$(SRCROOT)/../../Tuist/Dependencies/SwiftPackageManager/.build/checkouts/GoogleUtilities/GoogleUtilities/Logger/Public/GoogleUtilities-Logger.modulemap",
					"-Xcc",
					"-fmodule-map-file=$(SRCROOT)/../../Tuist/Dependencies/SwiftPackageManager/.build/checkouts/GoogleUtilities/GoogleUtilities/MethodSwizzler/Public/GoogleUtilities-MethodSwizzler.modulemap",
					"-Xcc",
					"-fmodule-map-file=$(SRCROOT)/../../Tuist/Dependencies/SwiftPackageManager/.build/checkouts/GoogleUtilities/GoogleUtilities/NSData+zlib/Public/GoogleUtilities-NSData.modulemap",
					"-Xcc",
					"-fmodule-map-file=$(SRCROOT)/../../Tuist/Dependencies/SwiftPackageManager/.build/checkouts/GoogleUtilities/GoogleUtilities/Network/Public/GoogleUtilities-Network.modulemap",
					"-Xcc",
					"-fmodule-map-file=$(SRCROOT)/../../Tuist/Dependencies/SwiftPackageManager/.build/checkouts/GoogleUtilities/GoogleUtilities/Reachability/Public/GoogleUtilities-Reachability.modulemap",
					"-Xcc",
					"-fmodule-map-file=$(SRCROOT)/../../Tuist/Dependencies/SwiftPackageManager/.build/checkouts/GoogleUtilities/GoogleUtilities/UserDefaults/Public/GoogleUtilities-UserDefaults.modulemap",
					"-Xcc",
					"-fmodule-map-file=$(SRCROOT)/../../Tuist/Dependencies/SwiftPackageManager/.build/checkouts/firebase-ios-sdk/CoreOnly/Sources/module.modulemap",
					"-Xcc",
					"-fmodule-map-file=$(SRCROOT)/../../Tuist/Dependencies/SwiftPackageManager/.build/checkouts/firebase-ios-sdk/Firebase/CoreDiagnostics/FIRCDLibrary/FirebaseCoreDiagnostics.modulemap",
					"-Xcc",
					"-fmodule-map-file=$(SRCROOT)/../../Tuist/Dependencies/SwiftPackageManager/.build/checkouts/firebase-ios-sdk/FirebaseAnalyticsWrapper/include/FirebaseAnalyticsWrapper.modulemap",
					"-Xcc",
					"-fmodule-map-file=$(SRCROOT)/../../Tuist/Dependencies/SwiftPackageManager/.build/checkouts/firebase-ios-sdk/SwiftPM-PlatformExclude/FirebaseAnalyticsWrap/include/FirebaseAnalyticsTarget.modulemap",
					"-Xcc",
					"-fmodule-map-file=$(SRCROOT)/../../Tuist/Dependencies/SwiftPackageManager/.build/checkouts/firebase-ios-sdk/SwiftPM-PlatformExclude/FirebaseDynamicLinksWrap/include/FirebaseDynamicLinksTarget.modulemap",
					"-Xcc",
					"-fmodule-map-file=$(SRCROOT)/../../Tuist/Dependencies/SwiftPackageManager/.build/checkouts/nanopb/spm_headers/nanopb.modulemap",
					"-Xcc",
					"-fmodule-map-file=$(SRCROOT)/../../Tuist/Dependencies/SwiftPackageManager/.build/checkouts/promises/Sources/FBLPromises/include/module.modulemap",
				);
				PRODUCT_BUNDLE_IDENTIFIER = com.yeoboya.Harmony.Core;
				PRODUCT_NAME = Core;
				SDKROOT = iphoneos;
				SKIP_INSTALL = YES;
				SUPPORTS_MACCATALYST = NO;
				SWIFT_COMPILATION_MODE = wholemodule;
				SWIFT_OPTIMIZATION_LEVEL = "-Owholemodule";
				SWIFT_VERSION = 5.0;
				TARGETED_DEVICE_FAMILY = "1,2";
				VERSIONING_SYSTEM = "apple-generic";
				VERSION_INFO_PREFIX = "";
			};
			name = Release;
		};
/* End XCBuildConfiguration section */

/* Begin XCConfigurationList section */
		4EBE82DE9849E8F47BAECD7B /* Build configuration list for PBXProject "Core" */ = {
			isa = XCConfigurationList;
			buildConfigurations = (
				B3E6110DD65039BABE6B7C66 /* Debug */,
				05F3645B69532A03E3860450 /* Release */,
			);
			defaultConfigurationIsVisible = 0;
			defaultConfigurationName = Release;
		};
		98830250AF7B3CEC34690D43 /* Build configuration list for PBXNativeTarget "Core" */ = {
			isa = XCConfigurationList;
			buildConfigurations = (
				C6F0DD24793DC9075B33338B /* Debug */,
				F2BF94242B2654F7A820405E /* Release */,
			);
			defaultConfigurationIsVisible = 0;
			defaultConfigurationName = Release;
		};
/* End XCConfigurationList section */

/* Begin XCRemoteSwiftPackageReference section */
		E44DA51B234E5E4F99909295 /* XCRemoteSwiftPackageReference "GoogleSignIn-iOS" */ = {
			isa = XCRemoteSwiftPackageReference;
			repositoryURL = "https://github.com/google/GoogleSignIn-iOS";
			requirement = {
				kind = upToNextMajorVersion;
				minimumVersion = 7.0.0;
			};
		};
/* End XCRemoteSwiftPackageReference section */
	};
	rootObject = 83ADD9484DDC11E75E9F182F /* Project object */;
}
